// !$*UTF8*$!
{
	archiveVersion = 1;
	classes = {
	};
	objectVersion = 50;
	objects = {

/* Begin PBXBuildFile section */
		801C65CA243A7F080073ED5A /* MusicLibraryView.swift in Sources */ = {isa = PBXBuildFile; fileRef = 801C65C9243A7F080073ED5A /* MusicLibraryView.swift */; };
		801C65CC243A8D8B0073ED5A /* MusicLibrary.swift in Sources */ = {isa = PBXBuildFile; fileRef = 801C65CB243A8D8B0073ED5A /* MusicLibrary.swift */; };
		80B9073A243A68F700D25F27 /* MainMenu.swift in Sources */ = {isa = PBXBuildFile; fileRef = 80B9072B243A68F700D25F27 /* MainMenu.swift */; };
		80B9073B243A68F700D25F27 /* EffectWindowController.swift in Sources */ = {isa = PBXBuildFile; fileRef = 80B9072C243A68F700D25F27 /* EffectWindowController.swift */; };
		80B9073C243A68F700D25F27 /* main.swift in Sources */ = {isa = PBXBuildFile; fileRef = 80B9072D243A68F700D25F27 /* main.swift */; };
		80B9073E243A68F700D25F27 /* MainViewController.swift in Sources */ = {isa = PBXBuildFile; fileRef = 80B9072F243A68F700D25F27 /* MainViewController.swift */; };
		80B9073F243A68F700D25F27 /* PlaybackEngine.swift in Sources */ = {isa = PBXBuildFile; fileRef = 80B90731243A68F700D25F27 /* PlaybackEngine.swift */; };
		80B90740243A68F700D25F27 /* MainViewUIModel.swift in Sources */ = {isa = PBXBuildFile; fileRef = 80B90732243A68F700D25F27 /* MainViewUIModel.swift */; };
		80B90741243A68F700D25F27 /* TitlebarViewController.swift in Sources */ = {isa = PBXBuildFile; fileRef = 80B90733243A68F700D25F27 /* TitlebarViewController.swift */; };
		80B90742243A68F700D25F27 /* MediaItemView.swift in Sources */ = {isa = PBXBuildFile; fileRef = 80B90734243A68F700D25F27 /* MediaItemView.swift */; };
		80B90743243A68F700D25F27 /* MainToolbar.swift in Sources */ = {isa = PBXBuildFile; fileRef = 80B90735243A68F700D25F27 /* MainToolbar.swift */; };
		80B90744243A68F700D25F27 /* MainToolbar.Event.swift in Sources */ = {isa = PBXBuildFile; fileRef = 80B90736243A68F700D25F27 /* MainToolbar.Event.swift */; };
		80B90745243A68F700D25F27 /* PlaybackEngineContext.swift in Sources */ = {isa = PBXBuildFile; fileRef = 80B90737243A68F700D25F27 /* PlaybackEngineContext.swift */; };
		80B90746243A68F700D25F27 /* ControlIcon.swift in Sources */ = {isa = PBXBuildFile; fileRef = 80B90738243A68F700D25F27 /* ControlIcon.swift */; };
		80B90747243A68F700D25F27 /* Application.swift in Sources */ = {isa = PBXBuildFile; fileRef = 80B90739243A68F700D25F27 /* Application.swift */; };
		80B9074A243A690400D25F27 /* Assets.xcassets in Resources */ = {isa = PBXBuildFile; fileRef = 80B90749243A690400D25F27 /* Assets.xcassets */; };
		80FED9C3248BFB37005C565A /* libmcAppKitMedia.a in Frameworks */ = {isa = PBXBuildFile; fileRef = 80FED9A6248BFB37005C565A /* libmcAppKitMedia.a */; };
		80FED9C4248BFB37005C565A /* libmcAppScaffold.a in Frameworks */ = {isa = PBXBuildFile; fileRef = 80FED961248BF603005C565A /* libmcAppScaffold.a */; };
		80FED9C5248BFB37005C565A /* libmcConcurrencyLocking.a in Frameworks */ = {isa = PBXBuildFile; fileRef = 80FED965248BF603005C565A /* libmcConcurrencyLocking.a */; };
		80FED9C6248BFB37005C565A /* libmcConcurrencyOC.a in Frameworks */ = {isa = PBXBuildFile; fileRef = 80FED9AA248BFB37005C565A /* libmcConcurrencyOC.a */; };
		80FED9C7248BFB37005C565A /* libmcFoundation.a in Frameworks */ = {isa = PBXBuildFile; fileRef = 80FED9B2248BFB37005C565A /* libmcFoundation.a */; };
		80FED9C8248BFB37005C565A /* libmcFoundationExtensions.a in Frameworks */ = {isa = PBXBuildFile; fileRef = 80FED969248BF603005C565A /* libmcFoundationExtensions.a */; };
		80FED9C9248BFB37005C565A /* libmcFoundationLogging.a in Frameworks */ = {isa = PBXBuildFile; fileRef = 80FED96D248BF603005C565A /* libmcFoundationLogging.a */; };
		80FED9CA248BFB37005C565A /* libmcFoundationObservables.a in Frameworks */ = {isa = PBXBuildFile; fileRef = 80FED971248BF603005C565A /* libmcFoundationObservables.a */; };
		80FED9CB248BFB37005C565A /* libmcFoundationTestability.a in Frameworks */ = {isa = PBXBuildFile; fileRef = 80FED9AE248BFB37005C565A /* libmcFoundationTestability.a */; };
		80FED9CC248BFB37005C565A /* libmcGraphicsExtensions.a in Frameworks */ = {isa = PBXBuildFile; fileRef = 80FED975248BF603005C565A /* libmcGraphicsExtensions.a */; };
		80FED9CD248BFB37005C565A /* libmcMath.a in Frameworks */ = {isa = PBXBuildFile; fileRef = 80FED9B6248BFB37005C565A /* libmcMath.a */; };
		80FED9CE248BFB37005C565A /* libmcMedia.a in Frameworks */ = {isa = PBXBuildFile; fileRef = 80FED9C2248BFB37005C565A /* libmcMedia.a */; };
		80FED9CF248BFB37005C565A /* libmcMediaAU.a in Frameworks */ = {isa = PBXBuildFile; fileRef = 80FED9BA248BFB37005C565A /* libmcMediaAU.a */; };
		80FED9D0248BFB37005C565A /* libmcMediaExtensions.a in Frameworks */ = {isa = PBXBuildFile; fileRef = 80FED9BE248BFB37005C565A /* libmcMediaExtensions.a */; };
		80FED9D1248BFB37005C565A /* libmcRuntime.a in Frameworks */ = {isa = PBXBuildFile; fileRef = 80FED979248BF603005C565A /* libmcRuntime.a */; };
		80FED9D2248BFB37005C565A /* libmcTypes.a in Frameworks */ = {isa = PBXBuildFile; fileRef = 80FED97D248BF603005C565A /* libmcTypes.a */; };
		80FED9D3248BFB37005C565A /* libmcTypography.a in Frameworks */ = {isa = PBXBuildFile; fileRef = 80FED981248BF603005C565A /* libmcTypography.a */; };
		80FED9D4248BFB37005C565A /* libmcUI.a in Frameworks */ = {isa = PBXBuildFile; fileRef = 80FED98D248BF603005C565A /* libmcUI.a */; };
		80FED9D5248BFB37005C565A /* libmcUIExtensions.a in Frameworks */ = {isa = PBXBuildFile; fileRef = 80FED985248BF603005C565A /* libmcUIExtensions.a */; };
		80FED9D6248BFB37005C565A /* libmcUIReusable.a in Frameworks */ = {isa = PBXBuildFile; fileRef = 80FED989248BF603005C565A /* libmcUIReusable.a */; };
/* End PBXBuildFile section */

/* Begin PBXContainerItemProxy section */
		80FED95E248BF603005C565A /* PBXContainerItemProxy */ = {
			isa = PBXContainerItemProxy;
			containerPortal = 80FED942248BF602005C565A /* Shared.xcodeproj */;
			proxyType = 2;
			remoteGlobalIDString = 99706185FA5F4D2E28B8738E;
			remoteInfo = mcAppScaffold_iOS;
		};
		80FED960248BF603005C565A /* PBXContainerItemProxy */ = {
			isa = PBXContainerItemProxy;
			containerPortal = 80FED942248BF602005C565A /* Shared.xcodeproj */;
			proxyType = 2;
			remoteGlobalIDString = 92585D10731373017F9F5CB7;
			remoteInfo = mcAppScaffold_macOS;
		};
		80FED962248BF603005C565A /* PBXContainerItemProxy */ = {
			isa = PBXContainerItemProxy;
			containerPortal = 80FED942248BF602005C565A /* Shared.xcodeproj */;
			proxyType = 2;
			remoteGlobalIDString = DE45CBA3602B89ED35C67536;
			remoteInfo = mcConcurrencyLocking_iOS;
		};
		80FED964248BF603005C565A /* PBXContainerItemProxy */ = {
			isa = PBXContainerItemProxy;
			containerPortal = 80FED942248BF602005C565A /* Shared.xcodeproj */;
			proxyType = 2;
			remoteGlobalIDString = A3D15361A77D9ACEDB68B279;
			remoteInfo = mcConcurrencyLocking_macOS;
		};
		80FED966248BF603005C565A /* PBXContainerItemProxy */ = {
			isa = PBXContainerItemProxy;
			containerPortal = 80FED942248BF602005C565A /* Shared.xcodeproj */;
			proxyType = 2;
			remoteGlobalIDString = 8C43A767B5FFBCEA5FD81BCB;
			remoteInfo = mcFoundationExtensions_iOS;
		};
		80FED968248BF603005C565A /* PBXContainerItemProxy */ = {
			isa = PBXContainerItemProxy;
			containerPortal = 80FED942248BF602005C565A /* Shared.xcodeproj */;
			proxyType = 2;
			remoteGlobalIDString = B1BECB85E82315FFD82A5569;
			remoteInfo = mcFoundationExtensions_macOS;
		};
		80FED96A248BF603005C565A /* PBXContainerItemProxy */ = {
			isa = PBXContainerItemProxy;
			containerPortal = 80FED942248BF602005C565A /* Shared.xcodeproj */;
			proxyType = 2;
			remoteGlobalIDString = 10C974B67C0B750EE6366A96;
			remoteInfo = mcFoundationLogging_iOS;
		};
		80FED96C248BF603005C565A /* PBXContainerItemProxy */ = {
			isa = PBXContainerItemProxy;
			containerPortal = 80FED942248BF602005C565A /* Shared.xcodeproj */;
			proxyType = 2;
			remoteGlobalIDString = 5662130C1E007D386606EDB0;
			remoteInfo = mcFoundationLogging_macOS;
		};
		80FED96E248BF603005C565A /* PBXContainerItemProxy */ = {
			isa = PBXContainerItemProxy;
			containerPortal = 80FED942248BF602005C565A /* Shared.xcodeproj */;
			proxyType = 2;
			remoteGlobalIDString = B111C7875B65B10AB1BCCAAF;
			remoteInfo = mcFoundationObservables_iOS;
		};
		80FED970248BF603005C565A /* PBXContainerItemProxy */ = {
			isa = PBXContainerItemProxy;
			containerPortal = 80FED942248BF602005C565A /* Shared.xcodeproj */;
			proxyType = 2;
			remoteGlobalIDString = 208D29132DD9B51A70046AA7;
			remoteInfo = mcFoundationObservables_macOS;
		};
		80FED972248BF603005C565A /* PBXContainerItemProxy */ = {
			isa = PBXContainerItemProxy;
			containerPortal = 80FED942248BF602005C565A /* Shared.xcodeproj */;
			proxyType = 2;
			remoteGlobalIDString = 1A455D6DCCF27861B1B38E30;
			remoteInfo = mcGraphicsExtensions_iOS;
		};
		80FED974248BF603005C565A /* PBXContainerItemProxy */ = {
			isa = PBXContainerItemProxy;
			containerPortal = 80FED942248BF602005C565A /* Shared.xcodeproj */;
			proxyType = 2;
			remoteGlobalIDString = CE62E2CD798BC381FDBFAA09;
			remoteInfo = mcGraphicsExtensions_macOS;
		};
		80FED976248BF603005C565A /* PBXContainerItemProxy */ = {
			isa = PBXContainerItemProxy;
			containerPortal = 80FED942248BF602005C565A /* Shared.xcodeproj */;
			proxyType = 2;
			remoteGlobalIDString = 4DBA5BCE0DDE9C0AC1117A0A;
			remoteInfo = mcRuntime_iOS;
		};
		80FED978248BF603005C565A /* PBXContainerItemProxy */ = {
			isa = PBXContainerItemProxy;
			containerPortal = 80FED942248BF602005C565A /* Shared.xcodeproj */;
			proxyType = 2;
			remoteGlobalIDString = CBE79C50AA18DFBDD665FC84;
			remoteInfo = mcRuntime_macOS;
		};
		80FED97A248BF603005C565A /* PBXContainerItemProxy */ = {
			isa = PBXContainerItemProxy;
			containerPortal = 80FED942248BF602005C565A /* Shared.xcodeproj */;
			proxyType = 2;
			remoteGlobalIDString = 38E108B22154C8760CAD419B;
			remoteInfo = mcTypes_iOS;
		};
		80FED97C248BF603005C565A /* PBXContainerItemProxy */ = {
			isa = PBXContainerItemProxy;
			containerPortal = 80FED942248BF602005C565A /* Shared.xcodeproj */;
			proxyType = 2;
			remoteGlobalIDString = D09244D8DABA6A36E7BFCA01;
			remoteInfo = mcTypes_macOS;
		};
		80FED97E248BF603005C565A /* PBXContainerItemProxy */ = {
			isa = PBXContainerItemProxy;
			containerPortal = 80FED942248BF602005C565A /* Shared.xcodeproj */;
			proxyType = 2;
			remoteGlobalIDString = B1912F48DEF02D8C8C8EC410;
			remoteInfo = mcTypography_iOS;
		};
		80FED980248BF603005C565A /* PBXContainerItemProxy */ = {
			isa = PBXContainerItemProxy;
			containerPortal = 80FED942248BF602005C565A /* Shared.xcodeproj */;
			proxyType = 2;
			remoteGlobalIDString = D2B69D982E5329D658B03F54;
			remoteInfo = mcTypography_macOS;
		};
		80FED982248BF603005C565A /* PBXContainerItemProxy */ = {
			isa = PBXContainerItemProxy;
			containerPortal = 80FED942248BF602005C565A /* Shared.xcodeproj */;
			proxyType = 2;
			remoteGlobalIDString = B6EA6C9F1ED183ECCDD8DC50;
			remoteInfo = mcUIExtensions_iOS;
		};
		80FED984248BF603005C565A /* PBXContainerItemProxy */ = {
			isa = PBXContainerItemProxy;
			containerPortal = 80FED942248BF602005C565A /* Shared.xcodeproj */;
			proxyType = 2;
			remoteGlobalIDString = 1A94714A126250FEB34EFC7D;
			remoteInfo = mcUIExtensions_macOS;
		};
		80FED986248BF603005C565A /* PBXContainerItemProxy */ = {
			isa = PBXContainerItemProxy;
			containerPortal = 80FED942248BF602005C565A /* Shared.xcodeproj */;
			proxyType = 2;
			remoteGlobalIDString = 22C415A4D94F7D2A797853AC;
			remoteInfo = mcUIReusable_iOS;
		};
		80FED988248BF603005C565A /* PBXContainerItemProxy */ = {
			isa = PBXContainerItemProxy;
			containerPortal = 80FED942248BF602005C565A /* Shared.xcodeproj */;
			proxyType = 2;
			remoteGlobalIDString = 0DD01EDA6E1EF7991C4343B8;
			remoteInfo = mcUIReusable_macOS;
		};
		80FED98A248BF603005C565A /* PBXContainerItemProxy */ = {
			isa = PBXContainerItemProxy;
			containerPortal = 80FED942248BF602005C565A /* Shared.xcodeproj */;
			proxyType = 2;
			remoteGlobalIDString = 7068891E4BA3BB06A13E1AAF;
			remoteInfo = mcUI_iOS;
		};
		80FED98C248BF603005C565A /* PBXContainerItemProxy */ = {
			isa = PBXContainerItemProxy;
			containerPortal = 80FED942248BF602005C565A /* Shared.xcodeproj */;
			proxyType = 2;
			remoteGlobalIDString = 34463D5649D92182348A13DE;
			remoteInfo = mcUI_macOS;
		};
		80FED98E248BF60C005C565A /* PBXContainerItemProxy */ = {
			isa = PBXContainerItemProxy;
			containerPortal = 80FED942248BF602005C565A /* Shared.xcodeproj */;
			proxyType = 1;
			remoteGlobalIDString = 85CA98C059B40D950DCD0CC7;
			remoteInfo = Shared;
		};
		80FED9A3248BFB37005C565A /* PBXContainerItemProxy */ = {
			isa = PBXContainerItemProxy;
			containerPortal = 80FED942248BF602005C565A /* Shared.xcodeproj */;
			proxyType = 2;
			remoteGlobalIDString = AAFD3F911B1A5106B58F81BA;
			remoteInfo = mcAppKitMedia_iOS;
		};
		80FED9A5248BFB37005C565A /* PBXContainerItemProxy */ = {
			isa = PBXContainerItemProxy;
			containerPortal = 80FED942248BF602005C565A /* Shared.xcodeproj */;
			proxyType = 2;
			remoteGlobalIDString = C465C024372B153459CD7AE2;
			remoteInfo = mcAppKitMedia_macOS;
		};
		80FED9A7248BFB37005C565A /* PBXContainerItemProxy */ = {
			isa = PBXContainerItemProxy;
			containerPortal = 80FED942248BF602005C565A /* Shared.xcodeproj */;
			proxyType = 2;
			remoteGlobalIDString = F8F6F6DA60F9D730DF879D66;
			remoteInfo = mcConcurrencyOC_iOS;
		};
		80FED9A9248BFB37005C565A /* PBXContainerItemProxy */ = {
			isa = PBXContainerItemProxy;
			containerPortal = 80FED942248BF602005C565A /* Shared.xcodeproj */;
			proxyType = 2;
			remoteGlobalIDString = E7993C64D3696929858F4B38;
			remoteInfo = mcConcurrencyOC_macOS;
		};
		80FED9AB248BFB37005C565A /* PBXContainerItemProxy */ = {
			isa = PBXContainerItemProxy;
			containerPortal = 80FED942248BF602005C565A /* Shared.xcodeproj */;
			proxyType = 2;
			remoteGlobalIDString = 3D6B671042DEED4380C165C5;
			remoteInfo = mcFoundationTestability_iOS;
		};
		80FED9AD248BFB37005C565A /* PBXContainerItemProxy */ = {
			isa = PBXContainerItemProxy;
			containerPortal = 80FED942248BF602005C565A /* Shared.xcodeproj */;
			proxyType = 2;
			remoteGlobalIDString = A204176EAED482CB45997CBB;
			remoteInfo = mcFoundationTestability_macOS;
		};
		80FED9AF248BFB37005C565A /* PBXContainerItemProxy */ = {
			isa = PBXContainerItemProxy;
			containerPortal = 80FED942248BF602005C565A /* Shared.xcodeproj */;
			proxyType = 2;
			remoteGlobalIDString = 162B273DC3D4DDA1F581FAA5;
			remoteInfo = mcFoundation_iOS;
		};
		80FED9B1248BFB37005C565A /* PBXContainerItemProxy */ = {
			isa = PBXContainerItemProxy;
			containerPortal = 80FED942248BF602005C565A /* Shared.xcodeproj */;
			proxyType = 2;
			remoteGlobalIDString = 94A09449D4D61ED03365C4DF;
			remoteInfo = mcFoundation_macOS;
		};
		80FED9B3248BFB37005C565A /* PBXContainerItemProxy */ = {
			isa = PBXContainerItemProxy;
			containerPortal = 80FED942248BF602005C565A /* Shared.xcodeproj */;
			proxyType = 2;
			remoteGlobalIDString = 42BC349D601BC034EEBE7C01;
			remoteInfo = mcMath_iOS;
		};
		80FED9B5248BFB37005C565A /* PBXContainerItemProxy */ = {
			isa = PBXContainerItemProxy;
			containerPortal = 80FED942248BF602005C565A /* Shared.xcodeproj */;
			proxyType = 2;
			remoteGlobalIDString = B918ABC83EE699C821952ECF;
			remoteInfo = mcMath_macOS;
		};
		80FED9B7248BFB37005C565A /* PBXContainerItemProxy */ = {
			isa = PBXContainerItemProxy;
			containerPortal = 80FED942248BF602005C565A /* Shared.xcodeproj */;
			proxyType = 2;
			remoteGlobalIDString = 1D44CEFB6F14B419812AEAC0;
			remoteInfo = mcMediaAU_iOS;
		};
		80FED9B9248BFB37005C565A /* PBXContainerItemProxy */ = {
			isa = PBXContainerItemProxy;
			containerPortal = 80FED942248BF602005C565A /* Shared.xcodeproj */;
			proxyType = 2;
			remoteGlobalIDString = 24A11929474372309E11B4FB;
			remoteInfo = mcMediaAU_macOS;
		};
		80FED9BB248BFB37005C565A /* PBXContainerItemProxy */ = {
			isa = PBXContainerItemProxy;
			containerPortal = 80FED942248BF602005C565A /* Shared.xcodeproj */;
			proxyType = 2;
			remoteGlobalIDString = 5A9BCF68B319F1DB0C8093CA;
			remoteInfo = mcMediaExtensions_iOS;
		};
		80FED9BD248BFB37005C565A /* PBXContainerItemProxy */ = {
			isa = PBXContainerItemProxy;
			containerPortal = 80FED942248BF602005C565A /* Shared.xcodeproj */;
			proxyType = 2;
			remoteGlobalIDString = 85A3907B0110B49C0F4C3F32;
			remoteInfo = mcMediaExtensions_macOS;
		};
		80FED9BF248BFB37005C565A /* PBXContainerItemProxy */ = {
			isa = PBXContainerItemProxy;
			containerPortal = 80FED942248BF602005C565A /* Shared.xcodeproj */;
			proxyType = 2;
			remoteGlobalIDString = AF75CC2312DAA90CFA73A8A7;
			remoteInfo = mcMedia_iOS;
		};
		80FED9C1248BFB37005C565A /* PBXContainerItemProxy */ = {
			isa = PBXContainerItemProxy;
			containerPortal = 80FED942248BF602005C565A /* Shared.xcodeproj */;
			proxyType = 2;
			remoteGlobalIDString = 477C7BC780D53F90E6D5D849;
			remoteInfo = mcMedia_macOS;
		};
/* End PBXContainerItemProxy section */

/* Begin PBXFileReference section */
		801C65C9243A7F080073ED5A /* MusicLibraryView.swift */ = {isa = PBXFileReference; lastKnownFileType = sourcecode.swift; path = MusicLibraryView.swift; sourceTree = "<group>"; };
		801C65CB243A8D8B0073ED5A /* MusicLibrary.swift */ = {isa = PBXFileReference; lastKnownFileType = sourcecode.swift; path = MusicLibrary.swift; sourceTree = "<group>"; };
		80B9072B243A68F700D25F27 /* MainMenu.swift */ = {isa = PBXFileReference; fileEncoding = 4; lastKnownFileType = sourcecode.swift; path = MainMenu.swift; sourceTree = "<group>"; };
		80B9072C243A68F700D25F27 /* EffectWindowController.swift */ = {isa = PBXFileReference; fileEncoding = 4; lastKnownFileType = sourcecode.swift; path = EffectWindowController.swift; sourceTree = "<group>"; };
		80B9072D243A68F700D25F27 /* main.swift */ = {isa = PBXFileReference; fileEncoding = 4; lastKnownFileType = sourcecode.swift; path = main.swift; sourceTree = "<group>"; };
		80B9072F243A68F700D25F27 /* MainViewController.swift */ = {isa = PBXFileReference; fileEncoding = 4; lastKnownFileType = sourcecode.swift; path = MainViewController.swift; sourceTree = "<group>"; };
		80B90731243A68F700D25F27 /* PlaybackEngine.swift */ = {isa = PBXFileReference; fileEncoding = 4; lastKnownFileType = sourcecode.swift; path = PlaybackEngine.swift; sourceTree = "<group>"; };
		80B90732243A68F700D25F27 /* MainViewUIModel.swift */ = {isa = PBXFileReference; fileEncoding = 4; lastKnownFileType = sourcecode.swift; path = MainViewUIModel.swift; sourceTree = "<group>"; };
		80B90733243A68F700D25F27 /* TitlebarViewController.swift */ = {isa = PBXFileReference; fileEncoding = 4; lastKnownFileType = sourcecode.swift; path = TitlebarViewController.swift; sourceTree = "<group>"; };
		80B90734243A68F700D25F27 /* MediaItemView.swift */ = {isa = PBXFileReference; fileEncoding = 4; lastKnownFileType = sourcecode.swift; path = MediaItemView.swift; sourceTree = "<group>"; };
		80B90735243A68F700D25F27 /* MainToolbar.swift */ = {isa = PBXFileReference; fileEncoding = 4; lastKnownFileType = sourcecode.swift; path = MainToolbar.swift; sourceTree = "<group>"; };
		80B90736243A68F700D25F27 /* MainToolbar.Event.swift */ = {isa = PBXFileReference; fileEncoding = 4; lastKnownFileType = sourcecode.swift; path = MainToolbar.Event.swift; sourceTree = "<group>"; };
		80B90737243A68F700D25F27 /* PlaybackEngineContext.swift */ = {isa = PBXFileReference; fileEncoding = 4; lastKnownFileType = sourcecode.swift; path = PlaybackEngineContext.swift; sourceTree = "<group>"; };
		80B90738243A68F700D25F27 /* ControlIcon.swift */ = {isa = PBXFileReference; fileEncoding = 4; lastKnownFileType = sourcecode.swift; path = ControlIcon.swift; sourceTree = "<group>"; };
		80B90739243A68F700D25F27 /* Application.swift */ = {isa = PBXFileReference; fileEncoding = 4; lastKnownFileType = sourcecode.swift; path = Application.swift; sourceTree = "<group>"; };
		80B90749243A690400D25F27 /* Assets.xcassets */ = {isa = PBXFileReference; lastKnownFileType = folder.assetcatalog; path = Assets.xcassets; sourceTree = "<group>"; };
		80B9074C243A695D00D25F27 /* README.md */ = {isa = PBXFileReference; lastKnownFileType = net.daringfireball.markdown; path = README.md; sourceTree = "<group>"; };
		80FED941248BF5F6005C565A /* project.yml */ = {isa = PBXFileReference; lastKnownFileType = text.yaml; path = project.yml; sourceTree = "<group>"; };
		80FED942248BF602005C565A /* Shared.xcodeproj */ = {isa = PBXFileReference; lastKnownFileType = "wrapper.pb-project"; path = Shared.xcodeproj; sourceTree = "<group>"; };
		80FED990248BF61B005C565A /* App-macOS.xcconfig */ = {isa = PBXFileReference; lastKnownFileType = text.xcconfig; path = "App-macOS.xcconfig"; sourceTree = "<group>"; };
		FR_841D6038D586FF02D462ABBC1060950B /* Version.xcconfig */ = {isa = PBXFileReference; explicitFileType = text.xcconfig; path = Version.xcconfig; sourceTree = "<group>"; };
		FR_C06621CB613DFA14910EBB557A516DEC /* AUHost.app */ = {isa = PBXFileReference; explicitFileType = wrapper.application; includeInIndex = 0; path = AUHost.app; sourceTree = BUILT_PRODUCTS_DIR; };
		FR_C5B3C62711608CAD1642BB7A813DC0A9 /* Project.xcconfig */ = {isa = PBXFileReference; explicitFileType = text.xcconfig; path = Project.xcconfig; sourceTree = "<group>"; };
/* End PBXFileReference section */

/* Begin PBXFrameworksBuildPhase section */
		80E502EE2401E3900075AD72 /* Frameworks */ = {
			isa = PBXFrameworksBuildPhase;
			buildActionMask = 2147483647;
			files = (
				80FED9C3248BFB37005C565A /* libmcAppKitMedia.a in Frameworks */,
				80FED9C4248BFB37005C565A /* libmcAppScaffold.a in Frameworks */,
				80FED9C5248BFB37005C565A /* libmcConcurrencyLocking.a in Frameworks */,
				80FED9C6248BFB37005C565A /* libmcConcurrencyOC.a in Frameworks */,
				80FED9C7248BFB37005C565A /* libmcFoundation.a in Frameworks */,
				80FED9C8248BFB37005C565A /* libmcFoundationExtensions.a in Frameworks */,
				80FED9C9248BFB37005C565A /* libmcFoundationLogging.a in Frameworks */,
				80FED9CA248BFB37005C565A /* libmcFoundationObservables.a in Frameworks */,
				80FED9CB248BFB37005C565A /* libmcFoundationTestability.a in Frameworks */,
				80FED9CC248BFB37005C565A /* libmcGraphicsExtensions.a in Frameworks */,
				80FED9CD248BFB37005C565A /* libmcMath.a in Frameworks */,
				80FED9CE248BFB37005C565A /* libmcMedia.a in Frameworks */,
				80FED9CF248BFB37005C565A /* libmcMediaAU.a in Frameworks */,
				80FED9D0248BFB37005C565A /* libmcMediaExtensions.a in Frameworks */,
				80FED9D1248BFB37005C565A /* libmcRuntime.a in Frameworks */,
				80FED9D2248BFB37005C565A /* libmcTypes.a in Frameworks */,
				80FED9D3248BFB37005C565A /* libmcTypography.a in Frameworks */,
				80FED9D4248BFB37005C565A /* libmcUI.a in Frameworks */,
				80FED9D5248BFB37005C565A /* libmcUIExtensions.a in Frameworks */,
				80FED9D6248BFB37005C565A /* libmcUIReusable.a in Frameworks */,
			);
			runOnlyForDeploymentPostprocessing = 0;
		};
/* End PBXFrameworksBuildPhase section */

/* Begin PBXGroup section */
		80B90730243A68F700D25F27 /* Common */ = {
			isa = PBXGroup;
			children = (
				80B90731243A68F700D25F27 /* PlaybackEngine.swift */,
				80B90732243A68F700D25F27 /* MainViewUIModel.swift */,
				80B90733243A68F700D25F27 /* TitlebarViewController.swift */,
				80B90734243A68F700D25F27 /* MediaItemView.swift */,
				80B90735243A68F700D25F27 /* MainToolbar.swift */,
				80B90736243A68F700D25F27 /* MainToolbar.Event.swift */,
				80B90737243A68F700D25F27 /* PlaybackEngineContext.swift */,
				80B90738243A68F700D25F27 /* ControlIcon.swift */,
			);
			path = Common;
			sourceTree = "<group>";
		};
		80B90748243A690400D25F27 /* Resources */ = {
			isa = PBXGroup;
			children = (
				80B90749243A690400D25F27 /* Assets.xcassets */,
			);
			path = Resources;
			sourceTree = "<group>";
		};
		80FED943248BF602005C565A /* Products */ = {
			isa = PBXGroup;
			children = (
				80FED9A4248BFB37005C565A /* libmcAppKitMedia.a */,
				80FED9A6248BFB37005C565A /* libmcAppKitMedia.a */,
				80FED95F248BF603005C565A /* libmcAppScaffold.a */,
				80FED961248BF603005C565A /* libmcAppScaffold.a */,
				80FED963248BF603005C565A /* libmcConcurrencyLocking.a */,
				80FED965248BF603005C565A /* libmcConcurrencyLocking.a */,
				80FED9A8248BFB37005C565A /* libmcConcurrencyOC.a */,
				80FED9AA248BFB37005C565A /* libmcConcurrencyOC.a */,
				80FED967248BF603005C565A /* libmcFoundationExtensions.a */,
				80FED969248BF603005C565A /* libmcFoundationExtensions.a */,
				80FED96B248BF603005C565A /* libmcFoundationLogging.a */,
				80FED96D248BF603005C565A /* libmcFoundationLogging.a */,
				80FED96F248BF603005C565A /* libmcFoundationObservables.a */,
				80FED971248BF603005C565A /* libmcFoundationObservables.a */,
				80FED9AC248BFB37005C565A /* libmcFoundationTestability.a */,
				80FED9AE248BFB37005C565A /* libmcFoundationTestability.a */,
				80FED9B0248BFB37005C565A /* libmcFoundation.a */,
				80FED9B2248BFB37005C565A /* libmcFoundation.a */,
				80FED973248BF603005C565A /* libmcGraphicsExtensions.a */,
				80FED975248BF603005C565A /* libmcGraphicsExtensions.a */,
				80FED9B4248BFB37005C565A /* libmcMath.a */,
				80FED9B6248BFB37005C565A /* libmcMath.a */,
				80FED9B8248BFB37005C565A /* libmcMediaAU.a */,
				80FED9BA248BFB37005C565A /* libmcMediaAU.a */,
				80FED9BC248BFB37005C565A /* libmcMediaExtensions.a */,
				80FED9BE248BFB37005C565A /* libmcMediaExtensions.a */,
				80FED9C0248BFB37005C565A /* libmcMedia.a */,
				80FED9C2248BFB37005C565A /* libmcMedia.a */,
				80FED977248BF603005C565A /* libmcRuntime.a */,
				80FED979248BF603005C565A /* libmcRuntime.a */,
				80FED97B248BF603005C565A /* libmcTypes.a */,
				80FED97D248BF603005C565A /* libmcTypes.a */,
				80FED97F248BF603005C565A /* libmcTypography.a */,
				80FED981248BF603005C565A /* libmcTypography.a */,
				80FED983248BF603005C565A /* libmcUIExtensions.a */,
				80FED985248BF603005C565A /* libmcUIExtensions.a */,
				80FED987248BF603005C565A /* libmcUIReusable.a */,
				80FED989248BF603005C565A /* libmcUIReusable.a */,
				80FED98B248BF603005C565A /* libmcUI.a */,
				80FED98D248BF603005C565A /* libmcUI.a */,
			);
			name = Products;
			sourceTree = "<group>";
		};
		80FED992248BFB37005C565A /* Frameworks */ = {
			isa = PBXGroup;
			children = (
			);
			name = Frameworks;
			sourceTree = "<group>";
		};
		G_3021EFC7765F2F4055FE8FA519B59646 /* Products */ = {
			isa = PBXGroup;
			children = (
				FR_C06621CB613DFA14910EBB557A516DEC /* AUHost.app */,
			);
			name = Products;
			sourceTree = "<group>";
		};
		G_4AD27EB67B947494EE1E1B33A1F3ABD8 /* Configuration */ = {
			isa = PBXGroup;
			children = (
				80FED990248BF61B005C565A /* App-macOS.xcconfig */,
				FR_C5B3C62711608CAD1642BB7A813DC0A9 /* Project.xcconfig */,
				FR_841D6038D586FF02D462ABBC1060950B /* Version.xcconfig */,
			);
			path = Configuration;
			sourceTree = "<group>";
		};
		G_5948CC351BA9F1AB7B6EB87B90F159DA = {
			isa = PBXGroup;
			children = (
				80FED942248BF602005C565A /* Shared.xcodeproj */,
				80FED941248BF5F6005C565A /* project.yml */,
				80B9074C243A695D00D25F27 /* README.md */,
				G_4AD27EB67B947494EE1E1B33A1F3ABD8 /* Configuration */,
				80B90748243A690400D25F27 /* Resources */,
				G_C90739D6E114E124833A088F7EE2AF9E /* Sources */,
				G_3021EFC7765F2F4055FE8FA519B59646 /* Products */,
				80FED992248BFB37005C565A /* Frameworks */,
			);
			sourceTree = "<group>";
		};
		G_C90739D6E114E124833A088F7EE2AF9E /* Sources */ = {
			isa = PBXGroup;
			children = (
				80B90730243A68F700D25F27 /* Common */,
				80B90739243A68F700D25F27 /* Application.swift */,
				80B9072C243A68F700D25F27 /* EffectWindowController.swift */,
				80B9072D243A68F700D25F27 /* main.swift */,
				80B9072B243A68F700D25F27 /* MainMenu.swift */,
				80B9072F243A68F700D25F27 /* MainViewController.swift */,
				801C65C9243A7F080073ED5A /* MusicLibraryView.swift */,
				801C65CB243A8D8B0073ED5A /* MusicLibrary.swift */,
			);
			path = Sources;
			sourceTree = "<group>";
		};
/* End PBXGroup section */

/* Begin PBXNativeTarget section */
		NT_95FE89DEDF299FCFA9AB1C71B49D4135 /* AUHost */ = {
			isa = PBXNativeTarget;
			buildConfigurationList = CL_19D6E0D3FCF72FF90786F097CB96B9DD /* Build configuration list for PBXNativeTarget "AUHost" */;
			buildPhases = (
				SBP_EF769EAAC08127686370D94F89DA1AC2 /* Sources */,
				RBP_FDF124685FC2CEDECCE2E2542CE0E6B3 /* Resources */,
				80E502EE2401E3900075AD72 /* Frameworks */,
			);
			buildRules = (
			);
			dependencies = (
				80FED98F248BF60C005C565A /* PBXTargetDependency */,
			);
			name = AUHost;
			packageProductDependencies = (
			);
			productName = AUHost;
			productReference = FR_C06621CB613DFA14910EBB557A516DEC /* AUHost.app */;
			productType = "com.apple.product-type.application";
		};
/* End PBXNativeTarget section */

/* Begin PBXProject section */
		P_FACDA378012DE3A90A786E393CA9AF88 /* Project object */ = {
			isa = PBXProject;
			attributes = {
				LastUpgradeCheck = 1150;
				ORGANIZATIONNAME = WaveLabs;
				TargetAttributes = {
					NT_95FE89DEDF299FCFA9AB1C71B49D4135 = {
						LastSwiftMigration = 1140;
					};
				};
			};
			buildConfigurationList = CL_9A72FCD7FEC7348A2ECDC3AF3DB110BB /* Build configuration list for PBXProject "AUHost" */;
			compatibilityVersion = "Xcode 9.3";
			developmentRegion = en;
			hasScannedForEncodings = 0;
			knownRegions = (
				en,
				Base,
			);
			mainGroup = G_5948CC351BA9F1AB7B6EB87B90F159DA;
			productRefGroup = G_3021EFC7765F2F4055FE8FA519B59646 /* Products */;
			projectDirPath = "";
			projectReferences = (
				{
					ProductGroup = 80FED943248BF602005C565A /* Products */;
					ProjectRef = 80FED942248BF602005C565A /* Shared.xcodeproj */;
				},
			);
			projectRoot = "";
			targets = (
				NT_95FE89DEDF299FCFA9AB1C71B49D4135 /* AUHost */,
			);
		};
/* End PBXProject section */

/* Begin PBXReferenceProxy section */
		80FED95F248BF603005C565A /* libmcAppScaffold.a */ = {
			isa = PBXReferenceProxy;
			fileType = archive.ar;
			path = libmcAppScaffold.a;
			remoteRef = 80FED95E248BF603005C565A /* PBXContainerItemProxy */;
			sourceTree = BUILT_PRODUCTS_DIR;
		};
		80FED961248BF603005C565A /* libmcAppScaffold.a */ = {
			isa = PBXReferenceProxy;
			fileType = archive.ar;
			path = libmcAppScaffold.a;
			remoteRef = 80FED960248BF603005C565A /* PBXContainerItemProxy */;
			sourceTree = BUILT_PRODUCTS_DIR;
		};
		80FED963248BF603005C565A /* libmcConcurrencyLocking.a */ = {
			isa = PBXReferenceProxy;
			fileType = archive.ar;
			path = libmcConcurrencyLocking.a;
			remoteRef = 80FED962248BF603005C565A /* PBXContainerItemProxy */;
			sourceTree = BUILT_PRODUCTS_DIR;
		};
		80FED965248BF603005C565A /* libmcConcurrencyLocking.a */ = {
			isa = PBXReferenceProxy;
			fileType = archive.ar;
			path = libmcConcurrencyLocking.a;
			remoteRef = 80FED964248BF603005C565A /* PBXContainerItemProxy */;
			sourceTree = BUILT_PRODUCTS_DIR;
		};
		80FED967248BF603005C565A /* libmcFoundationExtensions.a */ = {
			isa = PBXReferenceProxy;
			fileType = archive.ar;
			path = libmcFoundationExtensions.a;
			remoteRef = 80FED966248BF603005C565A /* PBXContainerItemProxy */;
			sourceTree = BUILT_PRODUCTS_DIR;
		};
		80FED969248BF603005C565A /* libmcFoundationExtensions.a */ = {
			isa = PBXReferenceProxy;
			fileType = archive.ar;
			path = libmcFoundationExtensions.a;
			remoteRef = 80FED968248BF603005C565A /* PBXContainerItemProxy */;
			sourceTree = BUILT_PRODUCTS_DIR;
		};
		80FED96B248BF603005C565A /* libmcFoundationLogging.a */ = {
			isa = PBXReferenceProxy;
			fileType = archive.ar;
			path = libmcFoundationLogging.a;
			remoteRef = 80FED96A248BF603005C565A /* PBXContainerItemProxy */;
			sourceTree = BUILT_PRODUCTS_DIR;
		};
		80FED96D248BF603005C565A /* libmcFoundationLogging.a */ = {
			isa = PBXReferenceProxy;
			fileType = archive.ar;
			path = libmcFoundationLogging.a;
			remoteRef = 80FED96C248BF603005C565A /* PBXContainerItemProxy */;
			sourceTree = BUILT_PRODUCTS_DIR;
		};
		80FED96F248BF603005C565A /* libmcFoundationObservables.a */ = {
			isa = PBXReferenceProxy;
			fileType = archive.ar;
			path = libmcFoundationObservables.a;
			remoteRef = 80FED96E248BF603005C565A /* PBXContainerItemProxy */;
			sourceTree = BUILT_PRODUCTS_DIR;
		};
		80FED971248BF603005C565A /* libmcFoundationObservables.a */ = {
			isa = PBXReferenceProxy;
			fileType = archive.ar;
			path = libmcFoundationObservables.a;
			remoteRef = 80FED970248BF603005C565A /* PBXContainerItemProxy */;
			sourceTree = BUILT_PRODUCTS_DIR;
		};
		80FED973248BF603005C565A /* libmcGraphicsExtensions.a */ = {
			isa = PBXReferenceProxy;
			fileType = archive.ar;
			path = libmcGraphicsExtensions.a;
			remoteRef = 80FED972248BF603005C565A /* PBXContainerItemProxy */;
			sourceTree = BUILT_PRODUCTS_DIR;
		};
		80FED975248BF603005C565A /* libmcGraphicsExtensions.a */ = {
			isa = PBXReferenceProxy;
			fileType = archive.ar;
			path = libmcGraphicsExtensions.a;
			remoteRef = 80FED974248BF603005C565A /* PBXContainerItemProxy */;
			sourceTree = BUILT_PRODUCTS_DIR;
		};
		80FED977248BF603005C565A /* libmcRuntime.a */ = {
			isa = PBXReferenceProxy;
			fileType = archive.ar;
			path = libmcRuntime.a;
			remoteRef = 80FED976248BF603005C565A /* PBXContainerItemProxy */;
			sourceTree = BUILT_PRODUCTS_DIR;
		};
		80FED979248BF603005C565A /* libmcRuntime.a */ = {
			isa = PBXReferenceProxy;
			fileType = archive.ar;
			path = libmcRuntime.a;
			remoteRef = 80FED978248BF603005C565A /* PBXContainerItemProxy */;
			sourceTree = BUILT_PRODUCTS_DIR;
		};
		80FED97B248BF603005C565A /* libmcTypes.a */ = {
			isa = PBXReferenceProxy;
			fileType = archive.ar;
			path = libmcTypes.a;
			remoteRef = 80FED97A248BF603005C565A /* PBXContainerItemProxy */;
			sourceTree = BUILT_PRODUCTS_DIR;
		};
		80FED97D248BF603005C565A /* libmcTypes.a */ = {
			isa = PBXReferenceProxy;
			fileType = archive.ar;
			path = libmcTypes.a;
			remoteRef = 80FED97C248BF603005C565A /* PBXContainerItemProxy */;
			sourceTree = BUILT_PRODUCTS_DIR;
		};
		80FED97F248BF603005C565A /* libmcTypography.a */ = {
			isa = PBXReferenceProxy;
			fileType = archive.ar;
			path = libmcTypography.a;
			remoteRef = 80FED97E248BF603005C565A /* PBXContainerItemProxy */;
			sourceTree = BUILT_PRODUCTS_DIR;
		};
		80FED981248BF603005C565A /* libmcTypography.a */ = {
			isa = PBXReferenceProxy;
			fileType = archive.ar;
			path = libmcTypography.a;
			remoteRef = 80FED980248BF603005C565A /* PBXContainerItemProxy */;
			sourceTree = BUILT_PRODUCTS_DIR;
		};
		80FED983248BF603005C565A /* libmcUIExtensions.a */ = {
			isa = PBXReferenceProxy;
			fileType = archive.ar;
			path = libmcUIExtensions.a;
			remoteRef = 80FED982248BF603005C565A /* PBXContainerItemProxy */;
			sourceTree = BUILT_PRODUCTS_DIR;
		};
		80FED985248BF603005C565A /* libmcUIExtensions.a */ = {
			isa = PBXReferenceProxy;
			fileType = archive.ar;
			path = libmcUIExtensions.a;
			remoteRef = 80FED984248BF603005C565A /* PBXContainerItemProxy */;
			sourceTree = BUILT_PRODUCTS_DIR;
		};
		80FED987248BF603005C565A /* libmcUIReusable.a */ = {
			isa = PBXReferenceProxy;
			fileType = archive.ar;
			path = libmcUIReusable.a;
			remoteRef = 80FED986248BF603005C565A /* PBXContainerItemProxy */;
			sourceTree = BUILT_PRODUCTS_DIR;
		};
		80FED989248BF603005C565A /* libmcUIReusable.a */ = {
			isa = PBXReferenceProxy;
			fileType = archive.ar;
			path = libmcUIReusable.a;
			remoteRef = 80FED988248BF603005C565A /* PBXContainerItemProxy */;
			sourceTree = BUILT_PRODUCTS_DIR;
		};
		80FED98B248BF603005C565A /* libmcUI.a */ = {
			isa = PBXReferenceProxy;
			fileType = archive.ar;
			path = libmcUI.a;
			remoteRef = 80FED98A248BF603005C565A /* PBXContainerItemProxy */;
			sourceTree = BUILT_PRODUCTS_DIR;
		};
		80FED98D248BF603005C565A /* libmcUI.a */ = {
			isa = PBXReferenceProxy;
			fileType = archive.ar;
			path = libmcUI.a;
			remoteRef = 80FED98C248BF603005C565A /* PBXContainerItemProxy */;
			sourceTree = BUILT_PRODUCTS_DIR;
		};
		80FED9A4248BFB37005C565A /* libmcAppKitMedia.a */ = {
			isa = PBXReferenceProxy;
			fileType = archive.ar;
			path = libmcAppKitMedia.a;
			remoteRef = 80FED9A3248BFB37005C565A /* PBXContainerItemProxy */;
			sourceTree = BUILT_PRODUCTS_DIR;
		};
		80FED9A6248BFB37005C565A /* libmcAppKitMedia.a */ = {
			isa = PBXReferenceProxy;
			fileType = archive.ar;
			path = libmcAppKitMedia.a;
			remoteRef = 80FED9A5248BFB37005C565A /* PBXContainerItemProxy */;
			sourceTree = BUILT_PRODUCTS_DIR;
		};
		80FED9A8248BFB37005C565A /* libmcConcurrencyOC.a */ = {
			isa = PBXReferenceProxy;
			fileType = archive.ar;
			path = libmcConcurrencyOC.a;
			remoteRef = 80FED9A7248BFB37005C565A /* PBXContainerItemProxy */;
			sourceTree = BUILT_PRODUCTS_DIR;
		};
		80FED9AA248BFB37005C565A /* libmcConcurrencyOC.a */ = {
			isa = PBXReferenceProxy;
			fileType = archive.ar;
			path = libmcConcurrencyOC.a;
			remoteRef = 80FED9A9248BFB37005C565A /* PBXContainerItemProxy */;
			sourceTree = BUILT_PRODUCTS_DIR;
		};
		80FED9AC248BFB37005C565A /* libmcFoundationTestability.a */ = {
			isa = PBXReferenceProxy;
			fileType = archive.ar;
			path = libmcFoundationTestability.a;
			remoteRef = 80FED9AB248BFB37005C565A /* PBXContainerItemProxy */;
			sourceTree = BUILT_PRODUCTS_DIR;
		};
		80FED9AE248BFB37005C565A /* libmcFoundationTestability.a */ = {
			isa = PBXReferenceProxy;
			fileType = archive.ar;
			path = libmcFoundationTestability.a;
			remoteRef = 80FED9AD248BFB37005C565A /* PBXContainerItemProxy */;
			sourceTree = BUILT_PRODUCTS_DIR;
		};
		80FED9B0248BFB37005C565A /* libmcFoundation.a */ = {
			isa = PBXReferenceProxy;
			fileType = archive.ar;
			path = libmcFoundation.a;
			remoteRef = 80FED9AF248BFB37005C565A /* PBXContainerItemProxy */;
			sourceTree = BUILT_PRODUCTS_DIR;
		};
		80FED9B2248BFB37005C565A /* libmcFoundation.a */ = {
			isa = PBXReferenceProxy;
			fileType = archive.ar;
			path = libmcFoundation.a;
			remoteRef = 80FED9B1248BFB37005C565A /* PBXContainerItemProxy */;
			sourceTree = BUILT_PRODUCTS_DIR;
		};
		80FED9B4248BFB37005C565A /* libmcMath.a */ = {
			isa = PBXReferenceProxy;
			fileType = archive.ar;
			path = libmcMath.a;
			remoteRef = 80FED9B3248BFB37005C565A /* PBXContainerItemProxy */;
			sourceTree = BUILT_PRODUCTS_DIR;
		};
		80FED9B6248BFB37005C565A /* libmcMath.a */ = {
			isa = PBXReferenceProxy;
			fileType = archive.ar;
			path = libmcMath.a;
			remoteRef = 80FED9B5248BFB37005C565A /* PBXContainerItemProxy */;
			sourceTree = BUILT_PRODUCTS_DIR;
		};
		80FED9B8248BFB37005C565A /* libmcMediaAU.a */ = {
			isa = PBXReferenceProxy;
			fileType = archive.ar;
			path = libmcMediaAU.a;
			remoteRef = 80FED9B7248BFB37005C565A /* PBXContainerItemProxy */;
			sourceTree = BUILT_PRODUCTS_DIR;
		};
		80FED9BA248BFB37005C565A /* libmcMediaAU.a */ = {
			isa = PBXReferenceProxy;
			fileType = archive.ar;
			path = libmcMediaAU.a;
			remoteRef = 80FED9B9248BFB37005C565A /* PBXContainerItemProxy */;
			sourceTree = BUILT_PRODUCTS_DIR;
		};
		80FED9BC248BFB37005C565A /* libmcMediaExtensions.a */ = {
			isa = PBXReferenceProxy;
			fileType = archive.ar;
			path = libmcMediaExtensions.a;
			remoteRef = 80FED9BB248BFB37005C565A /* PBXContainerItemProxy */;
			sourceTree = BUILT_PRODUCTS_DIR;
		};
		80FED9BE248BFB37005C565A /* libmcMediaExtensions.a */ = {
			isa = PBXReferenceProxy;
			fileType = archive.ar;
			path = libmcMediaExtensions.a;
			remoteRef = 80FED9BD248BFB37005C565A /* PBXContainerItemProxy */;
			sourceTree = BUILT_PRODUCTS_DIR;
		};
		80FED9C0248BFB37005C565A /* libmcMedia.a */ = {
			isa = PBXReferenceProxy;
			fileType = archive.ar;
			path = libmcMedia.a;
			remoteRef = 80FED9BF248BFB37005C565A /* PBXContainerItemProxy */;
			sourceTree = BUILT_PRODUCTS_DIR;
		};
		80FED9C2248BFB37005C565A /* libmcMedia.a */ = {
			isa = PBXReferenceProxy;
			fileType = archive.ar;
			path = libmcMedia.a;
			remoteRef = 80FED9C1248BFB37005C565A /* PBXContainerItemProxy */;
			sourceTree = BUILT_PRODUCTS_DIR;
		};
/* End PBXReferenceProxy section */

/* Begin PBXResourcesBuildPhase section */
		RBP_FDF124685FC2CEDECCE2E2542CE0E6B3 /* Resources */ = {
			isa = PBXResourcesBuildPhase;
			buildActionMask = 2147483647;
			files = (
				80B9074A243A690400D25F27 /* Assets.xcassets in Resources */,
			);
			runOnlyForDeploymentPostprocessing = 0;
		};
/* End PBXResourcesBuildPhase section */

/* Begin PBXSourcesBuildPhase section */
		SBP_EF769EAAC08127686370D94F89DA1AC2 /* Sources */ = {
			isa = PBXSourcesBuildPhase;
			buildActionMask = 2147483647;
			files = (
				80B9073B243A68F700D25F27 /* EffectWindowController.swift in Sources */,
				80B90740243A68F700D25F27 /* MainViewUIModel.swift in Sources */,
				80B90743243A68F700D25F27 /* MainToolbar.swift in Sources */,
				801C65CC243A8D8B0073ED5A /* MusicLibrary.swift in Sources */,
				80B90746243A68F700D25F27 /* ControlIcon.swift in Sources */,
				80B90744243A68F700D25F27 /* MainToolbar.Event.swift in Sources */,
				80B9073A243A68F700D25F27 /* MainMenu.swift in Sources */,
				80B9073F243A68F700D25F27 /* PlaybackEngine.swift in Sources */,
				80B9073C243A68F700D25F27 /* main.swift in Sources */,
				80B90747243A68F700D25F27 /* Application.swift in Sources */,
				80B90742243A68F700D25F27 /* MediaItemView.swift in Sources */,
				80B90745243A68F700D25F27 /* PlaybackEngineContext.swift in Sources */,
				801C65CA243A7F080073ED5A /* MusicLibraryView.swift in Sources */,
				80B90741243A68F700D25F27 /* TitlebarViewController.swift in Sources */,
				80B9073E243A68F700D25F27 /* MainViewController.swift in Sources */,
			);
			runOnlyForDeploymentPostprocessing = 0;
		};
/* End PBXSourcesBuildPhase section */

/* Begin PBXTargetDependency section */
		80FED98F248BF60C005C565A /* PBXTargetDependency */ = {
			isa = PBXTargetDependency;
			name = Shared;
			targetProxy = 80FED98E248BF60C005C565A /* PBXContainerItemProxy */;
		};
/* End PBXTargetDependency section */

/* Begin XCBuildConfiguration section */
		BC_21673C41B8BFFE283A0227A74AD603D2 /* Debug */ = {
			isa = XCBuildConfiguration;
			baseConfigurationReference = FR_C5B3C62711608CAD1642BB7A813DC0A9 /* Project.xcconfig */;
			buildSettings = {
			};
			name = Debug;
		};
		BC_2BE53FED6391DCF1333B2966588512C9 /* Release */ = {
			isa = XCBuildConfiguration;
			baseConfigurationReference = 80FED990248BF61B005C565A /* App-macOS.xcconfig */;
			buildSettings = {
				CODE_SIGN_STYLE = Manual;
				DEVELOPMENT_TEAM = "";
				PROVISIONING_PROFILE_SPECIFIER = "";
			};
			name = Release;
		};
		BC_CCBDFFED67340BEA7F2EF621F414F646 /* Debug */ = {
			isa = XCBuildConfiguration;
			baseConfigurationReference = 80FED990248BF61B005C565A /* App-macOS.xcconfig */;
			buildSettings = {
				CODE_SIGN_STYLE = Manual;
				DEVELOPMENT_TEAM = "";
				PROVISIONING_PROFILE_SPECIFIER = "";
			};
			name = Debug;
		};
		BC_DFB86FFF0BED5FCA0AB63417A3F18130 /* Release */ = {
			isa = XCBuildConfiguration;
			baseConfigurationReference = FR_C5B3C62711608CAD1642BB7A813DC0A9 /* Project.xcconfig */;
			buildSettings = {
			};
			name = Release;
		};
/* End XCBuildConfiguration section */

/* Begin XCConfigurationList section */
		CL_19D6E0D3FCF72FF90786F097CB96B9DD /* Build configuration list for PBXNativeTarget "AUHost" */ = {
			isa = XCConfigurationList;
			buildConfigurations = (
				BC_CCBDFFED67340BEA7F2EF621F414F646 /* Debug */,
				BC_2BE53FED6391DCF1333B2966588512C9 /* Release */,
			);
			defaultConfigurationIsVisible = 0;
			defaultConfigurationName = Release;
		};
		CL_9A72FCD7FEC7348A2ECDC3AF3DB110BB /* Build configuration list for PBXProject "AUHost" */ = {
			isa = XCConfigurationList;
			buildConfigurations = (
				BC_21673C41B8BFFE283A0227A74AD603D2 /* Debug */,
				BC_DFB86FFF0BED5FCA0AB63417A3F18130 /* Release */,
			);
			defaultConfigurationIsVisible = 0;
			defaultConfigurationName = Release;
		};
/* End XCConfigurationList section */
	};
	rootObject = P_FACDA378012DE3A90A786E393CA9AF88 /* Project object */;
}
