// !$*UTF8*$!
{
	archiveVersion = 1;
	classes = {
	};
	objectVersion = 50;
	objects = {

/* Begin PBXBuildFile section */
		801C65CA243A7F080073ED5A /* MusicLibraryView.swift in Sources */ = {isa = PBXBuildFile; fileRef = 801C65C9243A7F080073ED5A /* MusicLibraryView.swift */; };
		801C65CC243A8D8B0073ED5A /* MusicLibrary.swift in Sources */ = {isa = PBXBuildFile; fileRef = 801C65CB243A8D8B0073ED5A /* MusicLibrary.swift */; };
		80B4CCDF270101C200E969EE /* libmcxAppKitMedia.a in Frameworks */ = {isa = PBXBuildFile; fileRef = 80B4CCB8270101B300E969EE /* libmcxAppKitMedia.a */; };
		80B4CCE0270101C200E969EE /* libmcxAppScaffold.a in Frameworks */ = {isa = PBXBuildFile; fileRef = 80B4CCBA270101B300E969EE /* libmcxAppScaffold.a */; };
		80B4CCE1270101C200E969EE /* libmcxConcurrencyLocking.a in Frameworks */ = {isa = PBXBuildFile; fileRef = 80B4CCBC270101B300E969EE /* libmcxConcurrencyLocking.a */; };
		80B4CCE2270101C200E969EE /* libmcxConcurrencyOC.a in Frameworks */ = {isa = PBXBuildFile; fileRef = 80B4CCBE270101B300E969EE /* libmcxConcurrencyOC.a */; };
		80B4CCE3270101C200E969EE /* libmcxFoundation.a in Frameworks */ = {isa = PBXBuildFile; fileRef = 80B4CCC0270101B300E969EE /* libmcxFoundation.a */; };
		80B4CCE4270101C200E969EE /* libmcxFoundationExtensions.a in Frameworks */ = {isa = PBXBuildFile; fileRef = 80B4CCC2270101B300E969EE /* libmcxFoundationExtensions.a */; };
		80B4CCE5270101C200E969EE /* libmcxFoundationLogging.a in Frameworks */ = {isa = PBXBuildFile; fileRef = 80B4CCC4270101B300E969EE /* libmcxFoundationLogging.a */; };
		80B4CCE6270101C200E969EE /* libmcxFoundationObservables.a in Frameworks */ = {isa = PBXBuildFile; fileRef = 80B4CCC6270101B300E969EE /* libmcxFoundationObservables.a */; };
		80B4CCE7270101C200E969EE /* libmcxFoundationTestability.a in Frameworks */ = {isa = PBXBuildFile; fileRef = 80B4CCC8270101B300E969EE /* libmcxFoundationTestability.a */; };
		80B4CCE8270101C200E969EE /* libmcxGraphicsExtensions.a in Frameworks */ = {isa = PBXBuildFile; fileRef = 80B4CCCA270101B300E969EE /* libmcxGraphicsExtensions.a */; };
		80B4CCE9270101C200E969EE /* libmcxMath.a in Frameworks */ = {isa = PBXBuildFile; fileRef = 80B4CCCC270101B300E969EE /* libmcxMath.a */; };
		80B4CCEA270101C200E969EE /* libmcxMedia.a in Frameworks */ = {isa = PBXBuildFile; fileRef = 80B4CCCE270101B300E969EE /* libmcxMedia.a */; };
		80B4CCEB270101C200E969EE /* libmcxMediaAU.a in Frameworks */ = {isa = PBXBuildFile; fileRef = 80B4CCD0270101B300E969EE /* libmcxMediaAU.a */; };
		80B4CCEC270101C200E969EE /* libmcxMediaExtensions.a in Frameworks */ = {isa = PBXBuildFile; fileRef = 80B4CCD2270101B300E969EE /* libmcxMediaExtensions.a */; };
		80B4CCED270101C200E969EE /* libmcxRuntime.a in Frameworks */ = {isa = PBXBuildFile; fileRef = 80B4CCD4270101B300E969EE /* libmcxRuntime.a */; };
		80B4CCEE270101C200E969EE /* libmcxTypes.a in Frameworks */ = {isa = PBXBuildFile; fileRef = 80B4CCD6270101B300E969EE /* libmcxTypes.a */; };
		80B4CCEF270101C200E969EE /* libmcxTypography.a in Frameworks */ = {isa = PBXBuildFile; fileRef = 80B4CCD8270101B300E969EE /* libmcxTypography.a */; };
		80B4CCF0270101C200E969EE /* libmcxUI.a in Frameworks */ = {isa = PBXBuildFile; fileRef = 80B4CCDA270101B300E969EE /* libmcxUI.a */; };
		80B4CCF1270101C200E969EE /* libmcxUIExtensions.a in Frameworks */ = {isa = PBXBuildFile; fileRef = 80B4CCDC270101B300E969EE /* libmcxUIExtensions.a */; };
		80B4CCF2270101C200E969EE /* libmcxUIReusable.a in Frameworks */ = {isa = PBXBuildFile; fileRef = 80B4CCDE270101B300E969EE /* libmcxUIReusable.a */; };
		80B9073A243A68F700D25F27 /* MainMenu.swift in Sources */ = {isa = PBXBuildFile; fileRef = 80B9072B243A68F700D25F27 /* MainMenu.swift */; };
		80B9073B243A68F700D25F27 /* EffectWindowController.swift in Sources */ = {isa = PBXBuildFile; fileRef = 80B9072C243A68F700D25F27 /* EffectWindowController.swift */; };
		80B9073C243A68F700D25F27 /* main.swift in Sources */ = {isa = PBXBuildFile; fileRef = 80B9072D243A68F700D25F27 /* main.swift */; };
		80B9073E243A68F700D25F27 /* MainViewController.swift in Sources */ = {isa = PBXBuildFile; fileRef = 80B9072F243A68F700D25F27 /* MainViewController.swift */; };
		80B9073F243A68F700D25F27 /* PlaybackEngine.swift in Sources */ = {isa = PBXBuildFile; fileRef = 80B90731243A68F700D25F27 /* PlaybackEngine.swift */; };
		80B90740243A68F700D25F27 /* MainViewUIModel.swift in Sources */ = {isa = PBXBuildFile; fileRef = 80B90732243A68F700D25F27 /* MainViewUIModel.swift */; };
		80B90741243A68F700D25F27 /* TitlebarViewController.swift in Sources */ = {isa = PBXBuildFile; fileRef = 80B90733243A68F700D25F27 /* TitlebarViewController.swift */; };
		80B90742243A68F700D25F27 /* MediaItemView.swift in Sources */ = {isa = PBXBuildFile; fileRef = 80B90734243A68F700D25F27 /* MediaItemView.swift */; };
		80B90743243A68F700D25F27 /* MainToolbar.swift in Sources */ = {isa = PBXBuildFile; fileRef = 80B90735243A68F700D25F27 /* MainToolbar.swift */; };
		80B90744243A68F700D25F27 /* MainToolbar.Event.swift in Sources */ = {isa = PBXBuildFile; fileRef = 80B90736243A68F700D25F27 /* MainToolbar.Event.swift */; };
		80B90745243A68F700D25F27 /* PlaybackEngineContext.swift in Sources */ = {isa = PBXBuildFile; fileRef = 80B90737243A68F700D25F27 /* PlaybackEngineContext.swift */; };
		80B90746243A68F700D25F27 /* ControlIcon.swift in Sources */ = {isa = PBXBuildFile; fileRef = 80B90738243A68F700D25F27 /* ControlIcon.swift */; };
		80B90747243A68F700D25F27 /* Application.swift in Sources */ = {isa = PBXBuildFile; fileRef = 80B90739243A68F700D25F27 /* Application.swift */; };
		80B9074A243A690400D25F27 /* Assets.xcassets in Resources */ = {isa = PBXBuildFile; fileRef = 80B90749243A690400D25F27 /* Assets.xcassets */; };
/* End PBXBuildFile section */

/* Begin PBXContainerItemProxy section */
		80B4CCB7270101B300E969EE /* PBXContainerItemProxy */ = {
			isa = PBXContainerItemProxy;
			containerPortal = 80FED942248BF602005C565A /* Shared.xcodeproj */;
			proxyType = 2;
			remoteGlobalIDString = 1C7CBC5C91F15EF4E29A5445;
			remoteInfo = mcxAppKitMedia;
		};
		80B4CCB9270101B300E969EE /* PBXContainerItemProxy */ = {
			isa = PBXContainerItemProxy;
			containerPortal = 80FED942248BF602005C565A /* Shared.xcodeproj */;
			proxyType = 2;
			remoteGlobalIDString = BDD991E211C7F0EE75EC15FE;
			remoteInfo = mcxAppScaffold;
		};
		80B4CCBB270101B300E969EE /* PBXContainerItemProxy */ = {
			isa = PBXContainerItemProxy;
			containerPortal = 80FED942248BF602005C565A /* Shared.xcodeproj */;
			proxyType = 2;
			remoteGlobalIDString = 5F2784A2BB2DF88E9275D3B5;
			remoteInfo = mcxConcurrencyLocking;
		};
		80B4CCBD270101B300E969EE /* PBXContainerItemProxy */ = {
			isa = PBXContainerItemProxy;
			containerPortal = 80FED942248BF602005C565A /* Shared.xcodeproj */;
			proxyType = 2;
			remoteGlobalIDString = 702C7FF33F3E33646C3D3028;
			remoteInfo = mcxConcurrencyOC;
		};
		80B4CCBF270101B300E969EE /* PBXContainerItemProxy */ = {
			isa = PBXContainerItemProxy;
			containerPortal = 80FED942248BF602005C565A /* Shared.xcodeproj */;
			proxyType = 2;
			remoteGlobalIDString = BDE71BBC4B0CCE6739E5B190;
			remoteInfo = mcxFoundation;
		};
		80B4CCC1270101B300E969EE /* PBXContainerItemProxy */ = {
			isa = PBXContainerItemProxy;
			containerPortal = 80FED942248BF602005C565A /* Shared.xcodeproj */;
			proxyType = 2;
			remoteGlobalIDString = 9D41B563546C69B180C44676;
			remoteInfo = mcxFoundationExtensions;
		};
		80B4CCC3270101B300E969EE /* PBXContainerItemProxy */ = {
			isa = PBXContainerItemProxy;
			containerPortal = 80FED942248BF602005C565A /* Shared.xcodeproj */;
			proxyType = 2;
			remoteGlobalIDString = 8CE6BCEA3B2433CB43A1D21D;
			remoteInfo = mcxFoundationLogging;
		};
		80B4CCC5270101B300E969EE /* PBXContainerItemProxy */ = {
			isa = PBXContainerItemProxy;
			containerPortal = 80FED942248BF602005C565A /* Shared.xcodeproj */;
			proxyType = 2;
			remoteGlobalIDString = 6FA6026DCB3D934147A567D9;
			remoteInfo = mcxFoundationObservables;
		};
		80B4CCC7270101B300E969EE /* PBXContainerItemProxy */ = {
			isa = PBXContainerItemProxy;
			containerPortal = 80FED942248BF602005C565A /* Shared.xcodeproj */;
			proxyType = 2;
			remoteGlobalIDString = C97AECEE577B0B89F615204B;
			remoteInfo = mcxFoundationTestability;
		};
		80B4CCC9270101B300E969EE /* PBXContainerItemProxy */ = {
			isa = PBXContainerItemProxy;
			containerPortal = 80FED942248BF602005C565A /* Shared.xcodeproj */;
			proxyType = 2;
			remoteGlobalIDString = E233720CFEF48B82526CBECA;
			remoteInfo = mcxGraphicsExtensions;
		};
		80B4CCCB270101B300E969EE /* PBXContainerItemProxy */ = {
			isa = PBXContainerItemProxy;
			containerPortal = 80FED942248BF602005C565A /* Shared.xcodeproj */;
			proxyType = 2;
			remoteGlobalIDString = 98F87CD4F64B08846978BC79;
			remoteInfo = mcxMath;
		};
		80B4CCCD270101B300E969EE /* PBXContainerItemProxy */ = {
			isa = PBXContainerItemProxy;
			containerPortal = 80FED942248BF602005C565A /* Shared.xcodeproj */;
			proxyType = 2;
			remoteGlobalIDString = 5C28F2DE96411708B28D88FB;
			remoteInfo = mcxMedia;
		};
		80B4CCCF270101B300E969EE /* PBXContainerItemProxy */ = {
			isa = PBXContainerItemProxy;
			containerPortal = 80FED942248BF602005C565A /* Shared.xcodeproj */;
			proxyType = 2;
			remoteGlobalIDString = 9A290E9AA4DAC10C04EA13E5;
			remoteInfo = mcxMediaAU;
		};
		80B4CCD1270101B300E969EE /* PBXContainerItemProxy */ = {
			isa = PBXContainerItemProxy;
			containerPortal = 80FED942248BF602005C565A /* Shared.xcodeproj */;
			proxyType = 2;
			remoteGlobalIDString = 1130F5DA5A4314A315B2A6E6;
			remoteInfo = mcxMediaExtensions;
		};
		80B4CCD3270101B300E969EE /* PBXContainerItemProxy */ = {
			isa = PBXContainerItemProxy;
			containerPortal = 80FED942248BF602005C565A /* Shared.xcodeproj */;
			proxyType = 2;
			remoteGlobalIDString = 3FC06CBCAA24E63BC06B65C3;
			remoteInfo = mcxRuntime;
		};
		80B4CCD5270101B300E969EE /* PBXContainerItemProxy */ = {
			isa = PBXContainerItemProxy;
			containerPortal = 80FED942248BF602005C565A /* Shared.xcodeproj */;
			proxyType = 2;
			remoteGlobalIDString = 5DEDD2EBBF379EB69C1BD86C;
			remoteInfo = mcxTypes;
		};
		80B4CCD7270101B300E969EE /* PBXContainerItemProxy */ = {
			isa = PBXContainerItemProxy;
			containerPortal = 80FED942248BF602005C565A /* Shared.xcodeproj */;
			proxyType = 2;
			remoteGlobalIDString = E124C1C63F1495813B508676;
			remoteInfo = mcxTypography;
		};
		80B4CCD9270101B300E969EE /* PBXContainerItemProxy */ = {
			isa = PBXContainerItemProxy;
			containerPortal = 80FED942248BF602005C565A /* Shared.xcodeproj */;
			proxyType = 2;
			remoteGlobalIDString = 222CE7A9445541B36BA57AD1;
			remoteInfo = mcxUI;
		};
		80B4CCDB270101B300E969EE /* PBXContainerItemProxy */ = {
			isa = PBXContainerItemProxy;
			containerPortal = 80FED942248BF602005C565A /* Shared.xcodeproj */;
			proxyType = 2;
			remoteGlobalIDString = 373ACC3891E662C5B9A064B0;
			remoteInfo = mcxUIExtensions;
		};
		80B4CCDD270101B300E969EE /* PBXContainerItemProxy */ = {
			isa = PBXContainerItemProxy;
			containerPortal = 80FED942248BF602005C565A /* Shared.xcodeproj */;
			proxyType = 2;
			remoteGlobalIDString = C4A2C53C188E00C7895ED2AF;
			remoteInfo = mcxUIReusable;
		};
		80FED98E248BF60C005C565A /* PBXContainerItemProxy */ = {
			isa = PBXContainerItemProxy;
			containerPortal = 80FED942248BF602005C565A /* Shared.xcodeproj */;
			proxyType = 1;
			remoteGlobalIDString = 85CA98C059B40D950DCD0CC7;
			remoteInfo = Shared;
		};
/* End PBXContainerItemProxy section */

/* Begin PBXFileReference section */
		801C65C9243A7F080073ED5A /* MusicLibraryView.swift */ = {isa = PBXFileReference; lastKnownFileType = sourcecode.swift; path = MusicLibraryView.swift; sourceTree = "<group>"; };
		801C65CB243A8D8B0073ED5A /* MusicLibrary.swift */ = {isa = PBXFileReference; lastKnownFileType = sourcecode.swift; path = MusicLibrary.swift; sourceTree = "<group>"; };
		80B9072B243A68F700D25F27 /* MainMenu.swift */ = {isa = PBXFileReference; fileEncoding = 4; lastKnownFileType = sourcecode.swift; path = MainMenu.swift; sourceTree = "<group>"; };
		80B9072C243A68F700D25F27 /* EffectWindowController.swift */ = {isa = PBXFileReference; fileEncoding = 4; lastKnownFileType = sourcecode.swift; path = EffectWindowController.swift; sourceTree = "<group>"; };
		80B9072D243A68F700D25F27 /* main.swift */ = {isa = PBXFileReference; fileEncoding = 4; lastKnownFileType = sourcecode.swift; path = main.swift; sourceTree = "<group>"; };
		80B9072F243A68F700D25F27 /* MainViewController.swift */ = {isa = PBXFileReference; fileEncoding = 4; lastKnownFileType = sourcecode.swift; path = MainViewController.swift; sourceTree = "<group>"; };
		80B90731243A68F700D25F27 /* PlaybackEngine.swift */ = {isa = PBXFileReference; fileEncoding = 4; lastKnownFileType = sourcecode.swift; path = PlaybackEngine.swift; sourceTree = "<group>"; };
		80B90732243A68F700D25F27 /* MainViewUIModel.swift */ = {isa = PBXFileReference; fileEncoding = 4; lastKnownFileType = sourcecode.swift; path = MainViewUIModel.swift; sourceTree = "<group>"; };
		80B90733243A68F700D25F27 /* TitlebarViewController.swift */ = {isa = PBXFileReference; fileEncoding = 4; lastKnownFileType = sourcecode.swift; path = TitlebarViewController.swift; sourceTree = "<group>"; };
		80B90734243A68F700D25F27 /* MediaItemView.swift */ = {isa = PBXFileReference; fileEncoding = 4; lastKnownFileType = sourcecode.swift; path = MediaItemView.swift; sourceTree = "<group>"; };
		80B90735243A68F700D25F27 /* MainToolbar.swift */ = {isa = PBXFileReference; fileEncoding = 4; lastKnownFileType = sourcecode.swift; path = MainToolbar.swift; sourceTree = "<group>"; };
		80B90736243A68F700D25F27 /* MainToolbar.Event.swift */ = {isa = PBXFileReference; fileEncoding = 4; lastKnownFileType = sourcecode.swift; path = MainToolbar.Event.swift; sourceTree = "<group>"; };
		80B90737243A68F700D25F27 /* PlaybackEngineContext.swift */ = {isa = PBXFileReference; fileEncoding = 4; lastKnownFileType = sourcecode.swift; path = PlaybackEngineContext.swift; sourceTree = "<group>"; };
		80B90738243A68F700D25F27 /* ControlIcon.swift */ = {isa = PBXFileReference; fileEncoding = 4; lastKnownFileType = sourcecode.swift; path = ControlIcon.swift; sourceTree = "<group>"; };
		80B90739243A68F700D25F27 /* Application.swift */ = {isa = PBXFileReference; fileEncoding = 4; lastKnownFileType = sourcecode.swift; path = Application.swift; sourceTree = "<group>"; };
		80B90749243A690400D25F27 /* Assets.xcassets */ = {isa = PBXFileReference; lastKnownFileType = folder.assetcatalog; path = Assets.xcassets; sourceTree = "<group>"; };
		80B9074C243A695D00D25F27 /* README.md */ = {isa = PBXFileReference; lastKnownFileType = net.daringfireball.markdown; path = README.md; sourceTree = "<group>"; };
		80FED941248BF5F6005C565A /* project.yml */ = {isa = PBXFileReference; lastKnownFileType = text.yaml; path = project.yml; sourceTree = "<group>"; };
		80FED942248BF602005C565A /* Shared.xcodeproj */ = {isa = PBXFileReference; lastKnownFileType = "wrapper.pb-project"; path = Shared.xcodeproj; sourceTree = "<group>"; };
		80FED990248BF61B005C565A /* App-macOS.xcconfig */ = {isa = PBXFileReference; lastKnownFileType = text.xcconfig; path = "App-macOS.xcconfig"; sourceTree = "<group>"; };
		FR_841D6038D586FF02D462ABBC1060950B /* Version.xcconfig */ = {isa = PBXFileReference; explicitFileType = text.xcconfig; path = Version.xcconfig; sourceTree = "<group>"; };
		FR_C06621CB613DFA14910EBB557A516DEC /* AUHost.app */ = {isa = PBXFileReference; explicitFileType = wrapper.application; includeInIndex = 0; path = AUHost.app; sourceTree = BUILT_PRODUCTS_DIR; };
		FR_C5B3C62711608CAD1642BB7A813DC0A9 /* Project.xcconfig */ = {isa = PBXFileReference; explicitFileType = text.xcconfig; path = Project.xcconfig; sourceTree = "<group>"; };
/* End PBXFileReference section */

/* Begin PBXFrameworksBuildPhase section */
		80E502EE2401E3900075AD72 /* Frameworks */ = {
			isa = PBXFrameworksBuildPhase;
			buildActionMask = 2147483647;
			files = (
				80B4CCF0270101C200E969EE /* libmcxUI.a in Frameworks */,
				80B4CCEE270101C200E969EE /* libmcxTypes.a in Frameworks */,
				80B4CCE2270101C200E969EE /* libmcxConcurrencyOC.a in Frameworks */,
				80B4CCE7270101C200E969EE /* libmcxFoundationTestability.a in Frameworks */,
				80B4CCE0270101C200E969EE /* libmcxAppScaffold.a in Frameworks */,
				80B4CCEA270101C200E969EE /* libmcxMedia.a in Frameworks */,
				80B4CCE8270101C200E969EE /* libmcxGraphicsExtensions.a in Frameworks */,
				80B4CCE6270101C200E969EE /* libmcxFoundationObservables.a in Frameworks */,
				80B4CCEF270101C200E969EE /* libmcxTypography.a in Frameworks */,
				80B4CCF1270101C200E969EE /* libmcxUIExtensions.a in Frameworks */,
				80B4CCEB270101C200E969EE /* libmcxMediaAU.a in Frameworks */,
				80B4CCED270101C200E969EE /* libmcxRuntime.a in Frameworks */,
				80B4CCE9270101C200E969EE /* libmcxMath.a in Frameworks */,
				80B4CCF2270101C200E969EE /* libmcxUIReusable.a in Frameworks */,
				80B4CCDF270101C200E969EE /* libmcxAppKitMedia.a in Frameworks */,
				80B4CCE3270101C200E969EE /* libmcxFoundation.a in Frameworks */,
				80B4CCE1270101C200E969EE /* libmcxConcurrencyLocking.a in Frameworks */,
				80B4CCE5270101C200E969EE /* libmcxFoundationLogging.a in Frameworks */,
				80B4CCE4270101C200E969EE /* libmcxFoundationExtensions.a in Frameworks */,
				80B4CCEC270101C200E969EE /* libmcxMediaExtensions.a in Frameworks */,
			);
			runOnlyForDeploymentPostprocessing = 0;
		};
/* End PBXFrameworksBuildPhase section */

/* Begin PBXGroup section */
		80B90730243A68F700D25F27 /* Common */ = {
			isa = PBXGroup;
			children = (
				80B90731243A68F700D25F27 /* PlaybackEngine.swift */,
				80B90732243A68F700D25F27 /* MainViewUIModel.swift */,
				80B90733243A68F700D25F27 /* TitlebarViewController.swift */,
				80B90734243A68F700D25F27 /* MediaItemView.swift */,
				80B90735243A68F700D25F27 /* MainToolbar.swift */,
				80B90736243A68F700D25F27 /* MainToolbar.Event.swift */,
				80B90737243A68F700D25F27 /* PlaybackEngineContext.swift */,
				80B90738243A68F700D25F27 /* ControlIcon.swift */,
			);
			path = Common;
			sourceTree = "<group>";
		};
		80B90748243A690400D25F27 /* Resources */ = {
			isa = PBXGroup;
			children = (
				80B90749243A690400D25F27 /* Assets.xcassets */,
			);
			path = Resources;
			sourceTree = "<group>";
		};
		80FED943248BF602005C565A /* Products */ = {
			isa = PBXGroup;
			children = (
				80B4CCB8270101B300E969EE /* libmcxAppKitMedia.a */,
				80B4CCBA270101B300E969EE /* libmcxAppScaffold.a */,
				80B4CCBC270101B300E969EE /* libmcxConcurrencyLocking.a */,
				80B4CCBE270101B300E969EE /* libmcxConcurrencyOC.a */,
				80B4CCC0270101B300E969EE /* libmcxFoundation.a */,
				80B4CCC2270101B300E969EE /* libmcxFoundationExtensions.a */,
				80B4CCC4270101B300E969EE /* libmcxFoundationLogging.a */,
				80B4CCC6270101B300E969EE /* libmcxFoundationObservables.a */,
				80B4CCC8270101B300E969EE /* libmcxFoundationTestability.a */,
				80B4CCCA270101B300E969EE /* libmcxGraphicsExtensions.a */,
				80B4CCCC270101B300E969EE /* libmcxMath.a */,
				80B4CCCE270101B300E969EE /* libmcxMedia.a */,
				80B4CCD0270101B300E969EE /* libmcxMediaAU.a */,
				80B4CCD2270101B300E969EE /* libmcxMediaExtensions.a */,
				80B4CCD4270101B300E969EE /* libmcxRuntime.a */,
				80B4CCD6270101B300E969EE /* libmcxTypes.a */,
				80B4CCD8270101B300E969EE /* libmcxTypography.a */,
				80B4CCDA270101B300E969EE /* libmcxUI.a */,
				80B4CCDC270101B300E969EE /* libmcxUIExtensions.a */,
				80B4CCDE270101B300E969EE /* libmcxUIReusable.a */,
			);
			name = Products;
			sourceTree = "<group>";
		};
		80FED992248BFB37005C565A /* Frameworks */ = {
			isa = PBXGroup;
			children = (
			);
			name = Frameworks;
			sourceTree = "<group>";
		};
		G_3021EFC7765F2F4055FE8FA519B59646 /* Products */ = {
			isa = PBXGroup;
			children = (
				FR_C06621CB613DFA14910EBB557A516DEC /* AUHost.app */,
			);
			name = Products;
			sourceTree = "<group>";
		};
		G_4AD27EB67B947494EE1E1B33A1F3ABD8 /* Configuration */ = {
			isa = PBXGroup;
			children = (
				80FED990248BF61B005C565A /* App-macOS.xcconfig */,
				FR_C5B3C62711608CAD1642BB7A813DC0A9 /* Project.xcconfig */,
				FR_841D6038D586FF02D462ABBC1060950B /* Version.xcconfig */,
			);
			path = Configuration;
			sourceTree = "<group>";
		};
		G_5948CC351BA9F1AB7B6EB87B90F159DA = {
			isa = PBXGroup;
			children = (
				80FED942248BF602005C565A /* Shared.xcodeproj */,
				80FED941248BF5F6005C565A /* project.yml */,
				80B9074C243A695D00D25F27 /* README.md */,
				G_4AD27EB67B947494EE1E1B33A1F3ABD8 /* Configuration */,
				80B90748243A690400D25F27 /* Resources */,
				G_C90739D6E114E124833A088F7EE2AF9E /* Sources */,
				G_3021EFC7765F2F4055FE8FA519B59646 /* Products */,
				80FED992248BFB37005C565A /* Frameworks */,
			);
			sourceTree = "<group>";
		};
		G_C90739D6E114E124833A088F7EE2AF9E /* Sources */ = {
			isa = PBXGroup;
			children = (
				80B90730243A68F700D25F27 /* Common */,
				80B90739243A68F700D25F27 /* Application.swift */,
				80B9072C243A68F700D25F27 /* EffectWindowController.swift */,
				80B9072D243A68F700D25F27 /* main.swift */,
				80B9072B243A68F700D25F27 /* MainMenu.swift */,
				80B9072F243A68F700D25F27 /* MainViewController.swift */,
				801C65C9243A7F080073ED5A /* MusicLibraryView.swift */,
				801C65CB243A8D8B0073ED5A /* MusicLibrary.swift */,
			);
			path = Sources;
			sourceTree = "<group>";
		};
/* End PBXGroup section */

/* Begin PBXNativeTarget section */
		NT_95FE89DEDF299FCFA9AB1C71B49D4135 /* AUHost */ = {
			isa = PBXNativeTarget;
			buildConfigurationList = CL_19D6E0D3FCF72FF90786F097CB96B9DD /* Build configuration list for PBXNativeTarget "AUHost" */;
			buildPhases = (
				SBP_EF769EAAC08127686370D94F89DA1AC2 /* Sources */,
				RBP_FDF124685FC2CEDECCE2E2542CE0E6B3 /* Resources */,
				80E502EE2401E3900075AD72 /* Frameworks */,
			);
			buildRules = (
			);
			dependencies = (
				80FED98F248BF60C005C565A /* PBXTargetDependency */,
			);
			name = AUHost;
			packageProductDependencies = (
			);
			productName = AUHost;
			productReference = FR_C06621CB613DFA14910EBB557A516DEC /* AUHost.app */;
			productType = "com.apple.product-type.application";
		};
/* End PBXNativeTarget section */

/* Begin PBXProject section */
		P_FACDA378012DE3A90A786E393CA9AF88 /* Project object */ = {
			isa = PBXProject;
			attributes = {
				LastUpgradeCheck = 1150;
				ORGANIZATIONNAME = WaveLabs;
				TargetAttributes = {
					NT_95FE89DEDF299FCFA9AB1C71B49D4135 = {
						LastSwiftMigration = 1140;
					};
				};
			};
			buildConfigurationList = CL_9A72FCD7FEC7348A2ECDC3AF3DB110BB /* Build configuration list for PBXProject "AUHost" */;
			compatibilityVersion = "Xcode 9.3";
			developmentRegion = en;
			hasScannedForEncodings = 0;
			knownRegions = (
				en,
				Base,
			);
			mainGroup = G_5948CC351BA9F1AB7B6EB87B90F159DA;
			productRefGroup = G_3021EFC7765F2F4055FE8FA519B59646 /* Products */;
			projectDirPath = "";
			projectReferences = (
				{
					ProductGroup = 80FED943248BF602005C565A /* Products */;
					ProjectRef = 80FED942248BF602005C565A /* Shared.xcodeproj */;
				},
			);
			projectRoot = "";
			targets = (
				NT_95FE89DEDF299FCFA9AB1C71B49D4135 /* AUHost */,
			);
		};
/* End PBXProject section */

/* Begin PBXReferenceProxy section */
		80B4CCB8270101B300E969EE /* libmcxAppKitMedia.a */ = {
			isa = PBXReferenceProxy;
			fileType = archive.ar;
			path = libmcxAppKitMedia.a;
			remoteRef = 80B4CCB7270101B300E969EE /* PBXContainerItemProxy */;
			sourceTree = BUILT_PRODUCTS_DIR;
		};
		80B4CCBA270101B300E969EE /* libmcxAppScaffold.a */ = {
			isa = PBXReferenceProxy;
			fileType = archive.ar;
			path = libmcxAppScaffold.a;
			remoteRef = 80B4CCB9270101B300E969EE /* PBXContainerItemProxy */;
			sourceTree = BUILT_PRODUCTS_DIR;
		};
		80B4CCBC270101B300E969EE /* libmcxConcurrencyLocking.a */ = {
			isa = PBXReferenceProxy;
			fileType = archive.ar;
			path = libmcxConcurrencyLocking.a;
			remoteRef = 80B4CCBB270101B300E969EE /* PBXContainerItemProxy */;
			sourceTree = BUILT_PRODUCTS_DIR;
		};
		80B4CCBE270101B300E969EE /* libmcxConcurrencyOC.a */ = {
			isa = PBXReferenceProxy;
			fileType = archive.ar;
			path = libmcxConcurrencyOC.a;
			remoteRef = 80B4CCBD270101B300E969EE /* PBXContainerItemProxy */;
			sourceTree = BUILT_PRODUCTS_DIR;
		};
		80B4CCC0270101B300E969EE /* libmcxFoundation.a */ = {
			isa = PBXReferenceProxy;
			fileType = archive.ar;
			path = libmcxFoundation.a;
			remoteRef = 80B4CCBF270101B300E969EE /* PBXContainerItemProxy */;
			sourceTree = BUILT_PRODUCTS_DIR;
		};
		80B4CCC2270101B300E969EE /* libmcxFoundationExtensions.a */ = {
			isa = PBXReferenceProxy;
			fileType = archive.ar;
			path = libmcxFoundationExtensions.a;
			remoteRef = 80B4CCC1270101B300E969EE /* PBXContainerItemProxy */;
			sourceTree = BUILT_PRODUCTS_DIR;
		};
		80B4CCC4270101B300E969EE /* libmcxFoundationLogging.a */ = {
			isa = PBXReferenceProxy;
			fileType = archive.ar;
			path = libmcxFoundationLogging.a;
			remoteRef = 80B4CCC3270101B300E969EE /* PBXContainerItemProxy */;
			sourceTree = BUILT_PRODUCTS_DIR;
		};
		80B4CCC6270101B300E969EE /* libmcxFoundationObservables.a */ = {
			isa = PBXReferenceProxy;
			fileType = archive.ar;
			path = libmcxFoundationObservables.a;
			remoteRef = 80B4CCC5270101B300E969EE /* PBXContainerItemProxy */;
			sourceTree = BUILT_PRODUCTS_DIR;
		};
		80B4CCC8270101B300E969EE /* libmcxFoundationTestability.a */ = {
			isa = PBXReferenceProxy;
			fileType = archive.ar;
			path = libmcxFoundationTestability.a;
			remoteRef = 80B4CCC7270101B300E969EE /* PBXContainerItemProxy */;
			sourceTree = BUILT_PRODUCTS_DIR;
		};
		80B4CCCA270101B300E969EE /* libmcxGraphicsExtensions.a */ = {
			isa = PBXReferenceProxy;
			fileType = archive.ar;
			path = libmcxGraphicsExtensions.a;
			remoteRef = 80B4CCC9270101B300E969EE /* PBXContainerItemProxy */;
			sourceTree = BUILT_PRODUCTS_DIR;
		};
		80B4CCCC270101B300E969EE /* libmcxMath.a */ = {
			isa = PBXReferenceProxy;
			fileType = archive.ar;
			path = libmcxMath.a;
			remoteRef = 80B4CCCB270101B300E969EE /* PBXContainerItemProxy */;
			sourceTree = BUILT_PRODUCTS_DIR;
		};
		80B4CCCE270101B300E969EE /* libmcxMedia.a */ = {
			isa = PBXReferenceProxy;
			fileType = archive.ar;
			path = libmcxMedia.a;
			remoteRef = 80B4CCCD270101B300E969EE /* PBXContainerItemProxy */;
			sourceTree = BUILT_PRODUCTS_DIR;
		};
		80B4CCD0270101B300E969EE /* libmcxMediaAU.a */ = {
			isa = PBXReferenceProxy;
			fileType = archive.ar;
			path = libmcxMediaAU.a;
			remoteRef = 80B4CCCF270101B300E969EE /* PBXContainerItemProxy */;
			sourceTree = BUILT_PRODUCTS_DIR;
		};
		80B4CCD2270101B300E969EE /* libmcxMediaExtensions.a */ = {
			isa = PBXReferenceProxy;
			fileType = archive.ar;
			path = libmcxMediaExtensions.a;
			remoteRef = 80B4CCD1270101B300E969EE /* PBXContainerItemProxy */;
			sourceTree = BUILT_PRODUCTS_DIR;
		};
		80B4CCD4270101B300E969EE /* libmcxRuntime.a */ = {
			isa = PBXReferenceProxy;
			fileType = archive.ar;
			path = libmcxRuntime.a;
			remoteRef = 80B4CCD3270101B300E969EE /* PBXContainerItemProxy */;
			sourceTree = BUILT_PRODUCTS_DIR;
		};
		80B4CCD6270101B300E969EE /* libmcxTypes.a */ = {
			isa = PBXReferenceProxy;
			fileType = archive.ar;
			path = libmcxTypes.a;
			remoteRef = 80B4CCD5270101B300E969EE /* PBXContainerItemProxy */;
			sourceTree = BUILT_PRODUCTS_DIR;
		};
		80B4CCD8270101B300E969EE /* libmcxTypography.a */ = {
			isa = PBXReferenceProxy;
			fileType = archive.ar;
			path = libmcxTypography.a;
			remoteRef = 80B4CCD7270101B300E969EE /* PBXContainerItemProxy */;
			sourceTree = BUILT_PRODUCTS_DIR;
		};
		80B4CCDA270101B300E969EE /* libmcxUI.a */ = {
			isa = PBXReferenceProxy;
			fileType = archive.ar;
			path = libmcxUI.a;
			remoteRef = 80B4CCD9270101B300E969EE /* PBXContainerItemProxy */;
			sourceTree = BUILT_PRODUCTS_DIR;
		};
		80B4CCDC270101B300E969EE /* libmcxUIExtensions.a */ = {
			isa = PBXReferenceProxy;
			fileType = archive.ar;
			path = libmcxUIExtensions.a;
			remoteRef = 80B4CCDB270101B300E969EE /* PBXContainerItemProxy */;
			sourceTree = BUILT_PRODUCTS_DIR;
		};
		80B4CCDE270101B300E969EE /* libmcxUIReusable.a */ = {
			isa = PBXReferenceProxy;
			fileType = archive.ar;
			path = libmcxUIReusable.a;
			remoteRef = 80B4CCDD270101B300E969EE /* PBXContainerItemProxy */;
			sourceTree = BUILT_PRODUCTS_DIR;
		};
/* End PBXReferenceProxy section */

/* Begin PBXResourcesBuildPhase section */
		RBP_FDF124685FC2CEDECCE2E2542CE0E6B3 /* Resources */ = {
			isa = PBXResourcesBuildPhase;
			buildActionMask = 2147483647;
			files = (
				80B9074A243A690400D25F27 /* Assets.xcassets in Resources */,
			);
			runOnlyForDeploymentPostprocessing = 0;
		};
/* End PBXResourcesBuildPhase section */

/* Begin PBXSourcesBuildPhase section */
		SBP_EF769EAAC08127686370D94F89DA1AC2 /* Sources */ = {
			isa = PBXSourcesBuildPhase;
			buildActionMask = 2147483647;
			files = (
				80B9073B243A68F700D25F27 /* EffectWindowController.swift in Sources */,
				80B90740243A68F700D25F27 /* MainViewUIModel.swift in Sources */,
				80B90743243A68F700D25F27 /* MainToolbar.swift in Sources */,
				801C65CC243A8D8B0073ED5A /* MusicLibrary.swift in Sources */,
				80B90746243A68F700D25F27 /* ControlIcon.swift in Sources */,
				80B90744243A68F700D25F27 /* MainToolbar.Event.swift in Sources */,
				80B9073A243A68F700D25F27 /* MainMenu.swift in Sources */,
				80B9073F243A68F700D25F27 /* PlaybackEngine.swift in Sources */,
				80B9073C243A68F700D25F27 /* main.swift in Sources */,
				80B90747243A68F700D25F27 /* Application.swift in Sources */,
				80B90742243A68F700D25F27 /* MediaItemView.swift in Sources */,
				80B90745243A68F700D25F27 /* PlaybackEngineContext.swift in Sources */,
				801C65CA243A7F080073ED5A /* MusicLibraryView.swift in Sources */,
				80B90741243A68F700D25F27 /* TitlebarViewController.swift in Sources */,
				80B9073E243A68F700D25F27 /* MainViewController.swift in Sources */,
			);
			runOnlyForDeploymentPostprocessing = 0;
		};
/* End PBXSourcesBuildPhase section */

/* Begin PBXTargetDependency section */
		80FED98F248BF60C005C565A /* PBXTargetDependency */ = {
			isa = PBXTargetDependency;
			name = Shared;
			targetProxy = 80FED98E248BF60C005C565A /* PBXContainerItemProxy */;
		};
/* End PBXTargetDependency section */

/* Begin XCBuildConfiguration section */
		BC_21673C41B8BFFE283A0227A74AD603D2 /* Debug */ = {
			isa = XCBuildConfiguration;
			baseConfigurationReference = FR_C5B3C62711608CAD1642BB7A813DC0A9 /* Project.xcconfig */;
			buildSettings = {
			};
			name = Debug;
		};
		BC_2BE53FED6391DCF1333B2966588512C9 /* Release */ = {
			isa = XCBuildConfiguration;
			baseConfigurationReference = 80FED990248BF61B005C565A /* App-macOS.xcconfig */;
			buildSettings = {
				CODE_SIGN_STYLE = Manual;
				DEVELOPMENT_TEAM = "";
				ENABLE_HARDENED_RUNTIME = YES;
				PROVISIONING_PROFILE_SPECIFIER = "";
			};
			name = Release;
		};
		BC_CCBDFFED67340BEA7F2EF621F414F646 /* Debug */ = {
			isa = XCBuildConfiguration;
			baseConfigurationReference = 80FED990248BF61B005C565A /* App-macOS.xcconfig */;
			buildSettings = {
				CODE_SIGN_STYLE = Manual;
				DEVELOPMENT_TEAM = "";
				ENABLE_HARDENED_RUNTIME = YES;
				PROVISIONING_PROFILE_SPECIFIER = "";
			};
			name = Debug;
		};
		BC_DFB86FFF0BED5FCA0AB63417A3F18130 /* Release */ = {
			isa = XCBuildConfiguration;
			baseConfigurationReference = FR_C5B3C62711608CAD1642BB7A813DC0A9 /* Project.xcconfig */;
			buildSettings = {
			};
			name = Release;
		};
/* End XCBuildConfiguration section */

/* Begin XCConfigurationList section */
		CL_19D6E0D3FCF72FF90786F097CB96B9DD /* Build configuration list for PBXNativeTarget "AUHost" */ = {
			isa = XCConfigurationList;
			buildConfigurations = (
				BC_CCBDFFED67340BEA7F2EF621F414F646 /* Debug */,
				BC_2BE53FED6391DCF1333B2966588512C9 /* Release */,
			);
			defaultConfigurationIsVisible = 0;
			defaultConfigurationName = Release;
		};
		CL_9A72FCD7FEC7348A2ECDC3AF3DB110BB /* Build configuration list for PBXProject "AUHost" */ = {
			isa = XCConfigurationList;
			buildConfigurations = (
				BC_21673C41B8BFFE283A0227A74AD603D2 /* Debug */,
				BC_DFB86FFF0BED5FCA0AB63417A3F18130 /* Release */,
			);
			defaultConfigurationIsVisible = 0;
			defaultConfigurationName = Release;
		};
/* End XCConfigurationList section */
	};
	rootObject = P_FACDA378012DE3A90A786E393CA9AF88 /* Project object */;
}
