// !$*UTF8*$!
{
	archiveVersion = 1;
	classes = {
	};
	objectVersion = 46;
	objects = {

/* Begin PBXBuildFile section */
		800E1CD6216349D100D81BC8 /* DispatchSourceDisplayLinkRenderer.swift in Sources */ = {isa = PBXBuildFile; fileRef = 800E1CD4216349C800D81BC8 /* DispatchSourceDisplayLinkRenderer.swift */; };
		800E1CD7216349D100D81BC8 /* GenericDisplayLinkRenderer.swift in Sources */ = {isa = PBXBuildFile; fileRef = 800E1CD5216349C800D81BC8 /* GenericDisplayLinkRenderer.swift */; };
		800E1CD8216349D200D81BC8 /* DispatchSourceDisplayLinkRenderer.swift in Sources */ = {isa = PBXBuildFile; fileRef = 800E1CD4216349C800D81BC8 /* DispatchSourceDisplayLinkRenderer.swift */; };
		800E1CD9216349D200D81BC8 /* GenericDisplayLinkRenderer.swift in Sources */ = {isa = PBXBuildFile; fileRef = 800E1CD5216349C800D81BC8 /* GenericDisplayLinkRenderer.swift */; };
		800E1CDA216349D200D81BC8 /* DispatchSourceDisplayLinkRenderer.swift in Sources */ = {isa = PBXBuildFile; fileRef = 800E1CD4216349C800D81BC8 /* DispatchSourceDisplayLinkRenderer.swift */; };
		800E1CDB216349D200D81BC8 /* GenericDisplayLinkRenderer.swift in Sources */ = {isa = PBXBuildFile; fileRef = 800E1CD5216349C800D81BC8 /* GenericDisplayLinkRenderer.swift */; };
		800E1CDD21634A4F00D81BC8 /* CVError.swift in Sources */ = {isa = PBXBuildFile; fileRef = 800E1CDC21634A4F00D81BC8 /* CVError.swift */; };
		800E1CDE21634A4F00D81BC8 /* CVError.swift in Sources */ = {isa = PBXBuildFile; fileRef = 800E1CDC21634A4F00D81BC8 /* CVError.swift */; };
		800E1CDF21634A4F00D81BC8 /* CVError.swift in Sources */ = {isa = PBXBuildFile; fileRef = 800E1CDC21634A4F00D81BC8 /* CVError.swift */; };
		BF_108386241351 /* MediaItemView.swift in Sources */ = {isa = PBXBuildFile; fileRef = FR_420833202030 /* MediaItemView.swift */; };
		BF_112491367651 /* VULevelMeter.swift in Sources */ = {isa = PBXBuildFile; fileRef = FR_819732604982 /* VULevelMeter.swift */; };
		BF_115820748934 /* BufferDatasource.swift in Sources */ = {isa = PBXBuildFile; fileRef = FR_815381213556 /* BufferDatasource.swift */; };
		BF_128520286336 /* MainWindowController.swift in Sources */ = {isa = PBXBuildFile; fileRef = FR_190835224210 /* MainWindowController.swift */; };
		BF_139398097559 /* BuildInfo.swift in Sources */ = {isa = PBXBuildFile; fileRef = FR_286667488207 /* BuildInfo.swift */; };
		BF_152313679271 /* NonRecursiveLocking.swift in Sources */ = {isa = PBXBuildFile; fileRef = FR_594631765386 /* NonRecursiveLocking.swift */; };
		BF_163081345881 /* DispatchSemaphore.swift in Sources */ = {isa = PBXBuildFile; fileRef = FR_356432211764 /* DispatchSemaphore.swift */; };
		BF_163238274071 /* Functions.swift in Sources */ = {isa = PBXBuildFile; fileRef = FR_957287976757 /* Functions.swift */; };
		BF_173197791811 /* WaveformDrawingDataProvider.swift in Sources */ = {isa = PBXBuildFile; fileRef = FR_163349485050 /* WaveformDrawingDataProvider.swift */; };
		BF_192434473663 /* AudioComponentsUtility.swift in Sources */ = {isa = PBXBuildFile; fileRef = FR_481872999206 /* AudioComponentsUtility.swift */; };
		BF_193657879464 /* NotificationObserver.swift in Sources */ = {isa = PBXBuildFile; fileRef = FR_384542317052 /* NotificationObserver.swift */; };
		BF_208250284321 /* SmartDispatchSource.swift in Sources */ = {isa = PBXBuildFile; fileRef = FR_366887712976 /* SmartDispatchSource.swift */; };
		BF_208981634392 /* Math.swift in Sources */ = {isa = PBXBuildFile; fileRef = FR_147648478192 /* Math.swift */; };
		BF_218431404757 /* MainMenu.swift in Sources */ = {isa = PBXBuildFile; fileRef = FR_868331935700 /* MainMenu.swift */; };
		BF_224378275034 /* GLKMatrix4.swift in Sources */ = {isa = PBXBuildFile; fileRef = FR_334412403324 /* GLKMatrix4.swift */; };
		BF_226540662901 /* main.swift in Sources */ = {isa = PBXBuildFile; fileRef = FR_915164787290 /* main.swift */; };
		BF_237212377430 /* BufferedAudioBus.swift in Sources */ = {isa = PBXBuildFile; fileRef = FR_592645883518 /* BufferedAudioBus.swift */; };
		BF_243668945978 /* RandomFactory.swift in Sources */ = {isa = PBXBuildFile; fileRef = FR_901061600663 /* RandomFactory.swift */; };
		BF_244528560305 /* Log.swift in Sources */ = {isa = PBXBuildFile; fileRef = FR_471329193054 /* Log.swift */; };
		BF_245218742383 /* WaveformDrawingDataProvider.swift in Sources */ = {isa = PBXBuildFile; fileRef = FR_163349485050 /* WaveformDrawingDataProvider.swift */; };
		BF_249668406169 /* WaveformCacheUtility.swift in Sources */ = {isa = PBXBuildFile; fileRef = FR_821723210092 /* WaveformCacheUtility.swift */; };
		BF_251416689572 /* SmartDispatchSourceUserDataAdd.swift in Sources */ = {isa = PBXBuildFile; fileRef = FR_371613980578 /* SmartDispatchSourceUserDataAdd.swift */; };
		BF_259938015378 /* NSNib.swift in Sources */ = {isa = PBXBuildFile; fileRef = FR_120747681218 /* NSNib.swift */; };
		BF_265996358216 /* WaveformCacheUtility.swift in Sources */ = {isa = PBXBuildFile; fileRef = FR_821723210092 /* WaveformCacheUtility.swift */; };
		BF_267928505173 /* AttenuatorView.swift in Sources */ = {isa = PBXBuildFile; fileRef = FR_226788898884 /* AttenuatorView.swift */; };
		BF_271516896118 /* Logger.swift in Sources */ = {isa = PBXBuildFile; fileRef = FR_613679079742 /* Logger.swift */; };
		BF_282145920285 /* RandomFactory.swift in Sources */ = {isa = PBXBuildFile; fileRef = FR_901061600663 /* RandomFactory.swift */; };
		BF_290898691759 /* SmartDispatchSource.swift in Sources */ = {isa = PBXBuildFile; fileRef = FR_366887712976 /* SmartDispatchSource.swift */; };
		BF_292563271267 /* NSToolbar.swift in Sources */ = {isa = PBXBuildFile; fileRef = FR_511882230498 /* NSToolbar.swift */; };
		BF_293009256395 /* Bundle.swift in Sources */ = {isa = PBXBuildFile; fileRef = FR_771218874362 /* Bundle.swift */; };
		BF_293313298752 /* GLKMatrix4.swift in Sources */ = {isa = PBXBuildFile; fileRef = FR_334412403324 /* GLKMatrix4.swift */; };
		BF_293787479647 /* AttenuatorAudioUnit.swift in Sources */ = {isa = PBXBuildFile; fileRef = FR_384870902945 /* AttenuatorAudioUnit.swift */; };
		BF_302090082828 /* Application.swift in Sources */ = {isa = PBXBuildFile; fileRef = FR_703108400902 /* Application.swift */; };
		BF_308718748604 /* UnsafeMutableAudioBufferListPointer.swift in Sources */ = {isa = PBXBuildFile; fileRef = FR_104646605203 /* UnsafeMutableAudioBufferListPointer.swift */; };
		BF_309284923104 /* NSNib.swift in Sources */ = {isa = PBXBuildFile; fileRef = FR_120747681218 /* NSNib.swift */; };
		BF_310703325925 /* NonRecursiveLock.swift in Sources */ = {isa = PBXBuildFile; fileRef = FR_276385122155 /* NonRecursiveLock.swift */; };
		BF_324810813080 /* MainViewController.swift in Sources */ = {isa = PBXBuildFile; fileRef = FR_357021155731 /* MainViewController.swift */; };
		BF_333129947479 /* NumericTypesConversions.swift in Sources */ = {isa = PBXBuildFile; fileRef = FR_358188614321 /* NumericTypesConversions.swift */; };
		BF_343634831942 /* DisplayLink.swift in Sources */ = {isa = PBXBuildFile; fileRef = FR_100578481280 /* DisplayLink.swift */; };
		BF_346301406448 /* AlternativeValue.swift in Sources */ = {isa = PBXBuildFile; fileRef = FR_913492155579 /* AlternativeValue.swift */; };
		BF_356514760176 /* MinMax.swift in Sources */ = {isa = PBXBuildFile; fileRef = FR_840642450824 /* MinMax.swift */; };
		BF_357210821337 /* Log.swift in Sources */ = {isa = PBXBuildFile; fileRef = FR_471329193054 /* Log.swift */; };
		BF_358725183434 /* MediaObjectPasteboardUtility.swift in Sources */ = {isa = PBXBuildFile; fileRef = FR_523879450642 /* MediaObjectPasteboardUtility.swift */; };
		BF_373940696003 /* VULevelMeter.DrawingData.swift in Sources */ = {isa = PBXBuildFile; fileRef = FR_914617087001 /* VULevelMeter.DrawingData.swift */; };
		BF_379602808113 /* SpinLock.swift in Sources */ = {isa = PBXBuildFile; fileRef = FR_153099800804 /* SpinLock.swift */; };
		BF_380722562613 /* Assets.xcassets in Resources */ = {isa = PBXBuildFile; fileRef = FR_331675799995 /* Assets.xcassets */; };
		BF_381311067673 /* Logger.swift in Sources */ = {isa = PBXBuildFile; fileRef = FR_613679079742 /* Logger.swift */; };
		BF_384235353344 /* AlternativeValue.swift in Sources */ = {isa = PBXBuildFile; fileRef = FR_913492155579 /* AlternativeValue.swift */; };
		BF_386924560374 /* AudioComponentDescription.swift in Sources */ = {isa = PBXBuildFile; fileRef = FR_362841609540 /* AudioComponentDescription.swift */; };
		BF_393179982332 /* UnsafeMutableAudioBufferListPointer.swift in Sources */ = {isa = PBXBuildFile; fileRef = FR_104646605203 /* UnsafeMutableAudioBufferListPointer.swift */; };
		BF_393182086952 /* Log.swift in Sources */ = {isa = PBXBuildFile; fileRef = FR_471329193054 /* Log.swift */; };
		BF_395136982491 /* SpinLock.swift in Sources */ = {isa = PBXBuildFile; fileRef = FR_153099800804 /* SpinLock.swift */; };
		BF_397928643547 /* MinMax.swift in Sources */ = {isa = PBXBuildFile; fileRef = FR_840642450824 /* MinMax.swift */; };
		BF_401877561071 /* AttenuatorDSPKernel.swift in Sources */ = {isa = PBXBuildFile; fileRef = FR_680334338110 /* AttenuatorDSPKernel.swift */; };
		BF_402396580518 /* DispatchSemaphore.swift in Sources */ = {isa = PBXBuildFile; fileRef = FR_356432211764 /* DispatchSemaphore.swift */; };
		BF_410243100644 /* NonRecursiveLocking.swift in Sources */ = {isa = PBXBuildFile; fileRef = FR_594631765386 /* NonRecursiveLocking.swift */; };
		BF_423060023579 /* OperationQueue.swift in Sources */ = {isa = PBXBuildFile; fileRef = FR_187228268653 /* OperationQueue.swift */; };
		BF_426323267642 /* EffectWindowController.swift in Sources */ = {isa = PBXBuildFile; fileRef = FR_397463362798 /* EffectWindowController.swift */; };
		BF_436898534649 /* RuntimeInfo.swift in Sources */ = {isa = PBXBuildFile; fileRef = FR_138548045935 /* RuntimeInfo.swift */; };
		BF_438009769568 /* MTLDevice.swift in Sources */ = {isa = PBXBuildFile; fileRef = FR_372664141963 /* MTLDevice.swift */; };
		BF_441308853295 /* WaveformDrawingDataProvider.swift in Sources */ = {isa = PBXBuildFile; fileRef = FR_163349485050 /* WaveformDrawingDataProvider.swift */; };
		BF_441392352039 /* SmartDispatchSourceType.swift in Sources */ = {isa = PBXBuildFile; fileRef = FR_266445624153 /* SmartDispatchSourceType.swift */; };
		BF_445651497740 /* AttenuatorView.swift in Sources */ = {isa = PBXBuildFile; fileRef = FR_226788898884 /* AttenuatorView.swift */; };
		BF_446038604038 /* UnfairLock.swift in Sources */ = {isa = PBXBuildFile; fileRef = FR_653613194344 /* UnfairLock.swift */; };
		BF_461199807321 /* SmartDispatchSourceType.swift in Sources */ = {isa = PBXBuildFile; fileRef = FR_266445624153 /* SmartDispatchSourceType.swift */; };
		BF_468773263179 /* AudioBuffer.swift in Sources */ = {isa = PBXBuildFile; fileRef = FR_201236785267 /* AudioBuffer.swift */; };
		BF_471128291173 /* MainToolbar.Event.swift in Sources */ = {isa = PBXBuildFile; fileRef = FR_167156401758 /* MainToolbar.Event.swift */; };
		BF_474498168332 /* NonRecursiveLock.swift in Sources */ = {isa = PBXBuildFile; fileRef = FR_276385122155 /* NonRecursiveLock.swift */; };
		BF_474582173694 /* SpinLock.swift in Sources */ = {isa = PBXBuildFile; fileRef = FR_153099800804 /* SpinLock.swift */; };
		BF_475506354918 /* NumericTypesConversions.swift in Sources */ = {isa = PBXBuildFile; fileRef = FR_358188614321 /* NumericTypesConversions.swift */; };
		BF_478974428198 /* Bundle.swift in Sources */ = {isa = PBXBuildFile; fileRef = FR_771218874362 /* Bundle.swift */; };
		BF_495552210410 /* String.swift in Sources */ = {isa = PBXBuildFile; fileRef = FR_220013696539 /* String.swift */; };
		BF_499761015697 /* AlternativeValue.swift in Sources */ = {isa = PBXBuildFile; fileRef = FR_913492155579 /* AlternativeValue.swift */; };
		BF_503364873171 /* AttenuatorViewController.swift in Sources */ = {isa = PBXBuildFile; fileRef = FR_348139716022 /* AttenuatorViewController.swift */; };
		BF_509236647880 /* CoreTypeAliases.swift in Sources */ = {isa = PBXBuildFile; fileRef = FR_817548472275 /* CoreTypeAliases.swift */; };
		BF_513112649076 /* MainMenu.swift in Sources */ = {isa = PBXBuildFile; fileRef = FR_279480210010 /* MainMenu.swift */; };
		BF_522424301285 /* Result.swift in Sources */ = {isa = PBXBuildFile; fileRef = FR_193470404895 /* Result.swift */; };
		BF_525464205220 /* VULevelMeter.swift in Sources */ = {isa = PBXBuildFile; fileRef = FR_819732604982 /* VULevelMeter.swift */; };
		BF_532161126324 /* AudioComponentsUtility.swift in Sources */ = {isa = PBXBuildFile; fileRef = FR_481872999206 /* AudioComponentsUtility.swift */; };
		BF_540354677184 /* AttenuatorParameter.swift in Sources */ = {isa = PBXBuildFile; fileRef = FR_148513859102 /* AttenuatorParameter.swift */; };
		BF_541762919754 /* MinMax.swift in Sources */ = {isa = PBXBuildFile; fileRef = FR_840642450824 /* MinMax.swift */; };
		BF_552656216980 /* DisplayLink.swift in Sources */ = {isa = PBXBuildFile; fileRef = FR_100578481280 /* DisplayLink.swift */; };
		BF_553590052872 /* BufferDatasource.swift in Sources */ = {isa = PBXBuildFile; fileRef = FR_815381213556 /* BufferDatasource.swift */; };
		BF_553750671974 /* Color.swift in Sources */ = {isa = PBXBuildFile; fileRef = FR_841180301618 /* Color.swift */; };
		BF_554063903703 /* String.swift in Sources */ = {isa = PBXBuildFile; fileRef = FR_220013696539 /* String.swift */; };
		BF_560594327070 /* SmartDispatchSource.swift in Sources */ = {isa = PBXBuildFile; fileRef = FR_366887712976 /* SmartDispatchSource.swift */; };
		BF_566442287917 /* AttenuatorDSPKernel.swift in Sources */ = {isa = PBXBuildFile; fileRef = FR_680334338110 /* AttenuatorDSPKernel.swift */; };
		BF_567696773190 /* PlaybackEngineContext.swift in Sources */ = {isa = PBXBuildFile; fileRef = FR_339395790607 /* PlaybackEngineContext.swift */; };
		BF_569494876854 /* Color.swift in Sources */ = {isa = PBXBuildFile; fileRef = FR_841180301618 /* Color.swift */; };
		BF_595192784758 /* BufferDatasource.swift in Sources */ = {isa = PBXBuildFile; fileRef = FR_815381213556 /* BufferDatasource.swift */; };
		BF_608789241490 /* VULevelMeter.DrawingData.swift in Sources */ = {isa = PBXBuildFile; fileRef = FR_914617087001 /* VULevelMeter.DrawingData.swift */; };
		BF_617057930067 /* BufferedAudioBus.swift in Sources */ = {isa = PBXBuildFile; fileRef = FR_592645883518 /* BufferedAudioBus.swift */; };
		BF_621129062072 /* MainViewController.swift in Sources */ = {isa = PBXBuildFile; fileRef = FR_108768514913 /* MainViewController.swift */; };
		BF_632506041481 /* VULevelMeter.Shaders.metal in Sources */ = {isa = PBXBuildFile; fileRef = FR_815437241009 /* VULevelMeter.Shaders.metal */; };
		BF_632526416738 /* PlaybackEngineContext.swift in Sources */ = {isa = PBXBuildFile; fileRef = FR_339395790607 /* PlaybackEngineContext.swift */; };
		BF_633112142102 /* NSNib.swift in Sources */ = {isa = PBXBuildFile; fileRef = FR_120747681218 /* NSNib.swift */; };
		BF_635084898562 /* MainViewUIModel.swift in Sources */ = {isa = PBXBuildFile; fileRef = FR_768423343955 /* MainViewUIModel.swift */; };
		BF_638385850436 /* Math.swift in Sources */ = {isa = PBXBuildFile; fileRef = FR_147648478192 /* Math.swift */; };
		BF_643873472256 /* BuildInfo.swift in Sources */ = {isa = PBXBuildFile; fileRef = FR_286667488207 /* BuildInfo.swift */; };
		BF_650757592995 /* AttenuatorViewController.swift in Sources */ = {isa = PBXBuildFile; fileRef = FR_348139716022 /* AttenuatorViewController.swift */; };
		BF_651476620979 /* main.swift in Sources */ = {isa = PBXBuildFile; fileRef = FR_589106379467 /* main.swift */; };
		BF_656236586286 /* MediaObjectPasteboardUtility.swift in Sources */ = {isa = PBXBuildFile; fileRef = FR_523879450642 /* MediaObjectPasteboardUtility.swift */; };
		BF_660418004134 /* Functions.swift in Sources */ = {isa = PBXBuildFile; fileRef = FR_957287976757 /* Functions.swift */; };
		BF_664327560691 /* Result.swift in Sources */ = {isa = PBXBuildFile; fileRef = FR_193470404895 /* Result.swift */; };
		BF_676360459504 /* Result.swift in Sources */ = {isa = PBXBuildFile; fileRef = FR_193470404895 /* Result.swift */; };
		BF_679717566796 /* Logger.swift in Sources */ = {isa = PBXBuildFile; fileRef = FR_172951373363 /* Logger.swift */; };
		BF_680115118905 /* AudioComponentDescription.swift in Sources */ = {isa = PBXBuildFile; fileRef = FR_362841609540 /* AudioComponentDescription.swift */; };
		BF_683577958037 /* UnsafeMutableAudioBufferListPointer.swift in Sources */ = {isa = PBXBuildFile; fileRef = FR_104646605203 /* UnsafeMutableAudioBufferListPointer.swift */; };
		BF_693743575159 /* MediaItemView.swift in Sources */ = {isa = PBXBuildFile; fileRef = FR_420833202030 /* MediaItemView.swift */; };
		BF_707660744972 /* NSToolbar.swift in Sources */ = {isa = PBXBuildFile; fileRef = FR_511882230498 /* NSToolbar.swift */; };
		BF_711669815210 /* OperationQueue.swift in Sources */ = {isa = PBXBuildFile; fileRef = FR_187228268653 /* OperationQueue.swift */; };
		BF_713841725563 /* DispatchQueue.swift in Sources */ = {isa = PBXBuildFile; fileRef = FR_514056196278 /* DispatchQueue.swift */; };
		BF_721398311481 /* GLKMatrix4.swift in Sources */ = {isa = PBXBuildFile; fileRef = FR_334412403324 /* GLKMatrix4.swift */; };
		BF_744951361099 /* RandomFactory.swift in Sources */ = {isa = PBXBuildFile; fileRef = FR_901061600663 /* RandomFactory.swift */; };
		BF_748966905112 /* MediaObjectPasteboardUtility.swift in Sources */ = {isa = PBXBuildFile; fileRef = FR_523879450642 /* MediaObjectPasteboardUtility.swift */; };
		BF_752531507161 /* UnfairLock.swift in Sources */ = {isa = PBXBuildFile; fileRef = FR_653613194344 /* UnfairLock.swift */; };
		BF_753981062878 /* RuntimeInfo.swift in Sources */ = {isa = PBXBuildFile; fileRef = FR_138548045935 /* RuntimeInfo.swift */; };
		BF_761639523321 /* String.swift in Sources */ = {isa = PBXBuildFile; fileRef = FR_220013696539 /* String.swift */; };
		BF_772007255301 /* AudioComponentsUtility.swift in Sources */ = {isa = PBXBuildFile; fileRef = FR_481872999206 /* AudioComponentsUtility.swift */; };
		BF_779092552531 /* AttenuatorAudioUnit.swift in Sources */ = {isa = PBXBuildFile; fileRef = FR_384870902945 /* AttenuatorAudioUnit.swift */; };
		BF_780169715150 /* DispatchSemaphore.swift in Sources */ = {isa = PBXBuildFile; fileRef = FR_356432211764 /* DispatchSemaphore.swift */; };
		BF_782556615533 /* VULevelMeter.swift in Sources */ = {isa = PBXBuildFile; fileRef = FR_819732604982 /* VULevelMeter.swift */; };
		BF_785704663635 /* DispatchQueue.swift in Sources */ = {isa = PBXBuildFile; fileRef = FR_514056196278 /* DispatchQueue.swift */; };
		BF_785849150442 /* MainViewUIModel.swift in Sources */ = {isa = PBXBuildFile; fileRef = FR_768423343955 /* MainViewUIModel.swift */; };
		BF_786679896829 /* Math.swift in Sources */ = {isa = PBXBuildFile; fileRef = FR_147648478192 /* Math.swift */; };
		BF_787635802623 /* AudioBuffer.swift in Sources */ = {isa = PBXBuildFile; fileRef = FR_201236785267 /* AudioBuffer.swift */; };
		BF_795248762494 /* VULevelMeter.DrawingData.swift in Sources */ = {isa = PBXBuildFile; fileRef = FR_914617087001 /* VULevelMeter.DrawingData.swift */; };
		BF_801607329750 /* AttenuatorParameter.swift in Sources */ = {isa = PBXBuildFile; fileRef = FR_148513859102 /* AttenuatorParameter.swift */; };
		BF_816812609926 /* NotificationObserver.swift in Sources */ = {isa = PBXBuildFile; fileRef = FR_384542317052 /* NotificationObserver.swift */; };
		BF_817798486177 /* MediaLibraryUtility.swift in Sources */ = {isa = PBXBuildFile; fileRef = FR_410250789410 /* MediaLibraryUtility.swift */; };
		BF_823219788030 /* NSToolbar.swift in Sources */ = {isa = PBXBuildFile; fileRef = FR_511882230498 /* NSToolbar.swift */; };
		BF_831893056120 /* RuntimeInfo.swift in Sources */ = {isa = PBXBuildFile; fileRef = FR_138548045935 /* RuntimeInfo.swift */; };
		BF_833502059605 /* VULevelMeter.Shaders.metal in Sources */ = {isa = PBXBuildFile; fileRef = FR_815437241009 /* VULevelMeter.Shaders.metal */; };
		BF_834280954530 /* UnfairLock.swift in Sources */ = {isa = PBXBuildFile; fileRef = FR_653613194344 /* UnfairLock.swift */; };
		BF_838021583512 /* Color.swift in Sources */ = {isa = PBXBuildFile; fileRef = FR_841180301618 /* Color.swift */; };
		BF_841759325141 /* SmartDispatchSourceUserDataAdd.swift in Sources */ = {isa = PBXBuildFile; fileRef = FR_371613980578 /* SmartDispatchSourceUserDataAdd.swift */; };
		BF_843427254195 /* SmartDispatchSourceType.swift in Sources */ = {isa = PBXBuildFile; fileRef = FR_266445624153 /* SmartDispatchSourceType.swift */; };
		BF_849459692515 /* MainToolbar.Event.swift in Sources */ = {isa = PBXBuildFile; fileRef = FR_167156401758 /* MainToolbar.Event.swift */; };
		BF_855358985803 /* MainWindowController.swift in Sources */ = {isa = PBXBuildFile; fileRef = FR_265111543119 /* MainWindowController.swift */; };
		BF_855967887340 /* BufferedAudioBus.swift in Sources */ = {isa = PBXBuildFile; fileRef = FR_592645883518 /* BufferedAudioBus.swift */; };
		BF_859148677263 /* MediaLibraryUtility.swift in Sources */ = {isa = PBXBuildFile; fileRef = FR_410250789410 /* MediaLibraryUtility.swift */; };
		BF_862454488893 /* NumericTypesConversions.swift in Sources */ = {isa = PBXBuildFile; fileRef = FR_358188614321 /* NumericTypesConversions.swift */; };
		BF_865353549067 /* Application.swift in Sources */ = {isa = PBXBuildFile; fileRef = FR_914821030408 /* Application.swift */; };
		BF_867252455431 /* NotificationObserver.swift in Sources */ = {isa = PBXBuildFile; fileRef = FR_384542317052 /* NotificationObserver.swift */; };
		BF_867774128853 /* Functions.swift in Sources */ = {isa = PBXBuildFile; fileRef = FR_957287976757 /* Functions.swift */; };
		BF_869993457427 /* VULevelMeter.Shaders.metal in Sources */ = {isa = PBXBuildFile; fileRef = FR_815437241009 /* VULevelMeter.Shaders.metal */; };
		BF_870301581291 /* CoreTypeAliases.swift in Sources */ = {isa = PBXBuildFile; fileRef = FR_817548472275 /* CoreTypeAliases.swift */; };
		BF_871836594617 /* NonRecursiveLocking.swift in Sources */ = {isa = PBXBuildFile; fileRef = FR_594631765386 /* NonRecursiveLocking.swift */; };
		BF_875997168301 /* AttenuatorAU.appex in Embed App Extensions */ = {isa = PBXBuildFile; fileRef = FR_745679344536 /* AttenuatorAU.appex */; settings = {ATTRIBUTES = (RemoveHeadersOnCopy, ); }; };
		BF_883231283336 /* SmartDispatchSourceUserDataAdd.swift in Sources */ = {isa = PBXBuildFile; fileRef = FR_371613980578 /* SmartDispatchSourceUserDataAdd.swift */; };
		BF_886720820422 /* BuildInfo.swift in Sources */ = {isa = PBXBuildFile; fileRef = FR_286667488207 /* BuildInfo.swift */; };
		BF_890746180964 /* Bundle.swift in Sources */ = {isa = PBXBuildFile; fileRef = FR_771218874362 /* Bundle.swift */; };
		BF_891627751545 /* MTLDevice.swift in Sources */ = {isa = PBXBuildFile; fileRef = FR_372664141963 /* MTLDevice.swift */; };
		BF_895768375586 /* CoreTypeAliases.swift in Sources */ = {isa = PBXBuildFile; fileRef = FR_817548472275 /* CoreTypeAliases.swift */; };
		BF_897401883137 /* AudioComponentDescription.swift in Sources */ = {isa = PBXBuildFile; fileRef = FR_362841609540 /* AudioComponentDescription.swift */; };
		BF_902239814856 /* MainToolbar.swift in Sources */ = {isa = PBXBuildFile; fileRef = FR_131151532904 /* MainToolbar.swift */; };
		BF_902805842065 /* OperationQueue.swift in Sources */ = {isa = PBXBuildFile; fileRef = FR_187228268653 /* OperationQueue.swift */; };
		BF_906250686010 /* DisplayLink.swift in Sources */ = {isa = PBXBuildFile; fileRef = FR_100578481280 /* DisplayLink.swift */; };
		BF_907516832955 /* NonRecursiveLock.swift in Sources */ = {isa = PBXBuildFile; fileRef = FR_276385122155 /* NonRecursiveLock.swift */; };
		BF_908013398438 /* MainToolbar.swift in Sources */ = {isa = PBXBuildFile; fileRef = FR_131151532904 /* MainToolbar.swift */; };
		BF_916170684751 /* MTLDevice.swift in Sources */ = {isa = PBXBuildFile; fileRef = FR_372664141963 /* MTLDevice.swift */; };
		BF_916255105181 /* AudioBuffer.swift in Sources */ = {isa = PBXBuildFile; fileRef = FR_201236785267 /* AudioBuffer.swift */; };
		BF_916622684346 /* DispatchQueue.swift in Sources */ = {isa = PBXBuildFile; fileRef = FR_514056196278 /* DispatchQueue.swift */; };
		BF_920632318056 /* PlaybackEngine.swift in Sources */ = {isa = PBXBuildFile; fileRef = FR_257820063930 /* PlaybackEngine.swift */; };
		BF_922086585934 /* MediaLibraryUtility.swift in Sources */ = {isa = PBXBuildFile; fileRef = FR_410250789410 /* MediaLibraryUtility.swift */; };
		BF_929851814952 /* PlaybackEngine.swift in Sources */ = {isa = PBXBuildFile; fileRef = FR_257820063930 /* PlaybackEngine.swift */; };
		BF_978604274631 /* WaveformCacheUtility.swift in Sources */ = {isa = PBXBuildFile; fileRef = FR_821723210092 /* WaveformCacheUtility.swift */; };
/* End PBXBuildFile section */

/* Begin PBXContainerItemProxy section */
		CIP_30588125234 /* PBXContainerItemProxy */ = {
			isa = PBXContainerItemProxy;
			containerPortal = P_1596525597127 /* Project object */;
			proxyType = 1;
			remoteGlobalIDString = NT_745679344536;
			remoteInfo = AttenuatorAU;
		};
/* End PBXContainerItemProxy section */

/* Begin PBXCopyFilesBuildPhase section */
		CFBP_6674098902 /* Embed App Extensions */ = {
			isa = PBXCopyFilesBuildPhase;
			buildActionMask = 2147483647;
			dstPath = "";
			dstSubfolderSpec = 13;
			files = (
				BF_875997168301 /* AttenuatorAU.appex in Embed App Extensions */,
			);
			name = "Embed App Extensions";
			runOnlyForDeploymentPostprocessing = 0;
		};
/* End PBXCopyFilesBuildPhase section */

/* Begin PBXFileReference section */
		800E1CD4216349C800D81BC8 /* DispatchSourceDisplayLinkRenderer.swift */ = {isa = PBXFileReference; lastKnownFileType = sourcecode.swift; path = DispatchSourceDisplayLinkRenderer.swift; sourceTree = "<group>"; };
		800E1CD5216349C800D81BC8 /* GenericDisplayLinkRenderer.swift */ = {isa = PBXFileReference; lastKnownFileType = sourcecode.swift; path = GenericDisplayLinkRenderer.swift; sourceTree = "<group>"; };
		800E1CDC21634A4F00D81BC8 /* CVError.swift */ = {isa = PBXFileReference; fileEncoding = 4; lastKnownFileType = sourcecode.swift; path = CVError.swift; sourceTree = "<group>"; };
		FR_100578481280 /* DisplayLink.swift */ = {isa = PBXFileReference; lastKnownFileType = sourcecode.swift; path = DisplayLink.swift; sourceTree = "<group>"; };
		FR_104646605203 /* UnsafeMutableAudioBufferListPointer.swift */ = {isa = PBXFileReference; lastKnownFileType = sourcecode.swift; path = UnsafeMutableAudioBufferListPointer.swift; sourceTree = "<group>"; };
		FR_108768514913 /* MainViewController.swift */ = {isa = PBXFileReference; lastKnownFileType = sourcecode.swift; path = MainViewController.swift; sourceTree = "<group>"; };
		FR_120747681218 /* NSNib.swift */ = {isa = PBXFileReference; lastKnownFileType = sourcecode.swift; path = NSNib.swift; sourceTree = "<group>"; };
		FR_131151532904 /* MainToolbar.swift */ = {isa = PBXFileReference; lastKnownFileType = sourcecode.swift; path = MainToolbar.swift; sourceTree = "<group>"; };
		FR_138548045935 /* RuntimeInfo.swift */ = {isa = PBXFileReference; lastKnownFileType = sourcecode.swift; path = RuntimeInfo.swift; sourceTree = "<group>"; };
		FR_147648478192 /* Math.swift */ = {isa = PBXFileReference; lastKnownFileType = sourcecode.swift; path = Math.swift; sourceTree = "<group>"; };
		FR_148513859102 /* AttenuatorParameter.swift */ = {isa = PBXFileReference; lastKnownFileType = sourcecode.swift; path = AttenuatorParameter.swift; sourceTree = "<group>"; };
		FR_153099800804 /* SpinLock.swift */ = {isa = PBXFileReference; lastKnownFileType = sourcecode.swift; path = SpinLock.swift; sourceTree = "<group>"; };
		FR_159652559712 /* Attenuator.app */ = {isa = PBXFileReference; explicitFileType = wrapper.application; includeInIndex = 0; path = Attenuator.app; sourceTree = BUILT_PRODUCTS_DIR; };
		FR_163349485050 /* WaveformDrawingDataProvider.swift */ = {isa = PBXFileReference; lastKnownFileType = sourcecode.swift; path = WaveformDrawingDataProvider.swift; sourceTree = "<group>"; };
		FR_167156401758 /* MainToolbar.Event.swift */ = {isa = PBXFileReference; lastKnownFileType = sourcecode.swift; path = MainToolbar.Event.swift; sourceTree = "<group>"; };
		FR_172951373363 /* Logger.swift */ = {isa = PBXFileReference; lastKnownFileType = sourcecode.swift; path = Logger.swift; sourceTree = "<group>"; };
		FR_175464111059 /* Info.plist */ = {isa = PBXFileReference; lastKnownFileType = text.plist.xml; path = Info.plist; sourceTree = "<group>"; };
		FR_187228268653 /* OperationQueue.swift */ = {isa = PBXFileReference; lastKnownFileType = sourcecode.swift; path = OperationQueue.swift; sourceTree = "<group>"; };
		FR_190835224210 /* MainWindowController.swift */ = {isa = PBXFileReference; lastKnownFileType = sourcecode.swift; path = MainWindowController.swift; sourceTree = "<group>"; };
		FR_193470404895 /* Result.swift */ = {isa = PBXFileReference; lastKnownFileType = sourcecode.swift; path = Result.swift; sourceTree = "<group>"; };
		FR_201236785267 /* AudioBuffer.swift */ = {isa = PBXFileReference; lastKnownFileType = sourcecode.swift; path = AudioBuffer.swift; sourceTree = "<group>"; };
		FR_220013696539 /* String.swift */ = {isa = PBXFileReference; lastKnownFileType = sourcecode.swift; path = String.swift; sourceTree = "<group>"; };
		FR_226788898884 /* AttenuatorView.swift */ = {isa = PBXFileReference; lastKnownFileType = sourcecode.swift; path = AttenuatorView.swift; sourceTree = "<group>"; };
		FR_257820063930 /* PlaybackEngine.swift */ = {isa = PBXFileReference; lastKnownFileType = sourcecode.swift; path = PlaybackEngine.swift; sourceTree = "<group>"; };
		FR_265111543119 /* MainWindowController.swift */ = {isa = PBXFileReference; lastKnownFileType = sourcecode.swift; path = MainWindowController.swift; sourceTree = "<group>"; };
		FR_266445624153 /* SmartDispatchSourceType.swift */ = {isa = PBXFileReference; lastKnownFileType = sourcecode.swift; path = SmartDispatchSourceType.swift; sourceTree = "<group>"; };
		FR_276385122155 /* NonRecursiveLock.swift */ = {isa = PBXFileReference; lastKnownFileType = sourcecode.swift; path = NonRecursiveLock.swift; sourceTree = "<group>"; };
		FR_279480210010 /* MainMenu.swift */ = {isa = PBXFileReference; lastKnownFileType = sourcecode.swift; path = MainMenu.swift; sourceTree = "<group>"; };
		FR_286667488207 /* BuildInfo.swift */ = {isa = PBXFileReference; lastKnownFileType = sourcecode.swift; path = BuildInfo.swift; sourceTree = "<group>"; };
		FR_331675799995 /* Assets.xcassets */ = {isa = PBXFileReference; lastKnownFileType = folder.assetcatalog; path = Assets.xcassets; sourceTree = "<group>"; };
		FR_334412403324 /* GLKMatrix4.swift */ = {isa = PBXFileReference; lastKnownFileType = sourcecode.swift; path = GLKMatrix4.swift; sourceTree = "<group>"; };
		FR_339395790607 /* PlaybackEngineContext.swift */ = {isa = PBXFileReference; lastKnownFileType = sourcecode.swift; path = PlaybackEngineContext.swift; sourceTree = "<group>"; };
		FR_348139716022 /* AttenuatorViewController.swift */ = {isa = PBXFileReference; lastKnownFileType = sourcecode.swift; path = AttenuatorViewController.swift; sourceTree = "<group>"; };
		FR_356432211764 /* DispatchSemaphore.swift */ = {isa = PBXFileReference; lastKnownFileType = sourcecode.swift; path = DispatchSemaphore.swift; sourceTree = "<group>"; };
		FR_357021155731 /* MainViewController.swift */ = {isa = PBXFileReference; lastKnownFileType = sourcecode.swift; path = MainViewController.swift; sourceTree = "<group>"; };
		FR_358188614321 /* NumericTypesConversions.swift */ = {isa = PBXFileReference; lastKnownFileType = sourcecode.swift; path = NumericTypesConversions.swift; sourceTree = "<group>"; };
		FR_362841609540 /* AudioComponentDescription.swift */ = {isa = PBXFileReference; lastKnownFileType = sourcecode.swift; path = AudioComponentDescription.swift; sourceTree = "<group>"; };
		FR_366887712976 /* SmartDispatchSource.swift */ = {isa = PBXFileReference; lastKnownFileType = sourcecode.swift; path = SmartDispatchSource.swift; sourceTree = "<group>"; };
		FR_371613980578 /* SmartDispatchSourceUserDataAdd.swift */ = {isa = PBXFileReference; lastKnownFileType = sourcecode.swift; path = SmartDispatchSourceUserDataAdd.swift; sourceTree = "<group>"; };
		FR_372664141963 /* MTLDevice.swift */ = {isa = PBXFileReference; lastKnownFileType = sourcecode.swift; path = MTLDevice.swift; sourceTree = "<group>"; };
		FR_384542317052 /* NotificationObserver.swift */ = {isa = PBXFileReference; lastKnownFileType = sourcecode.swift; path = NotificationObserver.swift; sourceTree = "<group>"; };
		FR_384870902945 /* AttenuatorAudioUnit.swift */ = {isa = PBXFileReference; lastKnownFileType = sourcecode.swift; path = AttenuatorAudioUnit.swift; sourceTree = "<group>"; };
		FR_385141638974 /* Framework-macOS.xcconfig */ = {isa = PBXFileReference; lastKnownFileType = text.xcconfig; path = "Framework-macOS.xcconfig"; sourceTree = "<group>"; };
		FR_397463362798 /* EffectWindowController.swift */ = {isa = PBXFileReference; lastKnownFileType = sourcecode.swift; path = EffectWindowController.swift; sourceTree = "<group>"; };
		FR_410250789410 /* MediaLibraryUtility.swift */ = {isa = PBXFileReference; lastKnownFileType = sourcecode.swift; path = MediaLibraryUtility.swift; sourceTree = "<group>"; };
		FR_420833202030 /* MediaItemView.swift */ = {isa = PBXFileReference; lastKnownFileType = sourcecode.swift; path = MediaItemView.swift; sourceTree = "<group>"; };
		FR_434848954846 /* Info.plist */ = {isa = PBXFileReference; lastKnownFileType = text.plist.xml; path = Info.plist; sourceTree = "<group>"; };
		FR_471329193054 /* Log.swift */ = {isa = PBXFileReference; lastKnownFileType = sourcecode.swift; path = Log.swift; sourceTree = "<group>"; };
		FR_479521428808 /* AUHost.app */ = {isa = PBXFileReference; explicitFileType = wrapper.application; includeInIndex = 0; path = AUHost.app; sourceTree = BUILT_PRODUCTS_DIR; };
		FR_481872999206 /* AudioComponentsUtility.swift */ = {isa = PBXFileReference; lastKnownFileType = sourcecode.swift; path = AudioComponentsUtility.swift; sourceTree = "<group>"; };
		FR_486426767884 /* App.entitlements */ = {isa = PBXFileReference; lastKnownFileType = text.plist.entitlements; path = App.entitlements; sourceTree = "<group>"; };
		FR_511882230498 /* NSToolbar.swift */ = {isa = PBXFileReference; lastKnownFileType = sourcecode.swift; path = NSToolbar.swift; sourceTree = "<group>"; };
		FR_514056196278 /* DispatchQueue.swift */ = {isa = PBXFileReference; lastKnownFileType = sourcecode.swift; path = DispatchQueue.swift; sourceTree = "<group>"; };
		FR_523879450642 /* MediaObjectPasteboardUtility.swift */ = {isa = PBXFileReference; lastKnownFileType = sourcecode.swift; path = MediaObjectPasteboardUtility.swift; sourceTree = "<group>"; };
		FR_561063399873 /* App.entitlements */ = {isa = PBXFileReference; lastKnownFileType = text.plist.entitlements; path = App.entitlements; sourceTree = "<group>"; };
		FR_589106379467 /* main.swift */ = {isa = PBXFileReference; lastKnownFileType = sourcecode.swift; path = main.swift; sourceTree = "<group>"; };
		FR_592645883518 /* BufferedAudioBus.swift */ = {isa = PBXFileReference; lastKnownFileType = sourcecode.swift; path = BufferedAudioBus.swift; sourceTree = "<group>"; };
		FR_594631765386 /* NonRecursiveLocking.swift */ = {isa = PBXFileReference; lastKnownFileType = sourcecode.swift; path = NonRecursiveLocking.swift; sourceTree = "<group>"; };
		FR_613679079742 /* Logger.swift */ = {isa = PBXFileReference; lastKnownFileType = sourcecode.swift; path = Logger.swift; sourceTree = "<group>"; };
		FR_653613194344 /* UnfairLock.swift */ = {isa = PBXFileReference; lastKnownFileType = sourcecode.swift; path = UnfairLock.swift; sourceTree = "<group>"; };
		FR_680334338110 /* AttenuatorDSPKernel.swift */ = {isa = PBXFileReference; lastKnownFileType = sourcecode.swift; path = AttenuatorDSPKernel.swift; sourceTree = "<group>"; };
		FR_703108400902 /* Application.swift */ = {isa = PBXFileReference; lastKnownFileType = sourcecode.swift; path = Application.swift; sourceTree = "<group>"; };
		FR_745679344536 /* AttenuatorAU.appex */ = {isa = PBXFileReference; explicitFileType = "wrapper.app-extension"; includeInIndex = 0; path = AttenuatorAU.appex; sourceTree = BUILT_PRODUCTS_DIR; };
		FR_768423343955 /* MainViewUIModel.swift */ = {isa = PBXFileReference; lastKnownFileType = sourcecode.swift; path = MainViewUIModel.swift; sourceTree = "<group>"; };
		FR_771218874362 /* Bundle.swift */ = {isa = PBXFileReference; lastKnownFileType = sourcecode.swift; path = Bundle.swift; sourceTree = "<group>"; };
		FR_815381213556 /* BufferDatasource.swift */ = {isa = PBXFileReference; lastKnownFileType = sourcecode.swift; path = BufferDatasource.swift; sourceTree = "<group>"; };
		FR_815437241009 /* VULevelMeter.Shaders.metal */ = {isa = PBXFileReference; lastKnownFileType = sourcecode.metal; path = VULevelMeter.Shaders.metal; sourceTree = "<group>"; };
		FR_817548472275 /* CoreTypeAliases.swift */ = {isa = PBXFileReference; lastKnownFileType = sourcecode.swift; path = CoreTypeAliases.swift; sourceTree = "<group>"; };
		FR_819732604982 /* VULevelMeter.swift */ = {isa = PBXFileReference; lastKnownFileType = sourcecode.swift; path = VULevelMeter.swift; sourceTree = "<group>"; };
		FR_821723210092 /* WaveformCacheUtility.swift */ = {isa = PBXFileReference; lastKnownFileType = sourcecode.swift; path = WaveformCacheUtility.swift; sourceTree = "<group>"; };
		FR_840642450824 /* MinMax.swift */ = {isa = PBXFileReference; lastKnownFileType = sourcecode.swift; path = MinMax.swift; sourceTree = "<group>"; };
		FR_841180301618 /* Color.swift */ = {isa = PBXFileReference; lastKnownFileType = sourcecode.swift; path = Color.swift; sourceTree = "<group>"; };
		FR_868331935700 /* MainMenu.swift */ = {isa = PBXFileReference; lastKnownFileType = sourcecode.swift; path = MainMenu.swift; sourceTree = "<group>"; };
		FR_886066776493 /* Project.xcconfig */ = {isa = PBXFileReference; lastKnownFileType = text.xcconfig; path = Project.xcconfig; sourceTree = "<group>"; };
		FR_901061600663 /* RandomFactory.swift */ = {isa = PBXFileReference; lastKnownFileType = sourcecode.swift; path = RandomFactory.swift; sourceTree = "<group>"; };
		FR_913492155579 /* AlternativeValue.swift */ = {isa = PBXFileReference; lastKnownFileType = sourcecode.swift; path = AlternativeValue.swift; sourceTree = "<group>"; };
		FR_914617087001 /* VULevelMeter.DrawingData.swift */ = {isa = PBXFileReference; lastKnownFileType = sourcecode.swift; path = VULevelMeter.DrawingData.swift; sourceTree = "<group>"; };
		FR_914821030408 /* Application.swift */ = {isa = PBXFileReference; lastKnownFileType = sourcecode.swift; path = Application.swift; sourceTree = "<group>"; };
		FR_915164787290 /* main.swift */ = {isa = PBXFileReference; lastKnownFileType = sourcecode.swift; path = main.swift; sourceTree = "<group>"; };
		FR_921324438643 /* App-macOS.xcconfig */ = {isa = PBXFileReference; lastKnownFileType = text.xcconfig; path = "App-macOS.xcconfig"; sourceTree = "<group>"; };
		FR_957287976757 /* Functions.swift */ = {isa = PBXFileReference; lastKnownFileType = sourcecode.swift; path = Functions.swift; sourceTree = "<group>"; };
/* End PBXFileReference section */

/* Begin PBXGroup section */
		G_1051255717291 /* AttenuatorKit */ = {
			isa = PBXGroup;
			children = (
				FR_384870902945 /* AttenuatorAudioUnit.swift */,
				FR_680334338110 /* AttenuatorDSPKernel.swift */,
				FR_148513859102 /* AttenuatorParameter.swift */,
				FR_226788898884 /* AttenuatorView.swift */,
				FR_348139716022 /* AttenuatorViewController.swift */,
				FR_613679079742 /* Logger.swift */,
			);
			path = AttenuatorKit;
			sourceTree = "<group>";
		};
		G_1410782486878 /* Core */ = {
			isa = PBXGroup;
			children = (
				G_1939976391930 /* Concurrency */,
				G_6706168880030 /* Converters */,
				G_8886755702512 /* Extensions */,
				G_8338256568268 /* Sources */,
			);
			path = Core;
			sourceTree = "<group>";
		};
		G_1939976391930 /* Concurrency */ = {
			isa = PBXGroup;
			children = (
				FR_276385122155 /* NonRecursiveLock.swift */,
				FR_594631765386 /* NonRecursiveLocking.swift */,
				FR_366887712976 /* SmartDispatchSource.swift */,
				FR_266445624153 /* SmartDispatchSourceType.swift */,
				FR_371613980578 /* SmartDispatchSourceUserDataAdd.swift */,
				FR_153099800804 /* SpinLock.swift */,
				FR_653613194344 /* UnfairLock.swift */,
			);
			path = Concurrency;
			sourceTree = "<group>";
		};
		G_2094187532731 /* WL */ = {
			isa = PBXGroup;
			children = (
				G_8607825225765 /* AppKit */,
				G_1410782486878 /* Core */,
				G_7175576257682 /* Foundation */,
				G_4966212076473 /* Media */,
				G_8407557183711 /* Shared */,
				G_4967255243892 /* Types */,
			);
			name = WL;
			path = /Users/vova/Developer/Projects/WL;
			sourceTree = WL;
		};
		G_3313603959582 /* Configuration */ = {
			isa = PBXGroup;
			children = (
				FR_886066776493 /* Project.xcconfig */,
			);
			path = Configuration;
			sourceTree = "<group>";
		};
		G_3510896712294 /* Media */ = {
			isa = PBXGroup;
			children = (
				800E1CDC21634A4F00D81BC8 /* CVError.swift */,
				800E1CD4216349C800D81BC8 /* DispatchSourceDisplayLinkRenderer.swift */,
				800E1CD5216349C800D81BC8 /* GenericDisplayLinkRenderer.swift */,
				FR_100578481280 /* DisplayLink.swift */,
				FR_410250789410 /* MediaLibraryUtility.swift */,
				FR_523879450642 /* MediaObjectPasteboardUtility.swift */,
				FR_914617087001 /* VULevelMeter.DrawingData.swift */,
				FR_815437241009 /* VULevelMeter.Shaders.metal */,
				FR_819732604982 /* VULevelMeter.swift */,
			);
			path = Media;
			sourceTree = "<group>";
		};
		G_4232250575065 /* Extensions */ = {
			isa = PBXGroup;
			children = (
				FR_841180301618 /* Color.swift */,
				FR_220013696539 /* String.swift */,
			);
			path = Extensions;
			sourceTree = "<group>";
		};
		G_4298338219816 /* Sources */ = {
			isa = PBXGroup;
			children = (
				FR_481872999206 /* AudioComponentsUtility.swift */,
				FR_815381213556 /* BufferDatasource.swift */,
				FR_592645883518 /* BufferedAudioBus.swift */,
				FR_821723210092 /* WaveformCacheUtility.swift */,
				FR_163349485050 /* WaveformDrawingDataProvider.swift */,
			);
			path = Sources;
			sourceTree = "<group>";
		};
		G_4792067459102 /* Shared */ = {
			isa = PBXGroup;
			children = (
				FR_167156401758 /* MainToolbar.Event.swift */,
				FR_131151532904 /* MainToolbar.swift */,
				FR_768423343955 /* MainViewUIModel.swift */,
				FR_420833202030 /* MediaItemView.swift */,
				FR_257820063930 /* PlaybackEngine.swift */,
				FR_339395790607 /* PlaybackEngineContext.swift */,
			);
			path = Shared;
			sourceTree = "<group>";
		};
		G_4793969390202 /* Vendor */ = {
			isa = PBXGroup;
			children = (
				G_2094187532731 /* WL */,
			);
			path = Vendor;
			sourceTree = "<group>";
		};
		G_4819504305323 /* Extensions */ = {
			isa = PBXGroup;
			children = (
				FR_201236785267 /* AudioBuffer.swift */,
				FR_362841609540 /* AudioComponentDescription.swift */,
				FR_334412403324 /* GLKMatrix4.swift */,
				FR_372664141963 /* MTLDevice.swift */,
				FR_104646605203 /* UnsafeMutableAudioBufferListPointer.swift */,
			);
			path = Extensions;
			sourceTree = "<group>";
		};
		G_4839442631105 /* Extensions */ = {
			isa = PBXGroup;
			children = (
				FR_120747681218 /* NSNib.swift */,
				FR_511882230498 /* NSToolbar.swift */,
			);
			path = Extensions;
			sourceTree = "<group>";
		};
		G_4966212076473 /* Media */ = {
			isa = PBXGroup;
			children = (
				G_4819504305323 /* Extensions */,
				G_4298338219816 /* Sources */,
			);
			path = Media;
			sourceTree = "<group>";
		};
		G_4967255243892 /* Types */ = {
			isa = PBXGroup;
			children = (
				G_7290003734133 /* Sources */,
			);
			path = Types;
			sourceTree = "<group>";
		};
		G_5640319567679 /* SampleAUPlugin */ = {
			isa = PBXGroup;
			children = (
				G_9116980333101 /* Attenuator */,
				G_1051255717291 /* AttenuatorKit */,
			);
			path = SampleAUPlugin;
			sourceTree = "<group>";
		};
		G_5823102150502 /* Sources */ = {
			isa = PBXGroup;
			children = (
				FR_286667488207 /* BuildInfo.swift */,
				FR_957287976757 /* Functions.swift */,
				FR_147648478192 /* Math.swift */,
				FR_193470404895 /* Result.swift */,
				FR_138548045935 /* RuntimeInfo.swift */,
			);
			path = Sources;
			sourceTree = "<group>";
		};
		G_6416361666554 /* log */ = {
			isa = PBXGroup;
			children = (
				FR_471329193054 /* Log.swift */,
			);
			path = log;
			sourceTree = "<group>";
		};
		G_6706168880030 /* Converters */ = {
			isa = PBXGroup;
			children = (
				FR_358188614321 /* NumericTypesConversions.swift */,
			);
			path = Converters;
			sourceTree = "<group>";
		};
		G_7175576257682 /* Foundation */ = {
			isa = PBXGroup;
			children = (
				G_4232250575065 /* Extensions */,
				G_8203318616475 /* Notification */,
				G_9038649233101 /* os */,
				G_5823102150502 /* Sources */,
			);
			path = Foundation;
			sourceTree = "<group>";
		};
		G_7290003734133 /* Sources */ = {
			isa = PBXGroup;
			children = (
				FR_840642450824 /* MinMax.swift */,
				FR_901061600663 /* RandomFactory.swift */,
			);
			path = Sources;
			sourceTree = "<group>";
		};
		G_7634532414020 /* SampleAUHost */ = {
			isa = PBXGroup;
			children = (
				FR_561063399873 /* App.entitlements */,
				FR_703108400902 /* Application.swift */,
				FR_397463362798 /* EffectWindowController.swift */,
				FR_175464111059 /* Info.plist */,
				FR_172951373363 /* Logger.swift */,
				FR_589106379467 /* main.swift */,
				FR_279480210010 /* MainMenu.swift */,
				FR_108768514913 /* MainViewController.swift */,
				FR_265111543119 /* MainWindowController.swift */,
			);
			path = SampleAUHost;
			sourceTree = "<group>";
		};
		G_7688559480977 /* Configuration */ = {
			isa = PBXGroup;
			children = (
				FR_921324438643 /* App-macOS.xcconfig */,
				FR_385141638974 /* Framework-macOS.xcconfig */,
			);
			path = Configuration;
			sourceTree = "<group>";
		};
		G_8203318616475 /* Notification */ = {
			isa = PBXGroup;
			children = (
				FR_384542317052 /* NotificationObserver.swift */,
			);
			path = Notification;
			sourceTree = "<group>";
		};
		G_8338256568268 /* Sources */ = {
			isa = PBXGroup;
			children = (
				FR_913492155579 /* AlternativeValue.swift */,
				FR_817548472275 /* CoreTypeAliases.swift */,
			);
			path = Sources;
			sourceTree = "<group>";
		};
		G_8407557183711 /* Shared */ = {
			isa = PBXGroup;
			children = (
				G_7688559480977 /* Configuration */,
			);
			path = Shared;
			sourceTree = "<group>";
		};
		G_8448771205358 = {
			isa = PBXGroup;
			children = (
				G_3313603959582 /* Configuration */,
				G_7634532414020 /* SampleAUHost */,
				G_5640319567679 /* SampleAUPlugin */,
				G_4792067459102 /* Shared */,
				G_4793969390202 /* Vendor */,
				G_8620238527590 /* Products */,
			);
			indentWidth = 3;
			sourceTree = "<group>";
			tabWidth = 3;
			usesTabs = 0;
		};
		G_8607825225765 /* AppKit */ = {
			isa = PBXGroup;
			children = (
				G_4839442631105 /* Extensions */,
				G_3510896712294 /* Media */,
			);
			path = AppKit;
			sourceTree = "<group>";
		};
		G_8620238527590 /* Products */ = {
			isa = PBXGroup;
			children = (
				FR_159652559712 /* Attenuator.app */,
				FR_745679344536 /* AttenuatorAU.appex */,
				FR_479521428808 /* AUHost.app */,
			);
			name = Products;
			sourceTree = "<group>";
		};
		G_8886755702512 /* Extensions */ = {
			isa = PBXGroup;
			children = (
				FR_771218874362 /* Bundle.swift */,
				FR_514056196278 /* DispatchQueue.swift */,
				FR_356432211764 /* DispatchSemaphore.swift */,
				FR_187228268653 /* OperationQueue.swift */,
			);
			path = Extensions;
			sourceTree = "<group>";
		};
		G_9038649233101 /* os */ = {
			isa = PBXGroup;
			children = (
				G_6416361666554 /* log */,
			);
			path = os;
			sourceTree = "<group>";
		};
		G_9116980333101 /* Attenuator */ = {
			isa = PBXGroup;
			children = (
				FR_486426767884 /* App.entitlements */,
				FR_914821030408 /* Application.swift */,
				FR_331675799995 /* Assets.xcassets */,
				FR_434848954846 /* Info.plist */,
				FR_915164787290 /* main.swift */,
				FR_868331935700 /* MainMenu.swift */,
				FR_357021155731 /* MainViewController.swift */,
				FR_190835224210 /* MainWindowController.swift */,
			);
			path = Attenuator;
			sourceTree = "<group>";
		};
/* End PBXGroup section */

/* Begin PBXNativeTarget section */
		NT_159652559712 /* Attenuator */ = {
			isa = PBXNativeTarget;
			buildConfigurationList = "CL_159652559712-1" /* Build configuration list for PBXNativeTarget "Attenuator" */;
			buildPhases = (
				SBP_15965255971 /* Sources */,
				RBP_15965255971 /* Resources */,
				CFBP_6674098902 /* Embed App Extensions */,
				SSBP_6780109484 /* Run Script: Post-Build */,
			);
			buildRules = (
			);
			dependencies = (
				TD_305881252344 /* PBXTargetDependency */,
			);
			name = Attenuator;
			productName = Attenuator;
			productReference = FR_159652559712 /* Attenuator.app */;
			productType = "com.apple.product-type.application";
		};
		NT_479521428808 /* AUHost */ = {
			isa = PBXNativeTarget;
			buildConfigurationList = CL_479521428808 /* Build configuration list for PBXNativeTarget "AUHost" */;
			buildPhases = (
				SSBP_3126798100 /* Run Script: Verify */,
				SBP_47952142880 /* Sources */,
			);
			buildRules = (
			);
			dependencies = (
			);
			name = AUHost;
			productName = AUHost;
			productReference = FR_479521428808 /* AUHost.app */;
			productType = "com.apple.product-type.application";
		};
		NT_745679344536 /* AttenuatorAU */ = {
			isa = PBXNativeTarget;
			buildConfigurationList = CL_745679344536 /* Build configuration list for PBXNativeTarget "AttenuatorAU" */;
			buildPhases = (
				SBP_74567934453 /* Sources */,
			);
			buildRules = (
			);
			dependencies = (
			);
			name = AttenuatorAU;
			productName = AttenuatorAU;
			productReference = FR_745679344536 /* AttenuatorAU.appex */;
			productType = "com.apple.product-type.app-extension";
		};
/* End PBXNativeTarget section */

/* Begin PBXProject section */
		P_1596525597127 /* Project object */ = {
			isa = PBXProject;
			attributes = {
				LastUpgradeCheck = 1000;
				ORGANIZATIONNAME = WaveLabs;
				TargetAttributes = {
					NT_159652559712 = {
						DevelopmentTeam = E27KE6VTF6;
						ProvisioningStyle = Automatic;
					};
					NT_479521428808 = {
						DevelopmentTeam = E27KE6VTF6;
						ProvisioningStyle = Automatic;
					};
					NT_745679344536 = {
						DevelopmentTeam = E27KE6VTF6;
						ProvisioningStyle = Automatic;
					};
				};
			};
			buildConfigurationList = CL_159652559712 /* Build configuration list for PBXProject "Attenuator" */;
			compatibilityVersion = "Xcode 3.2";
			developmentRegion = en;
			hasScannedForEncodings = 0;
			knownRegions = (
				en,
			);
			mainGroup = G_8448771205358;
			productRefGroup = G_8620238527590 /* Products */;
			projectDirPath = "";
			projectRoot = "";
			targets = (
				NT_479521428808 /* AUHost */,
				NT_159652559712 /* Attenuator */,
				NT_745679344536 /* AttenuatorAU */,
			);
		};
/* End PBXProject section */

/* Begin PBXResourcesBuildPhase section */
		RBP_15965255971 /* Resources */ = {
			isa = PBXResourcesBuildPhase;
			buildActionMask = 2147483647;
			files = (
				BF_380722562613 /* Assets.xcassets in Resources */,
			);
			runOnlyForDeploymentPostprocessing = 0;
		};
/* End PBXResourcesBuildPhase section */

/* Begin PBXShellScriptBuildPhase section */
		SSBP_3126798100 /* Run Script: Verify */ = {
			isa = PBXShellScriptBuildPhase;
			buildActionMask = 2147483647;
			files = (
			);
			inputPaths = (
			);
			name = "Run Script: Verify";
			outputPaths = (
			);
			runOnlyForDeploymentPostprocessing = 0;
			shellPath = /bin/bash;
			shellScript = "[[ -r ~/.bashrc ]] && . ~/.bashrc && ruby -r \"`pwd`/Automation.rb\" -e \"Automation.verifyHost\"";
		};
		SSBP_6780109484 /* Run Script: Post-Build */ = {
			isa = PBXShellScriptBuildPhase;
			buildActionMask = 2147483647;
			files = (
			);
			inputPaths = (
			);
			name = "Run Script: Post-Build";
			outputPaths = (
			);
			runOnlyForDeploymentPostprocessing = 0;
			shellPath = /bin/bash;
			shellScript = "[[ -r ~/.bashrc ]] && . ~/.bashrc && ruby -r \"`pwd`/Automation.rb\" -e \"Automation.post\"\n";
		};
/* End PBXShellScriptBuildPhase section */

/* Begin PBXSourcesBuildPhase section */
		SBP_15965255971 /* Sources */ = {
			isa = PBXSourcesBuildPhase;
			buildActionMask = 2147483647;
			files = (
				BF_346301406448 /* AlternativeValue.swift in Sources */,
				BF_865353549067 /* Application.swift in Sources */,
				BF_779092552531 /* AttenuatorAudioUnit.swift in Sources */,
				BF_401877561071 /* AttenuatorDSPKernel.swift in Sources */,
				BF_540354677184 /* AttenuatorParameter.swift in Sources */,
				BF_445651497740 /* AttenuatorView.swift in Sources */,
				BF_650757592995 /* AttenuatorViewController.swift in Sources */,
				BF_468773263179 /* AudioBuffer.swift in Sources */,
				BF_680115118905 /* AudioComponentDescription.swift in Sources */,
				BF_192434473663 /* AudioComponentsUtility.swift in Sources */,
				BF_553590052872 /* BufferDatasource.swift in Sources */,
				BF_237212377430 /* BufferedAudioBus.swift in Sources */,
				BF_643873472256 /* BuildInfo.swift in Sources */,
				BF_478974428198 /* Bundle.swift in Sources */,
				BF_838021583512 /* Color.swift in Sources */,
				BF_870301581291 /* CoreTypeAliases.swift in Sources */,
				BF_713841725563 /* DispatchQueue.swift in Sources */,
				BF_780169715150 /* DispatchSemaphore.swift in Sources */,
				BF_552656216980 /* DisplayLink.swift in Sources */,
				BF_660418004134 /* Functions.swift in Sources */,
				BF_224378275034 /* GLKMatrix4.swift in Sources */,
				BF_357210821337 /* Log.swift in Sources */,
				BF_271516896118 /* Logger.swift in Sources */,
				BF_891627751545 /* MTLDevice.swift in Sources */,
				BF_218431404757 /* MainMenu.swift in Sources */,
				BF_849459692515 /* MainToolbar.Event.swift in Sources */,
				BF_908013398438 /* MainToolbar.swift in Sources */,
				BF_324810813080 /* MainViewController.swift in Sources */,
				BF_635084898562 /* MainViewUIModel.swift in Sources */,
				BF_128520286336 /* MainWindowController.swift in Sources */,
				BF_638385850436 /* Math.swift in Sources */,
				BF_108386241351 /* MediaItemView.swift in Sources */,
				BF_922086585934 /* MediaLibraryUtility.swift in Sources */,
				BF_748966905112 /* MediaObjectPasteboardUtility.swift in Sources */,
				BF_356514760176 /* MinMax.swift in Sources */,
				BF_259938015378 /* NSNib.swift in Sources */,
				BF_707660744972 /* NSToolbar.swift in Sources */,
				BF_310703325925 /* NonRecursiveLock.swift in Sources */,
				800E1CD9216349D200D81BC8 /* GenericDisplayLinkRenderer.swift in Sources */,
				BF_152313679271 /* NonRecursiveLocking.swift in Sources */,
				BF_867252455431 /* NotificationObserver.swift in Sources */,
				BF_333129947479 /* NumericTypesConversions.swift in Sources */,
				800E1CD8216349D200D81BC8 /* DispatchSourceDisplayLinkRenderer.swift in Sources */,
				BF_711669815210 /* OperationQueue.swift in Sources */,
				BF_929851814952 /* PlaybackEngine.swift in Sources */,
				BF_632526416738 /* PlaybackEngineContext.swift in Sources */,
				BF_282145920285 /* RandomFactory.swift in Sources */,
				BF_522424301285 /* Result.swift in Sources */,
				BF_436898534649 /* RuntimeInfo.swift in Sources */,
				BF_290898691759 /* SmartDispatchSource.swift in Sources */,
				BF_843427254195 /* SmartDispatchSourceType.swift in Sources */,
				BF_883231283336 /* SmartDispatchSourceUserDataAdd.swift in Sources */,
				BF_379602808113 /* SpinLock.swift in Sources */,
				BF_554063903703 /* String.swift in Sources */,
				BF_834280954530 /* UnfairLock.swift in Sources */,
				BF_683577958037 /* UnsafeMutableAudioBufferListPointer.swift in Sources */,
				800E1CDE21634A4F00D81BC8 /* CVError.swift in Sources */,
				BF_795248762494 /* VULevelMeter.DrawingData.swift in Sources */,
				BF_869993457427 /* VULevelMeter.Shaders.metal in Sources */,
				BF_782556615533 /* VULevelMeter.swift in Sources */,
				BF_978604274631 /* WaveformCacheUtility.swift in Sources */,
				BF_173197791811 /* WaveformDrawingDataProvider.swift in Sources */,
				BF_226540662901 /* main.swift in Sources */,
			);
			runOnlyForDeploymentPostprocessing = 0;
		};
		SBP_47952142880 /* Sources */ = {
			isa = PBXSourcesBuildPhase;
			buildActionMask = 2147483647;
			files = (
				BF_384235353344 /* AlternativeValue.swift in Sources */,
				BF_302090082828 /* Application.swift in Sources */,
				BF_916255105181 /* AudioBuffer.swift in Sources */,
				BF_897401883137 /* AudioComponentDescription.swift in Sources */,
				BF_532161126324 /* AudioComponentsUtility.swift in Sources */,
				BF_595192784758 /* BufferDatasource.swift in Sources */,
				BF_617057930067 /* BufferedAudioBus.swift in Sources */,
				BF_139398097559 /* BuildInfo.swift in Sources */,
				BF_293009256395 /* Bundle.swift in Sources */,
				BF_553750671974 /* Color.swift in Sources */,
				BF_509236647880 /* CoreTypeAliases.swift in Sources */,
				BF_785704663635 /* DispatchQueue.swift in Sources */,
				BF_402396580518 /* DispatchSemaphore.swift in Sources */,
				BF_343634831942 /* DisplayLink.swift in Sources */,
				BF_426323267642 /* EffectWindowController.swift in Sources */,
				BF_163238274071 /* Functions.swift in Sources */,
				BF_293313298752 /* GLKMatrix4.swift in Sources */,
				BF_244528560305 /* Log.swift in Sources */,
				BF_679717566796 /* Logger.swift in Sources */,
				BF_916170684751 /* MTLDevice.swift in Sources */,
				BF_513112649076 /* MainMenu.swift in Sources */,
				BF_471128291173 /* MainToolbar.Event.swift in Sources */,
				BF_902239814856 /* MainToolbar.swift in Sources */,
				BF_621129062072 /* MainViewController.swift in Sources */,
				BF_785849150442 /* MainViewUIModel.swift in Sources */,
				BF_855358985803 /* MainWindowController.swift in Sources */,
				BF_786679896829 /* Math.swift in Sources */,
				BF_693743575159 /* MediaItemView.swift in Sources */,
				BF_859148677263 /* MediaLibraryUtility.swift in Sources */,
				BF_656236586286 /* MediaObjectPasteboardUtility.swift in Sources */,
				BF_397928643547 /* MinMax.swift in Sources */,
				BF_309284923104 /* NSNib.swift in Sources */,
				BF_823219788030 /* NSToolbar.swift in Sources */,
				BF_907516832955 /* NonRecursiveLock.swift in Sources */,
				BF_871836594617 /* NonRecursiveLocking.swift in Sources */,
				BF_193657879464 /* NotificationObserver.swift in Sources */,
				BF_475506354918 /* NumericTypesConversions.swift in Sources */,
				BF_902805842065 /* OperationQueue.swift in Sources */,
				BF_920632318056 /* PlaybackEngine.swift in Sources */,
				BF_567696773190 /* PlaybackEngineContext.swift in Sources */,
				BF_744951361099 /* RandomFactory.swift in Sources */,
				BF_676360459504 /* Result.swift in Sources */,
				BF_831893056120 /* RuntimeInfo.swift in Sources */,
				BF_208250284321 /* SmartDispatchSource.swift in Sources */,
				BF_441392352039 /* SmartDispatchSourceType.swift in Sources */,
				BF_841759325141 /* SmartDispatchSourceUserDataAdd.swift in Sources */,
				800E1CDD21634A4F00D81BC8 /* CVError.swift in Sources */,
				BF_474582173694 /* SpinLock.swift in Sources */,
				BF_495552210410 /* String.swift in Sources */,
				BF_446038604038 /* UnfairLock.swift in Sources */,
				BF_393179982332 /* UnsafeMutableAudioBufferListPointer.swift in Sources */,
				800E1CDB216349D200D81BC8 /* GenericDisplayLinkRenderer.swift in Sources */,
				BF_373940696003 /* VULevelMeter.DrawingData.swift in Sources */,
				BF_632506041481 /* VULevelMeter.Shaders.metal in Sources */,
				800E1CDA216349D200D81BC8 /* DispatchSourceDisplayLinkRenderer.swift in Sources */,
				BF_112491367651 /* VULevelMeter.swift in Sources */,
				BF_265996358216 /* WaveformCacheUtility.swift in Sources */,
				BF_245218742383 /* WaveformDrawingDataProvider.swift in Sources */,
				BF_651476620979 /* main.swift in Sources */,
			);
			runOnlyForDeploymentPostprocessing = 0;
		};
		SBP_74567934453 /* Sources */ = {
			isa = PBXSourcesBuildPhase;
			buildActionMask = 2147483647;
			files = (
				BF_499761015697 /* AlternativeValue.swift in Sources */,
				BF_293787479647 /* AttenuatorAudioUnit.swift in Sources */,
				BF_566442287917 /* AttenuatorDSPKernel.swift in Sources */,
				BF_801607329750 /* AttenuatorParameter.swift in Sources */,
				BF_267928505173 /* AttenuatorView.swift in Sources */,
				BF_503364873171 /* AttenuatorViewController.swift in Sources */,
				BF_787635802623 /* AudioBuffer.swift in Sources */,
				BF_386924560374 /* AudioComponentDescription.swift in Sources */,
				BF_772007255301 /* AudioComponentsUtility.swift in Sources */,
				BF_115820748934 /* BufferDatasource.swift in Sources */,
				BF_855967887340 /* BufferedAudioBus.swift in Sources */,
				BF_886720820422 /* BuildInfo.swift in Sources */,
				BF_890746180964 /* Bundle.swift in Sources */,
				BF_569494876854 /* Color.swift in Sources */,
				BF_895768375586 /* CoreTypeAliases.swift in Sources */,
				BF_916622684346 /* DispatchQueue.swift in Sources */,
				BF_163081345881 /* DispatchSemaphore.swift in Sources */,
				BF_906250686010 /* DisplayLink.swift in Sources */,
				BF_867774128853 /* Functions.swift in Sources */,
				BF_721398311481 /* GLKMatrix4.swift in Sources */,
				BF_393182086952 /* Log.swift in Sources */,
				BF_381311067673 /* Logger.swift in Sources */,
				800E1CD6216349D100D81BC8 /* DispatchSourceDisplayLinkRenderer.swift in Sources */,
				BF_438009769568 /* MTLDevice.swift in Sources */,
				BF_208981634392 /* Math.swift in Sources */,
				BF_817798486177 /* MediaLibraryUtility.swift in Sources */,
				BF_358725183434 /* MediaObjectPasteboardUtility.swift in Sources */,
				BF_541762919754 /* MinMax.swift in Sources */,
				BF_633112142102 /* NSNib.swift in Sources */,
				BF_292563271267 /* NSToolbar.swift in Sources */,
				BF_474498168332 /* NonRecursiveLock.swift in Sources */,
				BF_410243100644 /* NonRecursiveLocking.swift in Sources */,
				BF_816812609926 /* NotificationObserver.swift in Sources */,
				BF_862454488893 /* NumericTypesConversions.swift in Sources */,
				BF_423060023579 /* OperationQueue.swift in Sources */,
				BF_243668945978 /* RandomFactory.swift in Sources */,
				800E1CD7216349D100D81BC8 /* GenericDisplayLinkRenderer.swift in Sources */,
				BF_664327560691 /* Result.swift in Sources */,
				BF_753981062878 /* RuntimeInfo.swift in Sources */,
				BF_560594327070 /* SmartDispatchSource.swift in Sources */,
				BF_461199807321 /* SmartDispatchSourceType.swift in Sources */,
				BF_251416689572 /* SmartDispatchSourceUserDataAdd.swift in Sources */,
				BF_395136982491 /* SpinLock.swift in Sources */,
				BF_761639523321 /* String.swift in Sources */,
				BF_752531507161 /* UnfairLock.swift in Sources */,
				BF_308718748604 /* UnsafeMutableAudioBufferListPointer.swift in Sources */,
				BF_608789241490 /* VULevelMeter.DrawingData.swift in Sources */,
				BF_833502059605 /* VULevelMeter.Shaders.metal in Sources */,
				BF_525464205220 /* VULevelMeter.swift in Sources */,
				BF_249668406169 /* WaveformCacheUtility.swift in Sources */,
				BF_441308853295 /* WaveformDrawingDataProvider.swift in Sources */,
				800E1CDF21634A4F00D81BC8 /* CVError.swift in Sources */,
			);
			runOnlyForDeploymentPostprocessing = 0;
		};
/* End PBXSourcesBuildPhase section */

/* Begin PBXTargetDependency section */
		TD_305881252344 /* PBXTargetDependency */ = {
			isa = PBXTargetDependency;
			target = NT_745679344536 /* AttenuatorAU */;
			targetProxy = CIP_30588125234 /* PBXContainerItemProxy */;
		};
/* End PBXTargetDependency section */

/* Begin XCBuildConfiguration section */
		BC_135043931307 /* Release */ = {
			isa = XCBuildConfiguration;
			baseConfigurationReference = FR_385141638974 /* Framework-macOS.xcconfig */;
			buildSettings = {
				ALWAYS_EMBED_SWIFT_STANDARD_LIBRARIES = YES;
				CODE_SIGN_ENTITLEMENTS = SampleAUPlugin/AttenuatorAU/App.entitlements;
				CODE_SIGN_IDENTITY = "Mac Developer";
				CODE_SIGN_STYLE = Automatic;
				DEVELOPMENT_TEAM = E27KE6VTF6;
				INFOPLIST_FILE = SampleAUPlugin/AttenuatorAU/Info.plist;
				PRODUCT_BUNDLE_IDENTIFIER = ua.com.wavelabs.Attenuator.AttenuatorAU;
			};
			name = Release;
		};
		BC_286663722189 /* Debug */ = {
			isa = XCBuildConfiguration;
			baseConfigurationReference = FR_921324438643 /* App-macOS.xcconfig */;
			buildSettings = {
				CODE_SIGN_ENTITLEMENTS = SampleAUHost/App.entitlements;
				CODE_SIGN_IDENTITY = "Mac Developer";
				CODE_SIGN_STYLE = Automatic;
				DEPLOYMENT_LOCATION = YES;
				DEVELOPMENT_TEAM = E27KE6VTF6;
				INFOPLIST_FILE = SampleAUHost/Info.plist;
				PRODUCT_BUNDLE_IDENTIFIER = ua.com.wavelabs.AUHost;
			};
			name = Debug;
		};
		BC_342975071444 /* Debug */ = {
			isa = XCBuildConfiguration;
			baseConfigurationReference = FR_921324438643 /* App-macOS.xcconfig */;
			buildSettings = {
				CODE_SIGN_ENTITLEMENTS = SampleAUPlugin/Attenuator/App.entitlements;
				CODE_SIGN_IDENTITY = "Mac Developer";
				CODE_SIGN_STYLE = Automatic;
				DEPLOYMENT_LOCATION = YES;
				DEVELOPMENT_TEAM = E27KE6VTF6;
				INFOPLIST_FILE = SampleAUPlugin/Attenuator/Info.plist;
				PRODUCT_BUNDLE_IDENTIFIER = ua.com.wavelabs.Attenuator;
			};
			name = Debug;
		};
		BC_474220638928 /* Debug */ = {
			isa = XCBuildConfiguration;
			baseConfigurationReference = FR_385141638974 /* Framework-macOS.xcconfig */;
			buildSettings = {
				ALWAYS_EMBED_SWIFT_STANDARD_LIBRARIES = YES;
				CODE_SIGN_ENTITLEMENTS = SampleAUPlugin/AttenuatorAU/App.entitlements;
				CODE_SIGN_IDENTITY = "Mac Developer";
				CODE_SIGN_STYLE = Automatic;
				DEVELOPMENT_TEAM = E27KE6VTF6;
				INFOPLIST_FILE = SampleAUPlugin/AttenuatorAU/Info.plist;
				PRODUCT_BUNDLE_IDENTIFIER = ua.com.wavelabs.Attenuator.AttenuatorAU;
			};
			name = Debug;
		};
		BC_479945831424 /* Debug */ = {
			isa = XCBuildConfiguration;
			baseConfigurationReference = FR_886066776493 /* Project.xcconfig */;
			buildSettings = {
				MACOSX_DEPLOYMENT_TARGET = 10.11;
			};
			name = Debug;
		};
		BC_506880812281 /* Release */ = {
			isa = XCBuildConfiguration;
			baseConfigurationReference = FR_921324438643 /* App-macOS.xcconfig */;
			buildSettings = {
				CODE_SIGN_ENTITLEMENTS = SampleAUHost/App.entitlements;
				CODE_SIGN_IDENTITY = "Mac Developer";
				CODE_SIGN_STYLE = Automatic;
				DEPLOYMENT_LOCATION = YES;
				DEVELOPMENT_TEAM = E27KE6VTF6;
				INFOPLIST_FILE = SampleAUHost/Info.plist;
				PRODUCT_BUNDLE_IDENTIFIER = ua.com.wavelabs.AUHost;
			};
			name = Release;
		};
		BC_639618269966 /* Release */ = {
			isa = XCBuildConfiguration;
			baseConfigurationReference = FR_921324438643 /* App-macOS.xcconfig */;
			buildSettings = {
				CODE_SIGN_ENTITLEMENTS = SampleAUPlugin/Attenuator/App.entitlements;
				CODE_SIGN_IDENTITY = "Mac Developer";
				CODE_SIGN_STYLE = Automatic;
				DEPLOYMENT_LOCATION = YES;
				DEVELOPMENT_TEAM = E27KE6VTF6;
				INFOPLIST_FILE = SampleAUPlugin/Attenuator/Info.plist;
				PRODUCT_BUNDLE_IDENTIFIER = ua.com.wavelabs.Attenuator;
			};
			name = Release;
		};
		BC_881114754245 /* Release */ = {
			isa = XCBuildConfiguration;
			baseConfigurationReference = FR_886066776493 /* Project.xcconfig */;
			buildSettings = {
				MACOSX_DEPLOYMENT_TARGET = 10.11;
			};
			name = Release;
		};
/* End XCBuildConfiguration section */

/* Begin XCConfigurationList section */
		CL_159652559712 /* Build configuration list for PBXProject "Attenuator" */ = {
			isa = XCConfigurationList;
			buildConfigurations = (
				BC_479945831424 /* Debug */,
				BC_881114754245 /* Release */,
			);
			defaultConfigurationIsVisible = 0;
			defaultConfigurationName = Debug;
		};
		"CL_159652559712-1" /* Build configuration list for PBXNativeTarget "Attenuator" */ = {
			isa = XCConfigurationList;
			buildConfigurations = (
				BC_342975071444 /* Debug */,
				BC_639618269966 /* Release */,
			);
			defaultConfigurationIsVisible = 0;
			defaultConfigurationName = "";
		};
		CL_479521428808 /* Build configuration list for PBXNativeTarget "AUHost" */ = {
			isa = XCConfigurationList;
			buildConfigurations = (
				BC_286663722189 /* Debug */,
				BC_506880812281 /* Release */,
			);
			defaultConfigurationIsVisible = 0;
			defaultConfigurationName = "";
		};
		CL_745679344536 /* Build configuration list for PBXNativeTarget "AttenuatorAU" */ = {
			isa = XCConfigurationList;
			buildConfigurations = (
				BC_474220638928 /* Debug */,
				BC_135043931307 /* Release */,
			);
			defaultConfigurationIsVisible = 0;
			defaultConfigurationName = "";
		};
/* End XCConfigurationList section */
	};
	rootObject = P_1596525597127 /* Project object */;
}
