// !$*UTF8*$!
{
	archiveVersion = 1;
	classes = {
	};
	objectVersion = 48;
	objects = {

/* Begin PBXBuildFile section */
		8005CA4C1EF6B3520091E075 /* MainViewUIModel.swift in Sources */ = {isa = PBXBuildFile; fileRef = 8005CA4A1EF6B3020091E075 /* MainViewUIModel.swift */; };
		80141F9F1EF6B53900490F78 /* CoreTypeAliases.swift in Sources */ = {isa = PBXBuildFile; fileRef = 80141F9E1EF6B53900490F78 /* CoreTypeAliases.swift */; };
		801E7E411C544E000064126C /* AttenuatorKit.framework in CopyFiles */ = {isa = PBXBuildFile; fileRef = 8044ABCC1C52E24000FA3DA3 /* AttenuatorKit.framework */; settings = {ATTRIBUTES = (CodeSignOnCopy, RemoveHeadersOnCopy, ); }; };
		802BE2E81EFDAF740072D3D8 /* CoreTypeAliases.swift in Sources */ = {isa = PBXBuildFile; fileRef = 80141F9E1EF6B53900490F78 /* CoreTypeAliases.swift */; };
		8044ABDD1C52E4A700FA3DA3 /* AVFoundation.framework in Frameworks */ = {isa = PBXBuildFile; fileRef = 8044ABDC1C52E4A700FA3DA3 /* AVFoundation.framework */; };
		80485FB01DA4657A004EFA32 /* MainToolbar.swift in Sources */ = {isa = PBXBuildFile; fileRef = 80485FAF1DA4657A004EFA32 /* MainToolbar.swift */; };
		80485FC81DA6C2EC004EFA32 /* WaveformCacheUtility.swift in Sources */ = {isa = PBXBuildFile; fileRef = 804674501D25DE77000989CA /* WaveformCacheUtility.swift */; };
		80485FC91DA6C2F7004EFA32 /* WaveformDrawingDataProvider.swift in Sources */ = {isa = PBXBuildFile; fileRef = 804674511D25DE77000989CA /* WaveformDrawingDataProvider.swift */; };
		80485FCE1DA6C39B004EFA32 /* PlaybackEngine.swift in Sources */ = {isa = PBXBuildFile; fileRef = 80485FCC1DA6C39B004EFA32 /* PlaybackEngine.swift */; };
		80485FCF1DA6C39B004EFA32 /* PlaybackEngineContext.swift in Sources */ = {isa = PBXBuildFile; fileRef = 80485FCD1DA6C39B004EFA32 /* PlaybackEngineContext.swift */; };
		80485FE41DA6C700004EFA32 /* Application.swift in Sources */ = {isa = PBXBuildFile; fileRef = 80485FE31DA6C700004EFA32 /* Application.swift */; };
		80485FEC1DA6CA9C004EFA32 /* MediaItemView.swift in Sources */ = {isa = PBXBuildFile; fileRef = 80485FEA1DA6CA97004EFA32 /* MediaItemView.swift */; };
		80485FED1DA6CAB4004EFA32 /* AlternativeValue.swift in Sources */ = {isa = PBXBuildFile; fileRef = 8046743A1D25DE77000989CA /* AlternativeValue.swift */; };
		805A88571EF0FE1100B8B937 /* MainToolbar.Event.swift in Sources */ = {isa = PBXBuildFile; fileRef = 805A88561EF0FE0D00B8B937 /* MainToolbar.Event.swift */; };
		8088B5A01C53FACB00847DF9 /* AttenuatorKit.framework in Frameworks */ = {isa = PBXBuildFile; fileRef = 8044ABCC1C52E24000FA3DA3 /* AttenuatorKit.framework */; };
		80A180B81EFDBE5600716C26 /* BufferDatasource.swift in Sources */ = {isa = PBXBuildFile; fileRef = 80A180B31EFDBE4900716C26 /* BufferDatasource.swift */; };
		80A180B91EFDBE5600716C26 /* BufferedAudioBus.swift in Sources */ = {isa = PBXBuildFile; fileRef = 80A180B11EFDBE4900716C26 /* BufferedAudioBus.swift */; };
		80A180CF1EFDBFE600716C26 /* AttenuatorKit.h in Headers */ = {isa = PBXBuildFile; fileRef = 80A180C41EFDBF1D00716C26 /* AttenuatorKit.h */; settings = {ATTRIBUTES = (Public, ); }; };
		80A180D01EFDC00B00716C26 /* AttenuatorViewController.xib in Resources */ = {isa = PBXBuildFile; fileRef = 80A180BD1EFDBF1D00716C26 /* AttenuatorViewController.xib */; };
		80A180D11EFDC01200716C26 /* AttenuatorAudioUnit.swift in Sources */ = {isa = PBXBuildFile; fileRef = 80A180BF1EFDBF1D00716C26 /* AttenuatorAudioUnit.swift */; };
		80A180D21EFDC01200716C26 /* AttenuatorDSPKernel.swift in Sources */ = {isa = PBXBuildFile; fileRef = 80A180C01EFDBF1D00716C26 /* AttenuatorDSPKernel.swift */; };
		80A180D31EFDC01200716C26 /* AttenuatorParameter.swift in Sources */ = {isa = PBXBuildFile; fileRef = 80A180C11EFDBF1D00716C26 /* AttenuatorParameter.swift */; };
		80A180D41EFDC01200716C26 /* AttenuatorView.swift in Sources */ = {isa = PBXBuildFile; fileRef = 80A180C21EFDBF1D00716C26 /* AttenuatorView.swift */; };
		80A180D51EFDC01200716C26 /* AttenuatorViewController.swift in Sources */ = {isa = PBXBuildFile; fileRef = 80A180C31EFDBF1D00716C26 /* AttenuatorViewController.swift */; };
		80A180D61EFDC01C00716C26 /* AttenuatorAU.swift in Sources */ = {isa = PBXBuildFile; fileRef = 80A180C61EFDBF3100716C26 /* AttenuatorAU.swift */; };
		80A180D71EFDC02800716C26 /* main.swift in Sources */ = {isa = PBXBuildFile; fileRef = 80A180CC1EFDBF4100716C26 /* main.swift */; };
		80A180D81EFDC02800716C26 /* MainWindowController.swift in Sources */ = {isa = PBXBuildFile; fileRef = 80A180CD1EFDBF4100716C26 /* MainWindowController.swift */; };
		80A180D91EFDC02800716C26 /* ViewController.swift in Sources */ = {isa = PBXBuildFile; fileRef = 80A180CE1EFDBF4100716C26 /* ViewController.swift */; };
		80A180DA1EFDC03300716C26 /* Assets.xcassets in Resources */ = {isa = PBXBuildFile; fileRef = 80A180C81EFDBF4100716C26 /* Assets.xcassets */; };
		80A180DB1EFDC03700716C26 /* Main.storyboard in Resources */ = {isa = PBXBuildFile; fileRef = 80A180C91EFDBF4100716C26 /* Main.storyboard */; };
		80AC1BB91EEF38E90048151A /* Bundle.swift in Sources */ = {isa = PBXBuildFile; fileRef = 80AC1BB81EEF38E30048151A /* Bundle.swift */; };
		80AC1BBB1EEF39150048151A /* DispatchQueue.swift in Sources */ = {isa = PBXBuildFile; fileRef = 80AC1BAB1EEF37C50048151A /* DispatchQueue.swift */; };
		80AC1BBC1EEF39200048151A /* DispatchSemaphore.swift in Sources */ = {isa = PBXBuildFile; fileRef = 80AC1BAC1EEF37C50048151A /* DispatchSemaphore.swift */; };
		80C23B682116035E00BD1321 /* DisplayLink.GenericRenderer.swift in Sources */ = {isa = PBXBuildFile; fileRef = 80C23B5E2116031500BD1321 /* DisplayLink.GenericRenderer.swift */; };
		80C23B692116035E00BD1321 /* DisplayLink.swift in Sources */ = {isa = PBXBuildFile; fileRef = 80C23B652116031500BD1321 /* DisplayLink.swift */; };
		80C23B6A2116036100BD1321 /* MediaLibraryUtility.swift in Sources */ = {isa = PBXBuildFile; fileRef = 80C23B622116031500BD1321 /* MediaLibraryUtility.swift */; };
		80C23B6B2116036100BD1321 /* MediaObjectPasteboardUtility.swift in Sources */ = {isa = PBXBuildFile; fileRef = 80C23B672116031500BD1321 /* MediaObjectPasteboardUtility.swift */; };
		80C23BA5211603AC00BD1321 /* Result.swift in Sources */ = {isa = PBXBuildFile; fileRef = 80C23B9B2116038700BD1321 /* Result.swift */; };
		80C23BA6211603B600BD1321 /* BuildInfo.swift in Sources */ = {isa = PBXBuildFile; fileRef = 80C23B972116038700BD1321 /* BuildInfo.swift */; };
		80C23BA7211603B600BD1321 /* RuntimeInfo.swift in Sources */ = {isa = PBXBuildFile; fileRef = 80C23B9C2116038700BD1321 /* RuntimeInfo.swift */; };
		80C23BA8211603B600BD1321 /* BuildInfo.swift in Sources */ = {isa = PBXBuildFile; fileRef = 80C23B972116038700BD1321 /* BuildInfo.swift */; };
		80C23BA9211603B600BD1321 /* RuntimeInfo.swift in Sources */ = {isa = PBXBuildFile; fileRef = 80C23B9C2116038700BD1321 /* RuntimeInfo.swift */; };
		80C23BAF211603CA00BD1321 /* Log.swift in Sources */ = {isa = PBXBuildFile; fileRef = 80C23BAE211603C400BD1321 /* Log.swift */; };
		80C23BB0211603CA00BD1321 /* Log.swift in Sources */ = {isa = PBXBuildFile; fileRef = 80C23BAE211603C400BD1321 /* Log.swift */; };
		80C23BB4211603E100BD1321 /* VULevelMeter.DrawingData.swift in Sources */ = {isa = PBXBuildFile; fileRef = 80C23BB1211603E000BD1321 /* VULevelMeter.DrawingData.swift */; };
		80C23BB5211603E100BD1321 /* VULevelMeter.Shaders.metal in Sources */ = {isa = PBXBuildFile; fileRef = 80C23BB2211603E100BD1321 /* VULevelMeter.Shaders.metal */; };
		80C23BB6211603E100BD1321 /* VULevelMeter.swift in Sources */ = {isa = PBXBuildFile; fileRef = 80C23BB3211603E100BD1321 /* VULevelMeter.swift */; };
		80C23BE92116042C00BD1321 /* Color.swift in Sources */ = {isa = PBXBuildFile; fileRef = 80C23BE72116041F00BD1321 /* Color.swift */; };
		80C23BED2116045300BD1321 /* NotificationObserver.swift in Sources */ = {isa = PBXBuildFile; fileRef = 80C23BEB2116044700BD1321 /* NotificationObserver.swift */; };
		80C23BEE2116045300BD1321 /* NotificationObserver.swift in Sources */ = {isa = PBXBuildFile; fileRef = 80C23BEB2116044700BD1321 /* NotificationObserver.swift */; };
		80C23C09211604CE00BD1321 /* AudioBuffer.swift in Sources */ = {isa = PBXBuildFile; fileRef = 80C23C07211604C000BD1321 /* AudioBuffer.swift */; };
		80C23C0A211604CE00BD1321 /* AudioComponentDescription.swift in Sources */ = {isa = PBXBuildFile; fileRef = 80C23C01211604C000BD1321 /* AudioComponentDescription.swift */; };
		80C23C0F211604CE00BD1321 /* GLKMatrix4.swift in Sources */ = {isa = PBXBuildFile; fileRef = 80C23C02211604C000BD1321 /* GLKMatrix4.swift */; };
		80C23C10211604CE00BD1321 /* MTLDevice.swift in Sources */ = {isa = PBXBuildFile; fileRef = 80C23C03211604C000BD1321 /* MTLDevice.swift */; };
		80C23C11211604CE00BD1321 /* UnsafeMutableAudioBufferListPointer.swift in Sources */ = {isa = PBXBuildFile; fileRef = 80C23C05211604C000BD1321 /* UnsafeMutableAudioBufferListPointer.swift */; };
		80C23C132116050600BD1321 /* String.swift in Sources */ = {isa = PBXBuildFile; fileRef = 80C23C122116050600BD1321 /* String.swift */; };
		80C23C162116052200BD1321 /* Math.swift in Sources */ = {isa = PBXBuildFile; fileRef = 80C23C142116051D00BD1321 /* Math.swift */; };
		80C23C232116055500BD1321 /* MinMax.swift in Sources */ = {isa = PBXBuildFile; fileRef = 80C23C1C2116053F00BD1321 /* MinMax.swift */; };
		80C23C282116056900BD1321 /* NumericTypesConversions.swift in Sources */ = {isa = PBXBuildFile; fileRef = 80C23C262116056900BD1321 /* NumericTypesConversions.swift */; };
		80C23C2A2116058900BD1321 /* NSNib.swift in Sources */ = {isa = PBXBuildFile; fileRef = 80C23C292116058900BD1321 /* NSNib.swift */; };
		80C23C37211607A500BD1321 /* NonRecursiveLock.swift in Sources */ = {isa = PBXBuildFile; fileRef = 80C23BFB2116047E00BD1321 /* NonRecursiveLock.swift */; };
		80C23C38211607A500BD1321 /* NonRecursiveLocking.swift in Sources */ = {isa = PBXBuildFile; fileRef = 80C23BF22116047E00BD1321 /* NonRecursiveLocking.swift */; };
		80C23C39211607A500BD1321 /* SmartDispatchSource.swift in Sources */ = {isa = PBXBuildFile; fileRef = 80C23BFE2116047E00BD1321 /* SmartDispatchSource.swift */; };
		80C23C3A211607A500BD1321 /* SmartDispatchSourceType.swift in Sources */ = {isa = PBXBuildFile; fileRef = 80C23BF42116047E00BD1321 /* SmartDispatchSourceType.swift */; };
		80C23C3B211607A500BD1321 /* SmartDispatchSourceUserDataAdd.swift in Sources */ = {isa = PBXBuildFile; fileRef = 80C23BF62116047E00BD1321 /* SmartDispatchSourceUserDataAdd.swift */; };
		80C23C3C211607A500BD1321 /* SpinLock.swift in Sources */ = {isa = PBXBuildFile; fileRef = 80C23BF52116047E00BD1321 /* SpinLock.swift */; };
		80C23C3D211607A500BD1321 /* UnfairLock.swift in Sources */ = {isa = PBXBuildFile; fileRef = 80C23BF02116047E00BD1321 /* UnfairLock.swift */; };
		80C23C3F211607B800BD1321 /* Logger.swift in Sources */ = {isa = PBXBuildFile; fileRef = 80C23C3E211607B800BD1321 /* Logger.swift */; };
		80C23C40211607C900BD1321 /* Logger.swift in Sources */ = {isa = PBXBuildFile; fileRef = 80C23C3E211607B800BD1321 /* Logger.swift */; };
		80C23C42211607E900BD1321 /* RandomFactory.swift in Sources */ = {isa = PBXBuildFile; fileRef = 80C23C41211607E900BD1321 /* RandomFactory.swift */; };
		80C23C432116080F00BD1321 /* Functions.swift in Sources */ = {isa = PBXBuildFile; fileRef = 80C23B9A2116038700BD1321 /* Functions.swift */; };
		80C23C442116082400BD1321 /* NSToolbar.swift in Sources */ = {isa = PBXBuildFile; fileRef = 80C23BBF211603F400BD1321 /* NSToolbar.swift */; };
		80C23C452116083400BD1321 /* NonRecursiveLocking.swift in Sources */ = {isa = PBXBuildFile; fileRef = 80C23BF22116047E00BD1321 /* NonRecursiveLocking.swift */; };
		80C23C462116084C00BD1321 /* SpinLock.swift in Sources */ = {isa = PBXBuildFile; fileRef = 80C23BF52116047E00BD1321 /* SpinLock.swift */; };
		80C808991EFF2A1500E68A3F /* OperationQueue.swift in Sources */ = {isa = PBXBuildFile; fileRef = 80AC1BAD1EEF37C50048151A /* OperationQueue.swift */; };
		80C8089A1EFF2A2500E68A3F /* DispatchQueue.swift in Sources */ = {isa = PBXBuildFile; fileRef = 80AC1BAB1EEF37C50048151A /* DispatchQueue.swift */; };
		80C8089B1EFF2A7500E68A3F /* AudioComponentsUtility.swift in Sources */ = {isa = PBXBuildFile; fileRef = 80A180B21EFDBE4900716C26 /* AudioComponentsUtility.swift */; };
		80D5104A1C6697D000C53608 /* AttenuatorKit.framework in Frameworks */ = {isa = PBXBuildFile; fileRef = 8044ABCC1C52E24000FA3DA3 /* AttenuatorKit.framework */; };
		80D5104B1C6697D000C53608 /* AttenuatorKit.framework in Embed Frameworks */ = {isa = PBXBuildFile; fileRef = 8044ABCC1C52E24000FA3DA3 /* AttenuatorKit.framework */; settings = {ATTRIBUTES = (CodeSignOnCopy, RemoveHeadersOnCopy, ); }; };
		C5A5A1221C47EB5300F9864E /* AttenuatorAU.appex in Embed App Extensions */ = {isa = PBXBuildFile; fileRef = C5A5A1121C47EB5300F9864E /* AttenuatorAU.appex */; settings = {ATTRIBUTES = (RemoveHeadersOnCopy, ); }; };
/* End PBXBuildFile section */

/* Begin PBXContainerItemProxy section */
		80D5103D1C668FC600C53608 /* PBXContainerItemProxy */ = {
			isa = PBXContainerItemProxy;
			containerPortal = C5A5A0F41C47E75F00F9864E /* Project object */;
			proxyType = 1;
			remoteGlobalIDString = 8044ABCB1C52E24000FA3DA3;
			remoteInfo = AttenuatorKit;
		};
		80D5103F1C66902800C53608 /* PBXContainerItemProxy */ = {
			isa = PBXContainerItemProxy;
			containerPortal = C5A5A0F41C47E75F00F9864E /* Project object */;
			proxyType = 1;
			remoteGlobalIDString = 8044ABCB1C52E24000FA3DA3;
			remoteInfo = AttenuatorKit;
		};
		C5A5A1201C47EB5300F9864E /* PBXContainerItemProxy */ = {
			isa = PBXContainerItemProxy;
			containerPortal = C5A5A0F41C47E75F00F9864E /* Project object */;
			proxyType = 1;
			remoteGlobalIDString = C5A5A1111C47EB5300F9864E;
			remoteInfo = AttenuatorAU;
		};
/* End PBXContainerItemProxy section */

/* Begin PBXCopyFilesBuildPhase section */
		801E7E401C544DF30064126C /* CopyFiles */ = {
			isa = PBXCopyFilesBuildPhase;
			buildActionMask = 2147483647;
			dstPath = "";
			dstSubfolderSpec = 10;
			files = (
				801E7E411C544E000064126C /* AttenuatorKit.framework in CopyFiles */,
			);
			runOnlyForDeploymentPostprocessing = 0;
		};
		80D5104C1C6697D000C53608 /* Embed Frameworks */ = {
			isa = PBXCopyFilesBuildPhase;
			buildActionMask = 2147483647;
			dstPath = "";
			dstSubfolderSpec = 10;
			files = (
				80D5104B1C6697D000C53608 /* AttenuatorKit.framework in Embed Frameworks */,
			);
			name = "Embed Frameworks";
			runOnlyForDeploymentPostprocessing = 0;
		};
		C5A5A1261C47EB5300F9864E /* Embed App Extensions */ = {
			isa = PBXCopyFilesBuildPhase;
			buildActionMask = 2147483647;
			dstPath = "";
			dstSubfolderSpec = 13;
			files = (
				C5A5A1221C47EB5300F9864E /* AttenuatorAU.appex in Embed App Extensions */,
			);
			name = "Embed App Extensions";
			runOnlyForDeploymentPostprocessing = 0;
		};
/* End PBXCopyFilesBuildPhase section */

/* Begin PBXFileReference section */
		8005CA4A1EF6B3020091E075 /* MainViewUIModel.swift */ = {isa = PBXFileReference; lastKnownFileType = sourcecode.swift; path = MainViewUIModel.swift; sourceTree = "<group>"; };
		80141F9E1EF6B53900490F78 /* CoreTypeAliases.swift */ = {isa = PBXFileReference; fileEncoding = 4; lastKnownFileType = sourcecode.swift; path = CoreTypeAliases.swift; sourceTree = "<group>"; };
		8044ABCC1C52E24000FA3DA3 /* AttenuatorKit.framework */ = {isa = PBXFileReference; explicitFileType = wrapper.framework; includeInIndex = 0; path = AttenuatorKit.framework; sourceTree = BUILT_PRODUCTS_DIR; };
		8044ABDC1C52E4A700FA3DA3 /* AVFoundation.framework */ = {isa = PBXFileReference; lastKnownFileType = wrapper.framework; name = AVFoundation.framework; path = System/Library/Frameworks/AVFoundation.framework; sourceTree = SDKROOT; };
		8044ABDF1C52E4D600FA3DA3 /* AudioUnit.framework */ = {isa = PBXFileReference; lastKnownFileType = wrapper.framework; name = AudioUnit.framework; path = System/Library/Frameworks/AudioUnit.framework; sourceTree = SDKROOT; };
		8044ABE11C52E4E600FA3DA3 /* CoreAudio.framework */ = {isa = PBXFileReference; lastKnownFileType = wrapper.framework; name = CoreAudio.framework; path = System/Library/Frameworks/CoreAudio.framework; sourceTree = SDKROOT; };
		8044ABE31C52E4F100FA3DA3 /* CoreAudioKit.framework */ = {isa = PBXFileReference; lastKnownFileType = wrapper.framework; name = CoreAudioKit.framework; path = System/Library/Frameworks/CoreAudioKit.framework; sourceTree = SDKROOT; };
		8046743A1D25DE77000989CA /* AlternativeValue.swift */ = {isa = PBXFileReference; fileEncoding = 4; lastKnownFileType = sourcecode.swift; path = AlternativeValue.swift; sourceTree = "<group>"; };
		804674501D25DE77000989CA /* WaveformCacheUtility.swift */ = {isa = PBXFileReference; fileEncoding = 4; lastKnownFileType = sourcecode.swift; path = WaveformCacheUtility.swift; sourceTree = "<group>"; };
		804674511D25DE77000989CA /* WaveformDrawingDataProvider.swift */ = {isa = PBXFileReference; fileEncoding = 4; lastKnownFileType = sourcecode.swift; path = WaveformDrawingDataProvider.swift; sourceTree = "<group>"; };
		80485FAF1DA4657A004EFA32 /* MainToolbar.swift */ = {isa = PBXFileReference; fileEncoding = 4; lastKnownFileType = sourcecode.swift; path = MainToolbar.swift; sourceTree = "<group>"; };
		80485FCC1DA6C39B004EFA32 /* PlaybackEngine.swift */ = {isa = PBXFileReference; fileEncoding = 4; lastKnownFileType = sourcecode.swift; path = PlaybackEngine.swift; sourceTree = "<group>"; };
		80485FCD1DA6C39B004EFA32 /* PlaybackEngineContext.swift */ = {isa = PBXFileReference; fileEncoding = 4; lastKnownFileType = sourcecode.swift; path = PlaybackEngineContext.swift; sourceTree = "<group>"; };
		80485FE31DA6C700004EFA32 /* Application.swift */ = {isa = PBXFileReference; fileEncoding = 4; lastKnownFileType = sourcecode.swift; path = Application.swift; sourceTree = "<group>"; };
		80485FEA1DA6CA97004EFA32 /* MediaItemView.swift */ = {isa = PBXFileReference; fileEncoding = 4; lastKnownFileType = sourcecode.swift; path = MediaItemView.swift; sourceTree = "<group>"; };
		805A88561EF0FE0D00B8B937 /* MainToolbar.Event.swift */ = {isa = PBXFileReference; lastKnownFileType = sourcecode.swift; path = MainToolbar.Event.swift; sourceTree = "<group>"; };
		80A180B11EFDBE4900716C26 /* BufferedAudioBus.swift */ = {isa = PBXFileReference; fileEncoding = 4; lastKnownFileType = sourcecode.swift; path = BufferedAudioBus.swift; sourceTree = "<group>"; };
		80A180B21EFDBE4900716C26 /* AudioComponentsUtility.swift */ = {isa = PBXFileReference; fileEncoding = 4; lastKnownFileType = sourcecode.swift; path = AudioComponentsUtility.swift; sourceTree = "<group>"; };
		80A180B31EFDBE4900716C26 /* BufferDatasource.swift */ = {isa = PBXFileReference; fileEncoding = 4; lastKnownFileType = sourcecode.swift; path = BufferDatasource.swift; sourceTree = "<group>"; };
		80A180BB1EFDBEF700716C26 /* Version.xcconfig */ = {isa = PBXFileReference; lastKnownFileType = text.xcconfig; path = Version.xcconfig; sourceTree = "<group>"; };
		80A180BD1EFDBF1D00716C26 /* AttenuatorViewController.xib */ = {isa = PBXFileReference; lastKnownFileType = file.xib; path = AttenuatorViewController.xib; sourceTree = "<group>"; };
		80A180BF1EFDBF1D00716C26 /* AttenuatorAudioUnit.swift */ = {isa = PBXFileReference; lastKnownFileType = sourcecode.swift; path = AttenuatorAudioUnit.swift; sourceTree = "<group>"; };
		80A180C01EFDBF1D00716C26 /* AttenuatorDSPKernel.swift */ = {isa = PBXFileReference; lastKnownFileType = sourcecode.swift; path = AttenuatorDSPKernel.swift; sourceTree = "<group>"; };
		80A180C11EFDBF1D00716C26 /* AttenuatorParameter.swift */ = {isa = PBXFileReference; lastKnownFileType = sourcecode.swift; path = AttenuatorParameter.swift; sourceTree = "<group>"; };
		80A180C21EFDBF1D00716C26 /* AttenuatorView.swift */ = {isa = PBXFileReference; lastKnownFileType = sourcecode.swift; path = AttenuatorView.swift; sourceTree = "<group>"; };
		80A180C31EFDBF1D00716C26 /* AttenuatorViewController.swift */ = {isa = PBXFileReference; lastKnownFileType = sourcecode.swift; path = AttenuatorViewController.swift; sourceTree = "<group>"; };
		80A180C41EFDBF1D00716C26 /* AttenuatorKit.h */ = {isa = PBXFileReference; lastKnownFileType = sourcecode.c.h; path = AttenuatorKit.h; sourceTree = "<group>"; };
		80A180C61EFDBF3100716C26 /* AttenuatorAU.swift */ = {isa = PBXFileReference; lastKnownFileType = sourcecode.swift; path = AttenuatorAU.swift; sourceTree = "<group>"; };
		80A180C81EFDBF4100716C26 /* Assets.xcassets */ = {isa = PBXFileReference; lastKnownFileType = folder.assetcatalog; path = Assets.xcassets; sourceTree = "<group>"; };
		80A180CA1EFDBF4100716C26 /* Base */ = {isa = PBXFileReference; lastKnownFileType = file.storyboard; name = Base; path = Base.lproj/Main.storyboard; sourceTree = "<group>"; };
		80A180CC1EFDBF4100716C26 /* main.swift */ = {isa = PBXFileReference; lastKnownFileType = sourcecode.swift; path = main.swift; sourceTree = "<group>"; };
		80A180CD1EFDBF4100716C26 /* MainWindowController.swift */ = {isa = PBXFileReference; lastKnownFileType = sourcecode.swift; path = MainWindowController.swift; sourceTree = "<group>"; };
		80A180CE1EFDBF4100716C26 /* ViewController.swift */ = {isa = PBXFileReference; lastKnownFileType = sourcecode.swift; path = ViewController.swift; sourceTree = "<group>"; };
		80AC1BAB1EEF37C50048151A /* DispatchQueue.swift */ = {isa = PBXFileReference; lastKnownFileType = sourcecode.swift; path = DispatchQueue.swift; sourceTree = "<group>"; };
		80AC1BAC1EEF37C50048151A /* DispatchSemaphore.swift */ = {isa = PBXFileReference; lastKnownFileType = sourcecode.swift; path = DispatchSemaphore.swift; sourceTree = "<group>"; };
		80AC1BAD1EEF37C50048151A /* OperationQueue.swift */ = {isa = PBXFileReference; lastKnownFileType = sourcecode.swift; path = OperationQueue.swift; sourceTree = "<group>"; };
		80AC1BB81EEF38E30048151A /* Bundle.swift */ = {isa = PBXFileReference; lastKnownFileType = sourcecode.swift; path = Bundle.swift; sourceTree = "<group>"; };
		80C23B5E2116031500BD1321 /* DisplayLink.GenericRenderer.swift */ = {isa = PBXFileReference; lastKnownFileType = sourcecode.swift; path = DisplayLink.GenericRenderer.swift; sourceTree = "<group>"; };
		80C23B622116031500BD1321 /* MediaLibraryUtility.swift */ = {isa = PBXFileReference; lastKnownFileType = sourcecode.swift; path = MediaLibraryUtility.swift; sourceTree = "<group>"; };
		80C23B652116031500BD1321 /* DisplayLink.swift */ = {isa = PBXFileReference; lastKnownFileType = sourcecode.swift; path = DisplayLink.swift; sourceTree = "<group>"; };
		80C23B672116031500BD1321 /* MediaObjectPasteboardUtility.swift */ = {isa = PBXFileReference; lastKnownFileType = sourcecode.swift; path = MediaObjectPasteboardUtility.swift; sourceTree = "<group>"; };
		80C23B972116038700BD1321 /* BuildInfo.swift */ = {isa = PBXFileReference; lastKnownFileType = sourcecode.swift; path = BuildInfo.swift; sourceTree = "<group>"; };
		80C23B9A2116038700BD1321 /* Functions.swift */ = {isa = PBXFileReference; lastKnownFileType = sourcecode.swift; path = Functions.swift; sourceTree = "<group>"; };
		80C23B9B2116038700BD1321 /* Result.swift */ = {isa = PBXFileReference; lastKnownFileType = sourcecode.swift; path = Result.swift; sourceTree = "<group>"; };
		80C23B9C2116038700BD1321 /* RuntimeInfo.swift */ = {isa = PBXFileReference; lastKnownFileType = sourcecode.swift; path = RuntimeInfo.swift; sourceTree = "<group>"; };
		80C23BAE211603C400BD1321 /* Log.swift */ = {isa = PBXFileReference; lastKnownFileType = sourcecode.swift; path = Log.swift; sourceTree = "<group>"; };
		80C23BB1211603E000BD1321 /* VULevelMeter.DrawingData.swift */ = {isa = PBXFileReference; fileEncoding = 4; lastKnownFileType = sourcecode.swift; path = VULevelMeter.DrawingData.swift; sourceTree = "<group>"; };
		80C23BB2211603E100BD1321 /* VULevelMeter.Shaders.metal */ = {isa = PBXFileReference; fileEncoding = 4; lastKnownFileType = sourcecode.metal; path = VULevelMeter.Shaders.metal; sourceTree = "<group>"; };
		80C23BB3211603E100BD1321 /* VULevelMeter.swift */ = {isa = PBXFileReference; fileEncoding = 4; lastKnownFileType = sourcecode.swift; path = VULevelMeter.swift; sourceTree = "<group>"; };
		80C23BBF211603F400BD1321 /* NSToolbar.swift */ = {isa = PBXFileReference; lastKnownFileType = sourcecode.swift; path = NSToolbar.swift; sourceTree = "<group>"; };
		80C23BE72116041F00BD1321 /* Color.swift */ = {isa = PBXFileReference; lastKnownFileType = sourcecode.swift; path = Color.swift; sourceTree = "<group>"; };
		80C23BEB2116044700BD1321 /* NotificationObserver.swift */ = {isa = PBXFileReference; lastKnownFileType = sourcecode.swift; path = NotificationObserver.swift; sourceTree = "<group>"; };
		80C23BF02116047E00BD1321 /* UnfairLock.swift */ = {isa = PBXFileReference; lastKnownFileType = sourcecode.swift; path = UnfairLock.swift; sourceTree = "<group>"; };
		80C23BF22116047E00BD1321 /* NonRecursiveLocking.swift */ = {isa = PBXFileReference; lastKnownFileType = sourcecode.swift; path = NonRecursiveLocking.swift; sourceTree = "<group>"; };
		80C23BF42116047E00BD1321 /* SmartDispatchSourceType.swift */ = {isa = PBXFileReference; lastKnownFileType = sourcecode.swift; path = SmartDispatchSourceType.swift; sourceTree = "<group>"; };
		80C23BF52116047E00BD1321 /* SpinLock.swift */ = {isa = PBXFileReference; lastKnownFileType = sourcecode.swift; path = SpinLock.swift; sourceTree = "<group>"; };
		80C23BF62116047E00BD1321 /* SmartDispatchSourceUserDataAdd.swift */ = {isa = PBXFileReference; lastKnownFileType = sourcecode.swift; path = SmartDispatchSourceUserDataAdd.swift; sourceTree = "<group>"; };
		80C23BFB2116047E00BD1321 /* NonRecursiveLock.swift */ = {isa = PBXFileReference; lastKnownFileType = sourcecode.swift; path = NonRecursiveLock.swift; sourceTree = "<group>"; };
		80C23BFE2116047E00BD1321 /* SmartDispatchSource.swift */ = {isa = PBXFileReference; lastKnownFileType = sourcecode.swift; path = SmartDispatchSource.swift; sourceTree = "<group>"; };
		80C23C01211604C000BD1321 /* AudioComponentDescription.swift */ = {isa = PBXFileReference; lastKnownFileType = sourcecode.swift; path = AudioComponentDescription.swift; sourceTree = "<group>"; };
		80C23C02211604C000BD1321 /* GLKMatrix4.swift */ = {isa = PBXFileReference; lastKnownFileType = sourcecode.swift; path = GLKMatrix4.swift; sourceTree = "<group>"; };
		80C23C03211604C000BD1321 /* MTLDevice.swift */ = {isa = PBXFileReference; lastKnownFileType = sourcecode.swift; path = MTLDevice.swift; sourceTree = "<group>"; };
		80C23C05211604C000BD1321 /* UnsafeMutableAudioBufferListPointer.swift */ = {isa = PBXFileReference; lastKnownFileType = sourcecode.swift; path = UnsafeMutableAudioBufferListPointer.swift; sourceTree = "<group>"; };
		80C23C07211604C000BD1321 /* AudioBuffer.swift */ = {isa = PBXFileReference; lastKnownFileType = sourcecode.swift; path = AudioBuffer.swift; sourceTree = "<group>"; };
		80C23C122116050600BD1321 /* String.swift */ = {isa = PBXFileReference; fileEncoding = 4; lastKnownFileType = sourcecode.swift; path = String.swift; sourceTree = "<group>"; };
		80C23C142116051D00BD1321 /* Math.swift */ = {isa = PBXFileReference; fileEncoding = 4; lastKnownFileType = sourcecode.swift; path = Math.swift; sourceTree = "<group>"; };
		80C23C1C2116053F00BD1321 /* MinMax.swift */ = {isa = PBXFileReference; lastKnownFileType = sourcecode.swift; path = MinMax.swift; sourceTree = "<group>"; };
		80C23C262116056900BD1321 /* NumericTypesConversions.swift */ = {isa = PBXFileReference; fileEncoding = 4; lastKnownFileType = sourcecode.swift; path = NumericTypesConversions.swift; sourceTree = "<group>"; };
		80C23C292116058900BD1321 /* NSNib.swift */ = {isa = PBXFileReference; fileEncoding = 4; lastKnownFileType = sourcecode.swift; path = NSNib.swift; sourceTree = "<group>"; };
		80C23C3E211607B800BD1321 /* Logger.swift */ = {isa = PBXFileReference; fileEncoding = 4; lastKnownFileType = sourcecode.swift; path = Logger.swift; sourceTree = "<group>"; };
		80C23C41211607E900BD1321 /* RandomFactory.swift */ = {isa = PBXFileReference; fileEncoding = 4; lastKnownFileType = sourcecode.swift; path = RandomFactory.swift; sourceTree = "<group>"; };
		80C808591EFF268F00E68A3F /* Project.xcconfig */ = {isa = PBXFileReference; lastKnownFileType = text.xcconfig; path = Project.xcconfig; sourceTree = "<group>"; };
		C5A5A0FC1C47E75F00F9864E /* Attenuator.app */ = {isa = PBXFileReference; explicitFileType = wrapper.application; includeInIndex = 0; path = Attenuator.app; sourceTree = BUILT_PRODUCTS_DIR; };
		C5A5A1121C47EB5300F9864E /* AttenuatorAU.appex */ = {isa = PBXFileReference; explicitFileType = "wrapper.app-extension"; includeInIndex = 0; path = AttenuatorAU.appex; sourceTree = BUILT_PRODUCTS_DIR; };
/* End PBXFileReference section */

/* Begin PBXFrameworksBuildPhase section */
		8044ABC81C52E24000FA3DA3 /* Frameworks */ = {
			isa = PBXFrameworksBuildPhase;
			buildActionMask = 2147483647;
			files = (
				8044ABDD1C52E4A700FA3DA3 /* AVFoundation.framework in Frameworks */,
			);
			runOnlyForDeploymentPostprocessing = 0;
		};
		C5A5A0F91C47E75F00F9864E /* Frameworks */ = {
			isa = PBXFrameworksBuildPhase;
			buildActionMask = 2147483647;
			files = (
				80D5104A1C6697D000C53608 /* AttenuatorKit.framework in Frameworks */,
			);
			runOnlyForDeploymentPostprocessing = 0;
		};
		C5A5A10F1C47EB5300F9864E /* Frameworks */ = {
			isa = PBXFrameworksBuildPhase;
			buildActionMask = 2147483647;
			files = (
				8088B5A01C53FACB00847DF9 /* AttenuatorKit.framework in Frameworks */,
			);
			runOnlyForDeploymentPostprocessing = 0;
		};
/* End PBXFrameworksBuildPhase section */

/* Begin PBXGroup section */
		5DDDE705461D798894DE7E71 /* Sources */ = {
			isa = PBXGroup;
			children = (
				8046743A1D25DE77000989CA /* AlternativeValue.swift */,
				80141F9E1EF6B53900490F78 /* CoreTypeAliases.swift */,
			);
			path = Sources;
			sourceTree = "<group>";
		};
		8044ABCD1C52E24000FA3DA3 /* AttenuatorKit */ = {
			isa = PBXGroup;
			children = (
				80A180BC1EFDBF1D00716C26 /* Resources */,
				80A180BE1EFDBF1D00716C26 /* Sources */,
				80A180C41EFDBF1D00716C26 /* AttenuatorKit.h */,
			);
			name = AttenuatorKit;
			path = SampleAUPlugin/AttenuatorKit;
			sourceTree = "<group>";
		};
		8044ABDE1C52E4B700FA3DA3 /* Frameworks */ = {
			isa = PBXGroup;
			children = (
				8044ABDC1C52E4A700FA3DA3 /* AVFoundation.framework */,
				8044ABDF1C52E4D600FA3DA3 /* AudioUnit.framework */,
				8044ABE11C52E4E600FA3DA3 /* CoreAudio.framework */,
				8044ABE31C52E4F100FA3DA3 /* CoreAudioKit.framework */,
			);
			name = Frameworks;
			sourceTree = "<group>";
		};
		8044E5D91F79B0CB005E5760 /* WL */ = {
			isa = PBXGroup;
			children = (
				80C23C172116053F00BD1321 /* Types */,
				80C23B6C2116038700BD1321 /* Foundation */,
				80C23B172116031500BD1321 /* AppKit */,
				804674391D25DE77000989CA /* Core */,
				8046744C1D25DE77000989CA /* Media */,
			);
			name = WL;
			path = /Users/vova/Dropbox/Developer/Projects/WL;
			sourceTree = WL;
		};
		804674391D25DE77000989CA /* Core */ = {
			isa = PBXGroup;
			children = (
				80C23C242116056900BD1321 /* Converters */,
				80C23BEF2116047E00BD1321 /* Concurrency */,
				80AC1BAA1EEF37C50048151A /* Extensions */,
				5DDDE705461D798894DE7E71 /* Sources */,
			);
			path = Core;
			sourceTree = "<group>";
		};
		8046744C1D25DE77000989CA /* Media */ = {
			isa = PBXGroup;
			children = (
				80C23BFF211604C000BD1321 /* Extensions */,
				BAB462FDE9E03CC16B4AD33D /* Sources */,
			);
			path = Media;
			sourceTree = "<group>";
		};
		80485FAE1DA46551004EFA32 /* Shared */ = {
			isa = PBXGroup;
			children = (
				80E4D2F41EFDBD7C00D8A2BC /* Sources */,
			);
			path = Shared;
			sourceTree = "<group>";
		};
		80A180BA1EFDBEF700716C26 /* Configuration */ = {
			isa = PBXGroup;
			children = (
				80C808591EFF268F00E68A3F /* Project.xcconfig */,
				80A180BB1EFDBEF700716C26 /* Version.xcconfig */,
			);
			path = Configuration;
			sourceTree = "<group>";
		};
		80A180BC1EFDBF1D00716C26 /* Resources */ = {
			isa = PBXGroup;
			children = (
				80A180BD1EFDBF1D00716C26 /* AttenuatorViewController.xib */,
			);
			path = Resources;
			sourceTree = "<group>";
		};
		80A180BE1EFDBF1D00716C26 /* Sources */ = {
			isa = PBXGroup;
			children = (
				80A180BF1EFDBF1D00716C26 /* AttenuatorAudioUnit.swift */,
				80A180C01EFDBF1D00716C26 /* AttenuatorDSPKernel.swift */,
				80A180C11EFDBF1D00716C26 /* AttenuatorParameter.swift */,
				80A180C21EFDBF1D00716C26 /* AttenuatorView.swift */,
				80A180C31EFDBF1D00716C26 /* AttenuatorViewController.swift */,
			);
			path = Sources;
			sourceTree = "<group>";
		};
		80A180C51EFDBF3100716C26 /* Sources */ = {
			isa = PBXGroup;
			children = (
				80A180C61EFDBF3100716C26 /* AttenuatorAU.swift */,
			);
			path = Sources;
			sourceTree = "<group>";
		};
		80A180C71EFDBF4100716C26 /* Resources */ = {
			isa = PBXGroup;
			children = (
				80A180C81EFDBF4100716C26 /* Assets.xcassets */,
				80A180C91EFDBF4100716C26 /* Main.storyboard */,
			);
			path = Resources;
			sourceTree = "<group>";
		};
		80A180CB1EFDBF4100716C26 /* Sources */ = {
			isa = PBXGroup;
			children = (
				80A180CC1EFDBF4100716C26 /* main.swift */,
				80A180CD1EFDBF4100716C26 /* MainWindowController.swift */,
				80A180CE1EFDBF4100716C26 /* ViewController.swift */,
			);
			path = Sources;
			sourceTree = "<group>";
		};
		80AC1BAA1EEF37C50048151A /* Extensions */ = {
			isa = PBXGroup;
			children = (
				80AC1BB81EEF38E30048151A /* Bundle.swift */,
				80AC1BAB1EEF37C50048151A /* DispatchQueue.swift */,
				80AC1BAC1EEF37C50048151A /* DispatchSemaphore.swift */,
				80AC1BAD1EEF37C50048151A /* OperationQueue.swift */,
			);
			path = Extensions;
			sourceTree = "<group>";
		};
		80C23B172116031500BD1321 /* AppKit */ = {
			isa = PBXGroup;
			children = (
				80C23BB7211603F400BD1321 /* Extensions */,
				80C23B5C2116031500BD1321 /* Media */,
			);
			path = AppKit;
			sourceTree = "<group>";
		};
		80C23B5C2116031500BD1321 /* Media */ = {
			isa = PBXGroup;
			children = (
				80C23BB1211603E000BD1321 /* VULevelMeter.DrawingData.swift */,
				80C23BB2211603E100BD1321 /* VULevelMeter.Shaders.metal */,
				80C23BB3211603E100BD1321 /* VULevelMeter.swift */,
				80C23B5E2116031500BD1321 /* DisplayLink.GenericRenderer.swift */,
				80C23B622116031500BD1321 /* MediaLibraryUtility.swift */,
				80C23B652116031500BD1321 /* DisplayLink.swift */,
				80C23B672116031500BD1321 /* MediaObjectPasteboardUtility.swift */,
			);
			path = Media;
			sourceTree = "<group>";
		};
		80C23B6C2116038700BD1321 /* Foundation */ = {
			isa = PBXGroup;
			children = (
				80C23BEA2116044700BD1321 /* Notification */,
				80C23BCF2116041F00BD1321 /* Extensions */,
				80C23BAA211603C400BD1321 /* os */,
				80C23B922116038700BD1321 /* Sources */,
			);
			path = Foundation;
			sourceTree = "<group>";
		};
		80C23B922116038700BD1321 /* Sources */ = {
			isa = PBXGroup;
			children = (
				80C23C142116051D00BD1321 /* Math.swift */,
				80C23B972116038700BD1321 /* BuildInfo.swift */,
				80C23B9A2116038700BD1321 /* Functions.swift */,
				80C23B9B2116038700BD1321 /* Result.swift */,
				80C23B9C2116038700BD1321 /* RuntimeInfo.swift */,
			);
			path = Sources;
			sourceTree = "<group>";
		};
		80C23BAA211603C400BD1321 /* os */ = {
			isa = PBXGroup;
			children = (
				80C23BAD211603C400BD1321 /* log */,
			);
			path = os;
			sourceTree = "<group>";
		};
		80C23BAD211603C400BD1321 /* log */ = {
			isa = PBXGroup;
			children = (
				80C23BAE211603C400BD1321 /* Log.swift */,
			);
			path = log;
			sourceTree = "<group>";
		};
		80C23BB7211603F400BD1321 /* Extensions */ = {
			isa = PBXGroup;
			children = (
				80C23C292116058900BD1321 /* NSNib.swift */,
				80C23BBF211603F400BD1321 /* NSToolbar.swift */,
			);
			path = Extensions;
			sourceTree = "<group>";
		};
		80C23BCF2116041F00BD1321 /* Extensions */ = {
			isa = PBXGroup;
			children = (
				80C23C122116050600BD1321 /* String.swift */,
				80C23BE72116041F00BD1321 /* Color.swift */,
			);
			path = Extensions;
			sourceTree = "<group>";
		};
		80C23BEA2116044700BD1321 /* Notification */ = {
			isa = PBXGroup;
			children = (
				80C23BEB2116044700BD1321 /* NotificationObserver.swift */,
			);
			path = Notification;
			sourceTree = "<group>";
		};
		80C23BEF2116047E00BD1321 /* Concurrency */ = {
			isa = PBXGroup;
			children = (
				80C23BFB2116047E00BD1321 /* NonRecursiveLock.swift */,
				80C23BF22116047E00BD1321 /* NonRecursiveLocking.swift */,
				80C23BFE2116047E00BD1321 /* SmartDispatchSource.swift */,
				80C23BF42116047E00BD1321 /* SmartDispatchSourceType.swift */,
				80C23BF62116047E00BD1321 /* SmartDispatchSourceUserDataAdd.swift */,
				80C23BF52116047E00BD1321 /* SpinLock.swift */,
				80C23BF02116047E00BD1321 /* UnfairLock.swift */,
			);
			path = Concurrency;
			sourceTree = "<group>";
		};
		80C23BFF211604C000BD1321 /* Extensions */ = {
			isa = PBXGroup;
			children = (
				80C23C07211604C000BD1321 /* AudioBuffer.swift */,
				80C23C01211604C000BD1321 /* AudioComponentDescription.swift */,
				80C23C02211604C000BD1321 /* GLKMatrix4.swift */,
				80C23C03211604C000BD1321 /* MTLDevice.swift */,
				80C23C05211604C000BD1321 /* UnsafeMutableAudioBufferListPointer.swift */,
			);
			path = Extensions;
			sourceTree = "<group>";
		};
		80C23C172116053F00BD1321 /* Types */ = {
			isa = PBXGroup;
			children = (
				80C23C182116053F00BD1321 /* Sources */,
			);
			path = Types;
			sourceTree = "<group>";
		};
		80C23C182116053F00BD1321 /* Sources */ = {
			isa = PBXGroup;
			children = (
				80C23C41211607E900BD1321 /* RandomFactory.swift */,
				80C23C1C2116053F00BD1321 /* MinMax.swift */,
			);
			path = Sources;
			sourceTree = "<group>";
		};
		80C23C242116056900BD1321 /* Converters */ = {
			isa = PBXGroup;
			children = (
				80C23C262116056900BD1321 /* NumericTypesConversions.swift */,
			);
			path = Converters;
			sourceTree = "<group>";
		};
		80C8085A1EFF26F000E68A3F /* Vendor */ = {
			isa = PBXGroup;
			children = (
				8044E5D91F79B0CB005E5760 /* WL */,
			);
			path = Vendor;
			sourceTree = "<group>";
		};
		80E4D2F41EFDBD7C00D8A2BC /* Sources */ = {
			isa = PBXGroup;
			children = (
				80C23C3E211607B800BD1321 /* Logger.swift */,
				80485FE31DA6C700004EFA32 /* Application.swift */,
				80485FAF1DA4657A004EFA32 /* MainToolbar.swift */,
				805A88561EF0FE0D00B8B937 /* MainToolbar.Event.swift */,
				8005CA4A1EF6B3020091E075 /* MainViewUIModel.swift */,
				80485FEA1DA6CA97004EFA32 /* MediaItemView.swift */,
				80485FCC1DA6C39B004EFA32 /* PlaybackEngine.swift */,
				80485FCD1DA6C39B004EFA32 /* PlaybackEngineContext.swift */,
			);
			path = Sources;
			sourceTree = "<group>";
		};
		BAB462FDE9E03CC16B4AD33D /* Sources */ = {
			isa = PBXGroup;
			children = (
				80A180B21EFDBE4900716C26 /* AudioComponentsUtility.swift */,
				80A180B31EFDBE4900716C26 /* BufferDatasource.swift */,
				80A180B11EFDBE4900716C26 /* BufferedAudioBus.swift */,
				804674501D25DE77000989CA /* WaveformCacheUtility.swift */,
				804674511D25DE77000989CA /* WaveformDrawingDataProvider.swift */,
			);
			path = Sources;
			sourceTree = "<group>";
		};
		C5A5A0F31C47E75F00F9864E = {
			isa = PBXGroup;
			children = (
				80A180BA1EFDBEF700716C26 /* Configuration */,
				C5A5A0FE1C47E75F00F9864E /* Attenuator */,
				C5A5A1131C47EB5300F9864E /* AttenuatorAU */,
				8044ABCD1C52E24000FA3DA3 /* AttenuatorKit */,
				80485FAE1DA46551004EFA32 /* Shared */,
				80C8085A1EFF26F000E68A3F /* Vendor */,
				8044ABDE1C52E4B700FA3DA3 /* Frameworks */,
				C5A5A0FD1C47E75F00F9864E /* Products */,
			);
			sourceTree = "<group>";
		};
		C5A5A0FD1C47E75F00F9864E /* Products */ = {
			isa = PBXGroup;
			children = (
				C5A5A0FC1C47E75F00F9864E /* Attenuator.app */,
				C5A5A1121C47EB5300F9864E /* AttenuatorAU.appex */,
				8044ABCC1C52E24000FA3DA3 /* AttenuatorKit.framework */,
			);
			name = Products;
			sourceTree = "<group>";
		};
		C5A5A0FE1C47E75F00F9864E /* Attenuator */ = {
			isa = PBXGroup;
			children = (
				80A180C71EFDBF4100716C26 /* Resources */,
				80A180CB1EFDBF4100716C26 /* Sources */,
			);
			name = Attenuator;
			path = SampleAUPlugin/Attenuator;
			sourceTree = "<group>";
		};
		C5A5A1131C47EB5300F9864E /* AttenuatorAU */ = {
			isa = PBXGroup;
			children = (
				80A180C51EFDBF3100716C26 /* Sources */,
			);
			name = AttenuatorAU;
			path = SampleAUPlugin/AttenuatorAU;
			sourceTree = "<group>";
		};
/* End PBXGroup section */

/* Begin PBXHeadersBuildPhase section */
		8044ABC91C52E24000FA3DA3 /* Headers */ = {
			isa = PBXHeadersBuildPhase;
			buildActionMask = 2147483647;
			files = (
				80A180CF1EFDBFE600716C26 /* AttenuatorKit.h in Headers */,
			);
			runOnlyForDeploymentPostprocessing = 0;
		};
/* End PBXHeadersBuildPhase section */

/* Begin PBXNativeTarget section */
		8044ABCB1C52E24000FA3DA3 /* AttenuatorKit */ = {
			isa = PBXNativeTarget;
			buildConfigurationList = 8044ABD51C52E24000FA3DA3 /* Build configuration list for PBXNativeTarget "AttenuatorKit" */;
			buildPhases = (
				80B9403A1D1B50D50013FE1C /* Run Script: Pre-Build */,
				8044ABC71C52E24000FA3DA3 /* Sources */,
				8044ABC81C52E24000FA3DA3 /* Frameworks */,
				8044ABC91C52E24000FA3DA3 /* Headers */,
				8044ABCA1C52E24000FA3DA3 /* Resources */,
			);
			buildRules = (
			);
			dependencies = (
			);
			name = AttenuatorKit;
			productName = AttenuatorKit;
			productReference = 8044ABCC1C52E24000FA3DA3 /* AttenuatorKit.framework */;
			productType = "com.apple.product-type.framework";
		};
		C5A5A0FB1C47E75F00F9864E /* Attenuator */ = {
			isa = PBXNativeTarget;
			buildConfigurationList = C5A5A10B1C47E75F00F9864E /* Build configuration list for PBXNativeTarget "Attenuator" */;
			buildPhases = (
				C5A5A0F81C47E75F00F9864E /* Sources */,
				C5A5A0F91C47E75F00F9864E /* Frameworks */,
				C5A5A0FA1C47E75F00F9864E /* Resources */,
				C5A5A1261C47EB5300F9864E /* Embed App Extensions */,
				80D5104C1C6697D000C53608 /* Embed Frameworks */,
				C51A63701C4FD1650016F291 /* Run Script: Post-Build */,
			);
			buildRules = (
			);
			dependencies = (
				80D510401C66902800C53608 /* PBXTargetDependency */,
				C5A5A1211C47EB5300F9864E /* PBXTargetDependency */,
			);
			name = Attenuator;
			productName = Attenuator;
			productReference = C5A5A0FC1C47E75F00F9864E /* Attenuator.app */;
			productType = "com.apple.product-type.application";
		};
		C5A5A1111C47EB5300F9864E /* AttenuatorAU */ = {
			isa = PBXNativeTarget;
			buildConfigurationList = C5A5A1231C47EB5300F9864E /* Build configuration list for PBXNativeTarget "AttenuatorAU" */;
			buildPhases = (
				C5A5A10E1C47EB5300F9864E /* Sources */,
				C5A5A10F1C47EB5300F9864E /* Frameworks */,
				C5A5A1101C47EB5300F9864E /* Resources */,
				801E7E401C544DF30064126C /* CopyFiles */,
			);
			buildRules = (
			);
			dependencies = (
				80D5103E1C668FC600C53608 /* PBXTargetDependency */,
			);
			name = AttenuatorAU;
			productName = AttenuatorAU;
			productReference = C5A5A1121C47EB5300F9864E /* AttenuatorAU.appex */;
			productType = "com.apple.product-type.app-extension";
		};
/* End PBXNativeTarget section */

/* Begin PBXProject section */
		C5A5A0F41C47E75F00F9864E /* Project object */ = {
			isa = PBXProject;
			attributes = {
				LastSwiftUpdateCheck = 0730;
				LastUpgradeCheck = 0930;
				ORGANIZATIONNAME = WaveLabs;
				TargetAttributes = {
					8044ABCB1C52E24000FA3DA3 = {
						CreatedOnToolsVersion = 7.3;
						LastSwiftMigration = 0900;
						ProvisioningStyle = Manual;
					};
					C5A5A0FB1C47E75F00F9864E = {
						CreatedOnToolsVersion = 7.2;
						LastSwiftMigration = 0900;
						ProvisioningStyle = Manual;
						SystemCapabilities = {
							com.apple.Sandbox = {
								enabled = 1;
							};
						};
					};
					C5A5A1111C47EB5300F9864E = {
						CreatedOnToolsVersion = 7.2;
						LastSwiftMigration = 0900;
						ProvisioningStyle = Manual;
					};
				};
			};
			buildConfigurationList = C5A5A0F71C47E75F00F9864E /* Build configuration list for PBXProject "Attenuator" */;
			compatibilityVersion = "Xcode 8.0";
			developmentRegion = English;
			hasScannedForEncodings = 0;
			knownRegions = (
				en,
				Base,
			);
			mainGroup = C5A5A0F31C47E75F00F9864E;
			productRefGroup = C5A5A0FD1C47E75F00F9864E /* Products */;
			projectDirPath = "";
			projectRoot = "";
			targets = (
				C5A5A0FB1C47E75F00F9864E /* Attenuator */,
				C5A5A1111C47EB5300F9864E /* AttenuatorAU */,
				8044ABCB1C52E24000FA3DA3 /* AttenuatorKit */,
			);
		};
/* End PBXProject section */

/* Begin PBXResourcesBuildPhase section */
		8044ABCA1C52E24000FA3DA3 /* Resources */ = {
			isa = PBXResourcesBuildPhase;
			buildActionMask = 2147483647;
			files = (
				80A180D01EFDC00B00716C26 /* AttenuatorViewController.xib in Resources */,
			);
			runOnlyForDeploymentPostprocessing = 0;
		};
		C5A5A0FA1C47E75F00F9864E /* Resources */ = {
			isa = PBXResourcesBuildPhase;
			buildActionMask = 2147483647;
			files = (
				80A180DA1EFDC03300716C26 /* Assets.xcassets in Resources */,
				80A180DB1EFDC03700716C26 /* Main.storyboard in Resources */,
			);
			runOnlyForDeploymentPostprocessing = 0;
		};
		C5A5A1101C47EB5300F9864E /* Resources */ = {
			isa = PBXResourcesBuildPhase;
			buildActionMask = 2147483647;
			files = (
			);
			runOnlyForDeploymentPostprocessing = 0;
		};
/* End PBXResourcesBuildPhase section */

/* Begin PBXShellScriptBuildPhase section */
		80B9403A1D1B50D50013FE1C /* Run Script: Pre-Build */ = {
			isa = PBXShellScriptBuildPhase;
			buildActionMask = 2147483647;
			files = (
			);
			inputPaths = (
			);
			name = "Run Script: Pre-Build";
			outputPaths = (
			);
			runOnlyForDeploymentPostprocessing = 0;
			shellPath = /bin/bash;
			shellScript = "[[ -r ~/.bashrc ]] && . ~/.bashrc\nruby -r \"`pwd`/Automation.rb\" -e \"Automation.verifyPlugIn\"";
		};
		C51A63701C4FD1650016F291 /* Run Script: Post-Build */ = {
			isa = PBXShellScriptBuildPhase;
			buildActionMask = 2147483647;
			files = (
			);
			inputPaths = (
			);
			name = "Run Script: Post-Build";
			outputPaths = (
			);
			runOnlyForDeploymentPostprocessing = 0;
			shellPath = /bin/bash;
			shellScript = "[[ -r ~/.bashrc ]] && . ~/.bashrc\nruby -r \"`pwd`/Automation.rb\" -e \"Automation.post\"";
		};
/* End PBXShellScriptBuildPhase section */

/* Begin PBXSourcesBuildPhase section */
		8044ABC71C52E24000FA3DA3 /* Sources */ = {
			isa = PBXSourcesBuildPhase;
			buildActionMask = 2147483647;
			files = (
				80C23C132116050600BD1321 /* String.swift in Sources */,
				802BE2E81EFDAF740072D3D8 /* CoreTypeAliases.swift in Sources */,
				80C23C3A211607A500BD1321 /* SmartDispatchSourceType.swift in Sources */,
				80C23C37211607A500BD1321 /* NonRecursiveLock.swift in Sources */,
				80C23C0A211604CE00BD1321 /* AudioComponentDescription.swift in Sources */,
				80A180D51EFDC01200716C26 /* AttenuatorViewController.swift in Sources */,
				80C23BB0211603CA00BD1321 /* Log.swift in Sources */,
				80C23BA6211603B600BD1321 /* BuildInfo.swift in Sources */,
				80C23C3D211607A500BD1321 /* UnfairLock.swift in Sources */,
				80C23B682116035E00BD1321 /* DisplayLink.GenericRenderer.swift in Sources */,
				80C23C39211607A500BD1321 /* SmartDispatchSource.swift in Sources */,
				80C23BB5211603E100BD1321 /* VULevelMeter.Shaders.metal in Sources */,
				80C23C2A2116058900BD1321 /* NSNib.swift in Sources */,
				80C23C0F211604CE00BD1321 /* GLKMatrix4.swift in Sources */,
				80A180D21EFDC01200716C26 /* AttenuatorDSPKernel.swift in Sources */,
				80C23BB6211603E100BD1321 /* VULevelMeter.swift in Sources */,
				80A180D31EFDC01200716C26 /* AttenuatorParameter.swift in Sources */,
				80C23C11211604CE00BD1321 /* UnsafeMutableAudioBufferListPointer.swift in Sources */,
				80A180B81EFDBE5600716C26 /* BufferDatasource.swift in Sources */,
				80C23C3C211607A500BD1321 /* SpinLock.swift in Sources */,
				80C23BEE2116045300BD1321 /* NotificationObserver.swift in Sources */,
				80A180D41EFDC01200716C26 /* AttenuatorView.swift in Sources */,
				80C23C09211604CE00BD1321 /* AudioBuffer.swift in Sources */,
				80A180D11EFDC01200716C26 /* AttenuatorAudioUnit.swift in Sources */,
				80A180B91EFDBE5600716C26 /* BufferedAudioBus.swift in Sources */,
				80C23C10211604CE00BD1321 /* MTLDevice.swift in Sources */,
				80C23C3B211607A500BD1321 /* SmartDispatchSourceUserDataAdd.swift in Sources */,
				80C23C38211607A500BD1321 /* NonRecursiveLocking.swift in Sources */,
				80C8089A1EFF2A2500E68A3F /* DispatchQueue.swift in Sources */,
				80C23C282116056900BD1321 /* NumericTypesConversions.swift in Sources */,
				80C808991EFF2A1500E68A3F /* OperationQueue.swift in Sources */,
				80C23C3F211607B800BD1321 /* Logger.swift in Sources */,
				80C23B692116035E00BD1321 /* DisplayLink.swift in Sources */,
				80C23BA7211603B600BD1321 /* RuntimeInfo.swift in Sources */,
				80C23BB4211603E100BD1321 /* VULevelMeter.DrawingData.swift in Sources */,
				80AC1BB91EEF38E90048151A /* Bundle.swift in Sources */,
			);
			runOnlyForDeploymentPostprocessing = 0;
		};
		C5A5A0F81C47E75F00F9864E /* Sources */ = {
			isa = PBXSourcesBuildPhase;
			buildActionMask = 2147483647;
			files = (
				80485FE41DA6C700004EFA32 /* Application.swift in Sources */,
				80C23BA8211603B600BD1321 /* BuildInfo.swift in Sources */,
				80C23BE92116042C00BD1321 /* Color.swift in Sources */,
				80C23C162116052200BD1321 /* Math.swift in Sources */,
				80A180D81EFDC02800716C26 /* MainWindowController.swift in Sources */,
				80C23B6B2116036100BD1321 /* MediaObjectPasteboardUtility.swift in Sources */,
				80C23C462116084C00BD1321 /* SpinLock.swift in Sources */,
				80C23BA5211603AC00BD1321 /* Result.swift in Sources */,
				80C23C232116055500BD1321 /* MinMax.swift in Sources */,
				80C23C442116082400BD1321 /* NSToolbar.swift in Sources */,
				80C23BAF211603CA00BD1321 /* Log.swift in Sources */,
				80485FC81DA6C2EC004EFA32 /* WaveformCacheUtility.swift in Sources */,
				805A88571EF0FE1100B8B937 /* MainToolbar.Event.swift in Sources */,
				80C23C40211607C900BD1321 /* Logger.swift in Sources */,
				8005CA4C1EF6B3520091E075 /* MainViewUIModel.swift in Sources */,
				80485FCF1DA6C39B004EFA32 /* PlaybackEngineContext.swift in Sources */,
				80141F9F1EF6B53900490F78 /* CoreTypeAliases.swift in Sources */,
				80AC1BBB1EEF39150048151A /* DispatchQueue.swift in Sources */,
				80485FC91DA6C2F7004EFA32 /* WaveformDrawingDataProvider.swift in Sources */,
				80C23BA9211603B600BD1321 /* RuntimeInfo.swift in Sources */,
				80485FB01DA4657A004EFA32 /* MainToolbar.swift in Sources */,
				80485FCE1DA6C39B004EFA32 /* PlaybackEngine.swift in Sources */,
				80C23C42211607E900BD1321 /* RandomFactory.swift in Sources */,
				80A180D71EFDC02800716C26 /* main.swift in Sources */,
				80A180D91EFDC02800716C26 /* ViewController.swift in Sources */,
				80C23C432116080F00BD1321 /* Functions.swift in Sources */,
				80485FED1DA6CAB4004EFA32 /* AlternativeValue.swift in Sources */,
				80485FEC1DA6CA9C004EFA32 /* MediaItemView.swift in Sources */,
				80AC1BBC1EEF39200048151A /* DispatchSemaphore.swift in Sources */,
				80C23B6A2116036100BD1321 /* MediaLibraryUtility.swift in Sources */,
				80C8089B1EFF2A7500E68A3F /* AudioComponentsUtility.swift in Sources */,
				80C23C452116083400BD1321 /* NonRecursiveLocking.swift in Sources */,
				80C23BED2116045300BD1321 /* NotificationObserver.swift in Sources */,
			);
			runOnlyForDeploymentPostprocessing = 0;
		};
		C5A5A10E1C47EB5300F9864E /* Sources */ = {
			isa = PBXSourcesBuildPhase;
			buildActionMask = 2147483647;
			files = (
				80A180D61EFDC01C00716C26 /* AttenuatorAU.swift in Sources */,
			);
			runOnlyForDeploymentPostprocessing = 0;
		};
/* End PBXSourcesBuildPhase section */

/* Begin PBXTargetDependency section */
		80D5103E1C668FC600C53608 /* PBXTargetDependency */ = {
			isa = PBXTargetDependency;
			target = 8044ABCB1C52E24000FA3DA3 /* AttenuatorKit */;
			targetProxy = 80D5103D1C668FC600C53608 /* PBXContainerItemProxy */;
		};
		80D510401C66902800C53608 /* PBXTargetDependency */ = {
			isa = PBXTargetDependency;
			target = 8044ABCB1C52E24000FA3DA3 /* AttenuatorKit */;
			targetProxy = 80D5103F1C66902800C53608 /* PBXContainerItemProxy */;
		};
		C5A5A1211C47EB5300F9864E /* PBXTargetDependency */ = {
			isa = PBXTargetDependency;
			target = C5A5A1111C47EB5300F9864E /* AttenuatorAU */;
			targetProxy = C5A5A1201C47EB5300F9864E /* PBXContainerItemProxy */;
		};
/* End PBXTargetDependency section */

/* Begin PBXVariantGroup section */
		80A180C91EFDBF4100716C26 /* Main.storyboard */ = {
			isa = PBXVariantGroup;
			children = (
				80A180CA1EFDBF4100716C26 /* Base */,
			);
			name = Main.storyboard;
			sourceTree = "<group>";
		};
/* End PBXVariantGroup section */

/* Begin XCBuildConfiguration section */
		8044ABD61C52E24000FA3DA3 /* Debug */ = {
			isa = XCBuildConfiguration;
			buildSettings = {
				ALWAYS_SEARCH_USER_PATHS = NO;
				APPLICATION_EXTENSION_API_ONLY = YES;
				CLANG_ENABLE_MODULES = YES;
				CLANG_ENABLE_OBJC_ARC = YES;
				CLANG_ENABLE_OBJC_WEAK = YES;
				CLANG_WARN_BOOL_CONVERSION = YES;
				CLANG_WARN_CONSTANT_CONVERSION = YES;
				CLANG_WARN_DIRECT_OBJC_ISA_USAGE = YES_ERROR;
				CLANG_WARN_EMPTY_BODY = YES;
				CLANG_WARN_ENUM_CONVERSION = YES;
				CLANG_WARN_INT_CONVERSION = YES;
				CLANG_WARN_OBJC_ROOT_CLASS = YES_ERROR;
				CLANG_WARN_UNREACHABLE_CODE = YES;
				CLANG_WARN__DUPLICATE_METHOD_MATCH = YES;
				CODE_SIGN_IDENTITY = "";
				CODE_SIGN_STYLE = Manual;
				COMBINE_HIDPI_IMAGES = YES;
				COPY_PHASE_STRIP = NO;
				CURRENT_PROJECT_VERSION = "$(APP_BUNDLE_VERSION)";
				DEFINES_MODULE = YES;
				DYLIB_COMPATIBILITY_VERSION = 1;
				DYLIB_CURRENT_VERSION = "$(APP_BUNDLE_VERSION)";
				DYLIB_INSTALL_NAME_BASE = "@rpath";
				ENABLE_STRICT_OBJC_MSGSEND = YES;
				GCC_WARN_64_TO_32_BIT_CONVERSION = YES;
				GCC_WARN_ABOUT_RETURN_TYPE = YES_ERROR;
				GCC_WARN_UNDECLARED_SELECTOR = YES;
				GCC_WARN_UNINITIALIZED_AUTOS = YES_AGGRESSIVE;
				GCC_WARN_UNUSED_FUNCTION = YES;
				GCC_WARN_UNUSED_VARIABLE = YES;
				INFOPLIST_FILE = SampleAUPlugin/AttenuatorKit/Info.plist;
				INSTALL_PATH = "$(LOCAL_LIBRARY_DIR)/Frameworks";
				LD_RUNPATH_SEARCH_PATHS = "$(inherited) @executable_path/Frameworks @loader_path/Frameworks";
				PRODUCT_BUNDLE_IDENTIFIER = ua.com.wavelabs.AttenuatorAU.AttenuatorKit;
				PRODUCT_NAME = AttenuatorKit;
				SKIP_INSTALL = YES;
				SWIFT_VERSION = 4.0;
			};
			name = Debug;
		};
		8044ABD71C52E24000FA3DA3 /* Release */ = {
			isa = XCBuildConfiguration;
			buildSettings = {
				ALWAYS_SEARCH_USER_PATHS = NO;
				APPLICATION_EXTENSION_API_ONLY = YES;
				CLANG_ENABLE_MODULES = YES;
				CLANG_ENABLE_OBJC_ARC = YES;
				CLANG_ENABLE_OBJC_WEAK = YES;
				CLANG_WARN_BOOL_CONVERSION = YES;
				CLANG_WARN_CONSTANT_CONVERSION = YES;
				CLANG_WARN_DIRECT_OBJC_ISA_USAGE = YES_ERROR;
				CLANG_WARN_EMPTY_BODY = YES;
				CLANG_WARN_ENUM_CONVERSION = YES;
				CLANG_WARN_INT_CONVERSION = YES;
				CLANG_WARN_OBJC_ROOT_CLASS = YES_ERROR;
				CLANG_WARN_UNREACHABLE_CODE = YES;
				CLANG_WARN__DUPLICATE_METHOD_MATCH = YES;
				CODE_SIGN_IDENTITY = "";
				CODE_SIGN_STYLE = Manual;
				COMBINE_HIDPI_IMAGES = YES;
				COPY_PHASE_STRIP = NO;
				CURRENT_PROJECT_VERSION = "$(APP_BUNDLE_VERSION)";
				DEFINES_MODULE = YES;
				DYLIB_COMPATIBILITY_VERSION = 1;
				DYLIB_CURRENT_VERSION = "$(APP_BUNDLE_VERSION)";
				DYLIB_INSTALL_NAME_BASE = "@rpath";
				ENABLE_NS_ASSERTIONS = NO;
				ENABLE_STRICT_OBJC_MSGSEND = YES;
				GCC_WARN_64_TO_32_BIT_CONVERSION = YES;
				GCC_WARN_ABOUT_RETURN_TYPE = YES_ERROR;
				GCC_WARN_UNDECLARED_SELECTOR = YES;
				GCC_WARN_UNINITIALIZED_AUTOS = YES_AGGRESSIVE;
				GCC_WARN_UNUSED_FUNCTION = YES;
				GCC_WARN_UNUSED_VARIABLE = YES;
				INFOPLIST_FILE = SampleAUPlugin/AttenuatorKit/Info.plist;
				INSTALL_PATH = "$(LOCAL_LIBRARY_DIR)/Frameworks";
				LD_RUNPATH_SEARCH_PATHS = "$(inherited) @executable_path/Frameworks @loader_path/Frameworks";
				PRODUCT_BUNDLE_IDENTIFIER = ua.com.wavelabs.AttenuatorAU.AttenuatorKit;
				PRODUCT_NAME = AttenuatorKit;
				SKIP_INSTALL = YES;
				SWIFT_VERSION = 4.0;
				VALIDATE_PRODUCT = YES;
			};
			name = Release;
		};
		C5A5A1091C47E75F00F9864E /* Debug */ = {
			isa = XCBuildConfiguration;
			baseConfigurationReference = 80C808591EFF268F00E68A3F /* Project.xcconfig */;
			buildSettings = {
				ALWAYS_SEARCH_USER_PATHS = NO;
				CLANG_ENABLE_MODULES = YES;
				CLANG_ENABLE_OBJC_ARC = YES;
				CLANG_WARN_BLOCK_CAPTURE_AUTORELEASING = YES;
				CLANG_WARN_BOOL_CONVERSION = YES;
				CLANG_WARN_COMMA = YES;
				CLANG_WARN_CONSTANT_CONVERSION = YES;
				CLANG_WARN_DEPRECATED_OBJC_IMPLEMENTATIONS = YES;
				CLANG_WARN_DIRECT_OBJC_ISA_USAGE = YES_ERROR;
				CLANG_WARN_EMPTY_BODY = YES;
				CLANG_WARN_ENUM_CONVERSION = YES;
				CLANG_WARN_INFINITE_RECURSION = YES;
				CLANG_WARN_INT_CONVERSION = YES;
				CLANG_WARN_NON_LITERAL_NULL_CONVERSION = YES;
				CLANG_WARN_OBJC_IMPLICIT_RETAIN_SELF = YES;
				CLANG_WARN_OBJC_LITERAL_CONVERSION = YES;
				CLANG_WARN_OBJC_ROOT_CLASS = YES_ERROR;
				CLANG_WARN_RANGE_LOOP_ANALYSIS = YES;
				CLANG_WARN_STRICT_PROTOTYPES = YES;
				CLANG_WARN_SUSPICIOUS_MOVE = YES;
				CLANG_WARN_UNREACHABLE_CODE = YES;
				CLANG_WARN__DUPLICATE_METHOD_MATCH = YES;
				CODE_SIGN_IDENTITY = "Mac Developer";
				COPY_PHASE_STRIP = NO;
				DEBUG_INFORMATION_FORMAT = dwarf;
				ENABLE_STRICT_OBJC_MSGSEND = YES;
				ENABLE_TESTABILITY = YES;
				GCC_DYNAMIC_NO_PIC = NO;
				GCC_NO_COMMON_BLOCKS = YES;
				GCC_OPTIMIZATION_LEVEL = 0;
				GCC_PREPROCESSOR_DEFINITIONS = (
					"DEBUG=1",
					"$(inherited)",
				);
				GCC_WARN_64_TO_32_BIT_CONVERSION = YES;
				GCC_WARN_ABOUT_RETURN_TYPE = YES_ERROR;
				GCC_WARN_UNDECLARED_SELECTOR = YES;
				GCC_WARN_UNINITIALIZED_AUTOS = YES_AGGRESSIVE;
				GCC_WARN_UNUSED_FUNCTION = YES;
				GCC_WARN_UNUSED_VARIABLE = YES;
				MACOSX_DEPLOYMENT_TARGET = 10.11;
				MTL_ENABLE_DEBUG_INFO = YES;
				ONLY_ACTIVE_ARCH = YES;
				SDKROOT = macosx;
				SWIFT_OPTIMIZATION_LEVEL = "-Onone";
			};
			name = Debug;
		};
		C5A5A10A1C47E75F00F9864E /* Release */ = {
			isa = XCBuildConfiguration;
			baseConfigurationReference = 80C808591EFF268F00E68A3F /* Project.xcconfig */;
			buildSettings = {
				ALWAYS_SEARCH_USER_PATHS = NO;
				CLANG_ENABLE_MODULES = YES;
				CLANG_ENABLE_OBJC_ARC = YES;
				CLANG_WARN_BLOCK_CAPTURE_AUTORELEASING = YES;
				CLANG_WARN_BOOL_CONVERSION = YES;
				CLANG_WARN_COMMA = YES;
				CLANG_WARN_CONSTANT_CONVERSION = YES;
				CLANG_WARN_DEPRECATED_OBJC_IMPLEMENTATIONS = YES;
				CLANG_WARN_DIRECT_OBJC_ISA_USAGE = YES_ERROR;
				CLANG_WARN_EMPTY_BODY = YES;
				CLANG_WARN_ENUM_CONVERSION = YES;
				CLANG_WARN_INFINITE_RECURSION = YES;
				CLANG_WARN_INT_CONVERSION = YES;
				CLANG_WARN_NON_LITERAL_NULL_CONVERSION = YES;
				CLANG_WARN_OBJC_IMPLICIT_RETAIN_SELF = YES;
				CLANG_WARN_OBJC_LITERAL_CONVERSION = YES;
				CLANG_WARN_OBJC_ROOT_CLASS = YES_ERROR;
				CLANG_WARN_RANGE_LOOP_ANALYSIS = YES;
				CLANG_WARN_STRICT_PROTOTYPES = YES;
				CLANG_WARN_SUSPICIOUS_MOVE = YES;
				CLANG_WARN_UNREACHABLE_CODE = YES;
				CLANG_WARN__DUPLICATE_METHOD_MATCH = YES;
				CODE_SIGN_IDENTITY = "Mac Developer";
				COPY_PHASE_STRIP = NO;
				DEBUG_INFORMATION_FORMAT = "dwarf-with-dsym";
				ENABLE_NS_ASSERTIONS = NO;
				ENABLE_STRICT_OBJC_MSGSEND = YES;
				GCC_NO_COMMON_BLOCKS = YES;
				GCC_WARN_64_TO_32_BIT_CONVERSION = YES;
				GCC_WARN_ABOUT_RETURN_TYPE = YES_ERROR;
				GCC_WARN_UNDECLARED_SELECTOR = YES;
				GCC_WARN_UNINITIALIZED_AUTOS = YES_AGGRESSIVE;
				GCC_WARN_UNUSED_FUNCTION = YES;
				GCC_WARN_UNUSED_VARIABLE = YES;
				MACOSX_DEPLOYMENT_TARGET = 10.11;
				MTL_ENABLE_DEBUG_INFO = NO;
				SDKROOT = macosx;
				SWIFT_OPTIMIZATION_LEVEL = "-Owholemodule";
			};
			name = Release;
		};
		C5A5A10C1C47E75F00F9864E /* Debug */ = {
			isa = XCBuildConfiguration;
			buildSettings = {
				ALWAYS_EMBED_SWIFT_STANDARD_LIBRARIES = YES;
				ASSETCATALOG_COMPILER_APPICON_NAME = AppIcon;
				CLANG_ENABLE_OBJC_WEAK = YES;
				CODE_SIGN_ENTITLEMENTS = SampleAUPlugin/Attenuator/Attenuator.entitlements;
				CODE_SIGN_IDENTITY = "Mac Developer";
				CODE_SIGN_STYLE = Manual;
				COMBINE_HIDPI_IMAGES = YES;
				CURRENT_PROJECT_VERSION = "$(APP_BUNDLE_VERSION)";
				DEPLOYMENT_LOCATION = YES;
				INFOPLIST_FILE = SampleAUPlugin/Attenuator/Info.plist;
				LD_RUNPATH_SEARCH_PATHS = "$(inherited) @executable_path/../Frameworks";
				PRODUCT_BUNDLE_IDENTIFIER = ua.com.wavelabs.Attenuator;
				PRODUCT_NAME = "$(TARGET_NAME)";
				SWIFT_VERSION = 4.0;
			};
			name = Debug;
		};
		C5A5A10D1C47E75F00F9864E /* Release */ = {
			isa = XCBuildConfiguration;
			buildSettings = {
				ALWAYS_EMBED_SWIFT_STANDARD_LIBRARIES = YES;
				ASSETCATALOG_COMPILER_APPICON_NAME = AppIcon;
				CLANG_ENABLE_OBJC_WEAK = YES;
				CODE_SIGN_ENTITLEMENTS = SampleAUPlugin/Attenuator/Attenuator.entitlements;
				CODE_SIGN_IDENTITY = "Developer ID Application";
				CODE_SIGN_STYLE = Manual;
				COMBINE_HIDPI_IMAGES = YES;
				CURRENT_PROJECT_VERSION = "$(APP_BUNDLE_VERSION)";
				DEPLOYMENT_LOCATION = YES;
				INFOPLIST_FILE = SampleAUPlugin/Attenuator/Info.plist;
				LD_RUNPATH_SEARCH_PATHS = "$(inherited) @executable_path/../Frameworks";
				PRODUCT_BUNDLE_IDENTIFIER = ua.com.wavelabs.Attenuator;
				PRODUCT_NAME = "$(TARGET_NAME)";
				SWIFT_VERSION = 4.0;
			};
			name = Release;
		};
		C5A5A1241C47EB5300F9864E /* Debug */ = {
			isa = XCBuildConfiguration;
			buildSettings = {
				ALWAYS_EMBED_SWIFT_STANDARD_LIBRARIES = YES;
				CLANG_ENABLE_MODULES = YES;
				CLANG_ENABLE_OBJC_WEAK = YES;
				CODE_SIGN_ENTITLEMENTS = SampleAUPlugin/AttenuatorAU/AttenuatorAU.entitlements;
				CODE_SIGN_IDENTITY = "Mac Developer";
				CODE_SIGN_STYLE = Manual;
				COMBINE_HIDPI_IMAGES = YES;
				CURRENT_PROJECT_VERSION = "$(APP_BUNDLE_VERSION)";
				INFOPLIST_FILE = SampleAUPlugin/AttenuatorAU/Info.plist;
				LD_RUNPATH_SEARCH_PATHS = "$(inherited) @executable_path/../Frameworks @executable_path/../../../../Frameworks";
				PRODUCT_BUNDLE_IDENTIFIER = ua.com.wavelabs.Attenuator.AttenuatorAU;
				PRODUCT_NAME = "$(TARGET_NAME)";
				SKIP_INSTALL = YES;
				SWIFT_VERSION = 4.0;
			};
			name = Debug;
		};
		C5A5A1251C47EB5300F9864E /* Release */ = {
			isa = XCBuildConfiguration;
			buildSettings = {
				ALWAYS_EMBED_SWIFT_STANDARD_LIBRARIES = YES;
				CLANG_ENABLE_MODULES = YES;
				CLANG_ENABLE_OBJC_WEAK = YES;
				CODE_SIGN_ENTITLEMENTS = SampleAUPlugin/AttenuatorAU/AttenuatorAU.entitlements;
				CODE_SIGN_IDENTITY = "Developer ID Application";
				CODE_SIGN_STYLE = Manual;
				COMBINE_HIDPI_IMAGES = YES;
				CURRENT_PROJECT_VERSION = "$(APP_BUNDLE_VERSION)";
				INFOPLIST_FILE = SampleAUPlugin/AttenuatorAU/Info.plist;
				LD_RUNPATH_SEARCH_PATHS = "$(inherited) @executable_path/../Frameworks @executable_path/../../../../Frameworks";
				PRODUCT_BUNDLE_IDENTIFIER = ua.com.wavelabs.Attenuator.AttenuatorAU;
				PRODUCT_NAME = "$(TARGET_NAME)";
				SKIP_INSTALL = YES;
				SWIFT_VERSION = 4.0;
			};
			name = Release;
		};
/* End XCBuildConfiguration section */

/* Begin XCConfigurationList section */
		8044ABD51C52E24000FA3DA3 /* Build configuration list for PBXNativeTarget "AttenuatorKit" */ = {
			isa = XCConfigurationList;
			buildConfigurations = (
				8044ABD61C52E24000FA3DA3 /* Debug */,
				8044ABD71C52E24000FA3DA3 /* Release */,
			);
			defaultConfigurationIsVisible = 0;
			defaultConfigurationName = Release;
		};
		C5A5A0F71C47E75F00F9864E /* Build configuration list for PBXProject "Attenuator" */ = {
			isa = XCConfigurationList;
			buildConfigurations = (
				C5A5A1091C47E75F00F9864E /* Debug */,
				C5A5A10A1C47E75F00F9864E /* Release */,
			);
			defaultConfigurationIsVisible = 0;
			defaultConfigurationName = Release;
		};
		C5A5A10B1C47E75F00F9864E /* Build configuration list for PBXNativeTarget "Attenuator" */ = {
			isa = XCConfigurationList;
			buildConfigurations = (
				C5A5A10C1C47E75F00F9864E /* Debug */,
				C5A5A10D1C47E75F00F9864E /* Release */,
			);
			defaultConfigurationIsVisible = 0;
			defaultConfigurationName = Release;
		};
		C5A5A1231C47EB5300F9864E /* Build configuration list for PBXNativeTarget "AttenuatorAU" */ = {
			isa = XCConfigurationList;
			buildConfigurations = (
				C5A5A1241C47EB5300F9864E /* Debug */,
				C5A5A1251C47EB5300F9864E /* Release */,
			);
			defaultConfigurationIsVisible = 0;
			defaultConfigurationName = Release;
		};
/* End XCConfigurationList section */
	};
	rootObject = C5A5A0F41C47E75F00F9864E /* Project object */;
}
